
Microsoft Visual Studio Solution File, Format Version 12.00
# Visual Studio Version 17
VisualStudioVersion = 17.0.33502.349
MinimumVisualStudioVersion = 10.0.40219.1
Project("{9A19103F-16F7-4668-BE54-9A1E7A4F7556}") = "Day1", "Day1\Day1.csproj", "{4B2C2CE3-8F3E-404E-B78E-68BE62453955}"
EndProject
Project("{9A19103F-16F7-4668-BE54-9A1E7A4F7556}") = "Day2", "Day2\Day2.csproj", "{5F5CDED5-26A5-4904-92D5-13F480694134}"
EndProject
Project("{9A19103F-16F7-4668-BE54-9A1E7A4F7556}") = "Day3", "Day3\Day3.csproj", "{91850D23-0C48-4ABA-8D34-0BBDA776855B}"
EndProject
Project("{9A19103F-16F7-4668-BE54-9A1E7A4F7556}") = "Day4", "Day4\Day4.csproj", "{71C909FF-E6D2-4E21-B0D7-A903D11C9967}"
EndProject
Project("{9A19103F-16F7-4668-BE54-9A1E7A4F7556}") = "Day5", "Day5\Day5.csproj", "{33D2389E-014F-4FFE-93AC-AFA96854DF60}"
EndProject
Project("{9A19103F-16F7-4668-BE54-9A1E7A4F7556}") = "Day6", "Day6\Day6.csproj", "{0FA08C80-E507-4C89-BD3B-FA4CDB8CAC2E}"
EndProject
Project("{9A19103F-16F7-4668-BE54-9A1E7A4F7556}") = "Day7", "Day7\Day7.csproj", "{A90DE23E-6DA0-43C7-B431-D2876DB53E91}"
EndProject
Project("{9A19103F-16F7-4668-BE54-9A1E7A4F7556}") = "Day8", "Day8\Day8.csproj", "{447618F8-BE74-4F7D-918F-A5A43408AF1B}"
EndProject
Project("{9A19103F-16F7-4668-BE54-9A1E7A4F7556}") = "Day9", "Day9\Day9.csproj", "{BAE6AF8D-AF2C-4BA2-A9CA-BA8B946639C2}"
EndProject
Project("{2150E333-8FDC-42A3-9474-1A3956D46DE8}") = "Test", "Test", "{706E47FD-51BC-45CB-9ED7-66AE63CE72B2}"
EndProject
Project("{9A19103F-16F7-4668-BE54-9A1E7A4F7556}") = "Day9Test", "Test\Day9Test\Day9Test.csproj", "{BB0A91D6-FF14-4D10-A617-9FFEAC46FCC6}"
EndProject
Project("{9A19103F-16F7-4668-BE54-9A1E7A4F7556}") = "Day10", "Day10\Day10.csproj", "{4C8BF722-1305-4C9B-870D-B09045AAE8D6}"
EndProject
Project("{9A19103F-16F7-4668-BE54-9A1E7A4F7556}") = "Day11", "Day11\Day11.csproj", "{EAF0EF3E-4023-4CA4-84B6-B8E5269518A4}"
EndProject
Project("{9A19103F-16F7-4668-BE54-9A1E7A4F7556}") = "Day12", "Day12\Day12.csproj", "{67D39F5C-B33A-4472-886D-FC4871F3ABBD}"
EndProject
Project("{9A19103F-16F7-4668-BE54-9A1E7A4F7556}") = "Day13", "Day13\Day13.csproj", "{4B841BFE-C1BB-4648-8231-495AA0A25509}"
EndProject
Project("{2150E333-8FDC-42A3-9474-1A3956D46DE8}") = "Common", "Common", "{07B32CA4-C156-434A-8ACC-90563B0B1D7B}"
EndProject
Project("{9A19103F-16F7-4668-BE54-9A1E7A4F7556}") = "KnotHash", "KnotHash\KnotHash.csproj", "{6ADF98EB-0AA1-43B7-A5DB-2126AA1EAA96}"
EndProject
Project("{9A19103F-16F7-4668-BE54-9A1E7A4F7556}") = "Day14", "Day14\Day14.csproj", "{514C7070-869C-4DC7-8E22-553848782632}"
EndProject
Project("{9A19103F-16F7-4668-BE54-9A1E7A4F7556}") = "Day15", "Day15\Day15.csproj", "{C547091D-E367-43D0-9DDD-805F6A8585E6}"
EndProject
Global
	GlobalSection(SolutionConfigurationPlatforms) = preSolution
		Debug|Any CPU = Debug|Any CPU
		Debug|x64 = Debug|x64
		Debug|x86 = Debug|x86
		Release|Any CPU = Release|Any CPU
		Release|x64 = Release|x64
		Release|x86 = Release|x86
	EndGlobalSection
	GlobalSection(ProjectConfigurationPlatforms) = postSolution
		{4B2C2CE3-8F3E-404E-B78E-68BE62453955}.Debug|Any CPU.ActiveCfg = Debug|Any CPU
		{4B2C2CE3-8F3E-404E-B78E-68BE62453955}.Debug|Any CPU.Build.0 = Debug|Any CPU
		{4B2C2CE3-8F3E-404E-B78E-68BE62453955}.Debug|x64.ActiveCfg = Debug|Any CPU
		{4B2C2CE3-8F3E-404E-B78E-68BE62453955}.Debug|x64.Build.0 = Debug|Any CPU
		{4B2C2CE3-8F3E-404E-B78E-68BE62453955}.Debug|x86.ActiveCfg = Debug|Any CPU
		{4B2C2CE3-8F3E-404E-B78E-68BE62453955}.Debug|x86.Build.0 = Debug|Any CPU
		{4B2C2CE3-8F3E-404E-B78E-68BE62453955}.Release|Any CPU.ActiveCfg = Release|Any CPU
		{4B2C2CE3-8F3E-404E-B78E-68BE62453955}.Release|Any CPU.Build.0 = Release|Any CPU
		{4B2C2CE3-8F3E-404E-B78E-68BE62453955}.Release|x64.ActiveCfg = Release|Any CPU
		{4B2C2CE3-8F3E-404E-B78E-68BE62453955}.Release|x64.Build.0 = Release|Any CPU
		{4B2C2CE3-8F3E-404E-B78E-68BE62453955}.Release|x86.ActiveCfg = Release|Any CPU
		{4B2C2CE3-8F3E-404E-B78E-68BE62453955}.Release|x86.Build.0 = Release|Any CPU
		{5F5CDED5-26A5-4904-92D5-13F480694134}.Debug|Any CPU.ActiveCfg = Debug|Any CPU
		{5F5CDED5-26A5-4904-92D5-13F480694134}.Debug|Any CPU.Build.0 = Debug|Any CPU
		{5F5CDED5-26A5-4904-92D5-13F480694134}.Debug|x64.ActiveCfg = Debug|Any CPU
		{5F5CDED5-26A5-4904-92D5-13F480694134}.Debug|x64.Build.0 = Debug|Any CPU
		{5F5CDED5-26A5-4904-92D5-13F480694134}.Debug|x86.ActiveCfg = Debug|Any CPU
		{5F5CDED5-26A5-4904-92D5-13F480694134}.Debug|x86.Build.0 = Debug|Any CPU
		{5F5CDED5-26A5-4904-92D5-13F480694134}.Release|Any CPU.ActiveCfg = Release|Any CPU
		{5F5CDED5-26A5-4904-92D5-13F480694134}.Release|Any CPU.Build.0 = Release|Any CPU
		{5F5CDED5-26A5-4904-92D5-13F480694134}.Release|x64.ActiveCfg = Release|Any CPU
		{5F5CDED5-26A5-4904-92D5-13F480694134}.Release|x64.Build.0 = Release|Any CPU
		{5F5CDED5-26A5-4904-92D5-13F480694134}.Release|x86.ActiveCfg = Release|Any CPU
		{5F5CDED5-26A5-4904-92D5-13F480694134}.Release|x86.Build.0 = Release|Any CPU
		{91850D23-0C48-4ABA-8D34-0BBDA776855B}.Debug|Any CPU.ActiveCfg = Debug|Any CPU
		{91850D23-0C48-4ABA-8D34-0BBDA776855B}.Debug|Any CPU.Build.0 = Debug|Any CPU
		{91850D23-0C48-4ABA-8D34-0BBDA776855B}.Debug|x64.ActiveCfg = Debug|Any CPU
		{91850D23-0C48-4ABA-8D34-0BBDA776855B}.Debug|x64.Build.0 = Debug|Any CPU
		{91850D23-0C48-4ABA-8D34-0BBDA776855B}.Debug|x86.ActiveCfg = Debug|Any CPU
		{91850D23-0C48-4ABA-8D34-0BBDA776855B}.Debug|x86.Build.0 = Debug|Any CPU
		{91850D23-0C48-4ABA-8D34-0BBDA776855B}.Release|Any CPU.ActiveCfg = Release|Any CPU
		{91850D23-0C48-4ABA-8D34-0BBDA776855B}.Release|Any CPU.Build.0 = Release|Any CPU
		{91850D23-0C48-4ABA-8D34-0BBDA776855B}.Release|x64.ActiveCfg = Release|Any CPU
		{91850D23-0C48-4ABA-8D34-0BBDA776855B}.Release|x64.Build.0 = Release|Any CPU
		{91850D23-0C48-4ABA-8D34-0BBDA776855B}.Release|x86.ActiveCfg = Release|Any CPU
		{91850D23-0C48-4ABA-8D34-0BBDA776855B}.Release|x86.Build.0 = Release|Any CPU
		{71C909FF-E6D2-4E21-B0D7-A903D11C9967}.Debug|Any CPU.ActiveCfg = Debug|Any CPU
		{71C909FF-E6D2-4E21-B0D7-A903D11C9967}.Debug|Any CPU.Build.0 = Debug|Any CPU
		{71C909FF-E6D2-4E21-B0D7-A903D11C9967}.Debug|x64.ActiveCfg = Debug|Any CPU
		{71C909FF-E6D2-4E21-B0D7-A903D11C9967}.Debug|x64.Build.0 = Debug|Any CPU
		{71C909FF-E6D2-4E21-B0D7-A903D11C9967}.Debug|x86.ActiveCfg = Debug|Any CPU
		{71C909FF-E6D2-4E21-B0D7-A903D11C9967}.Debug|x86.Build.0 = Debug|Any CPU
		{71C909FF-E6D2-4E21-B0D7-A903D11C9967}.Release|Any CPU.ActiveCfg = Release|Any CPU
		{71C909FF-E6D2-4E21-B0D7-A903D11C9967}.Release|Any CPU.Build.0 = Release|Any CPU
		{71C909FF-E6D2-4E21-B0D7-A903D11C9967}.Release|x64.ActiveCfg = Release|Any CPU
		{71C909FF-E6D2-4E21-B0D7-A903D11C9967}.Release|x64.Build.0 = Release|Any CPU
		{71C909FF-E6D2-4E21-B0D7-A903D11C9967}.Release|x86.ActiveCfg = Release|Any CPU
		{71C909FF-E6D2-4E21-B0D7-A903D11C9967}.Release|x86.Build.0 = Release|Any CPU
		{33D2389E-014F-4FFE-93AC-AFA96854DF60}.Debug|Any CPU.ActiveCfg = Debug|Any CPU
		{33D2389E-014F-4FFE-93AC-AFA96854DF60}.Debug|Any CPU.Build.0 = Debug|Any CPU
		{33D2389E-014F-4FFE-93AC-AFA96854DF60}.Debug|x64.ActiveCfg = Debug|Any CPU
		{33D2389E-014F-4FFE-93AC-AFA96854DF60}.Debug|x64.Build.0 = Debug|Any CPU
		{33D2389E-014F-4FFE-93AC-AFA96854DF60}.Debug|x86.ActiveCfg = Debug|Any CPU
		{33D2389E-014F-4FFE-93AC-AFA96854DF60}.Debug|x86.Build.0 = Debug|Any CPU
		{33D2389E-014F-4FFE-93AC-AFA96854DF60}.Release|Any CPU.ActiveCfg = Release|Any CPU
		{33D2389E-014F-4FFE-93AC-AFA96854DF60}.Release|Any CPU.Build.0 = Release|Any CPU
		{33D2389E-014F-4FFE-93AC-AFA96854DF60}.Release|x64.ActiveCfg = Release|Any CPU
		{33D2389E-014F-4FFE-93AC-AFA96854DF60}.Release|x64.Build.0 = Release|Any CPU
		{33D2389E-014F-4FFE-93AC-AFA96854DF60}.Release|x86.ActiveCfg = Release|Any CPU
		{33D2389E-014F-4FFE-93AC-AFA96854DF60}.Release|x86.Build.0 = Release|Any CPU
		{0FA08C80-E507-4C89-BD3B-FA4CDB8CAC2E}.Debug|Any CPU.ActiveCfg = Debug|Any CPU
		{0FA08C80-E507-4C89-BD3B-FA4CDB8CAC2E}.Debug|Any CPU.Build.0 = Debug|Any CPU
		{0FA08C80-E507-4C89-BD3B-FA4CDB8CAC2E}.Debug|x64.ActiveCfg = Debug|Any CPU
		{0FA08C80-E507-4C89-BD3B-FA4CDB8CAC2E}.Debug|x64.Build.0 = Debug|Any CPU
		{0FA08C80-E507-4C89-BD3B-FA4CDB8CAC2E}.Debug|x86.ActiveCfg = Debug|Any CPU
		{0FA08C80-E507-4C89-BD3B-FA4CDB8CAC2E}.Debug|x86.Build.0 = Debug|Any CPU
		{0FA08C80-E507-4C89-BD3B-FA4CDB8CAC2E}.Release|Any CPU.ActiveCfg = Release|Any CPU
		{0FA08C80-E507-4C89-BD3B-FA4CDB8CAC2E}.Release|Any CPU.Build.0 = Release|Any CPU
		{0FA08C80-E507-4C89-BD3B-FA4CDB8CAC2E}.Release|x64.ActiveCfg = Release|Any CPU
		{0FA08C80-E507-4C89-BD3B-FA4CDB8CAC2E}.Release|x64.Build.0 = Release|Any CPU
		{0FA08C80-E507-4C89-BD3B-FA4CDB8CAC2E}.Release|x86.ActiveCfg = Release|Any CPU
		{0FA08C80-E507-4C89-BD3B-FA4CDB8CAC2E}.Release|x86.Build.0 = Release|Any CPU
		{A90DE23E-6DA0-43C7-B431-D2876DB53E91}.Debug|Any CPU.ActiveCfg = Debug|Any CPU
		{A90DE23E-6DA0-43C7-B431-D2876DB53E91}.Debug|Any CPU.Build.0 = Debug|Any CPU
		{A90DE23E-6DA0-43C7-B431-D2876DB53E91}.Debug|x64.ActiveCfg = Debug|Any CPU
		{A90DE23E-6DA0-43C7-B431-D2876DB53E91}.Debug|x64.Build.0 = Debug|Any CPU
		{A90DE23E-6DA0-43C7-B431-D2876DB53E91}.Debug|x86.ActiveCfg = Debug|Any CPU
		{A90DE23E-6DA0-43C7-B431-D2876DB53E91}.Debug|x86.Build.0 = Debug|Any CPU
		{A90DE23E-6DA0-43C7-B431-D2876DB53E91}.Release|Any CPU.ActiveCfg = Release|Any CPU
		{A90DE23E-6DA0-43C7-B431-D2876DB53E91}.Release|Any CPU.Build.0 = Release|Any CPU
		{A90DE23E-6DA0-43C7-B431-D2876DB53E91}.Release|x64.ActiveCfg = Release|Any CPU
		{A90DE23E-6DA0-43C7-B431-D2876DB53E91}.Release|x64.Build.0 = Release|Any CPU
		{A90DE23E-6DA0-43C7-B431-D2876DB53E91}.Release|x86.ActiveCfg = Release|Any CPU
		{A90DE23E-6DA0-43C7-B431-D2876DB53E91}.Release|x86.Build.0 = Release|Any CPU
		{447618F8-BE74-4F7D-918F-A5A43408AF1B}.Debug|Any CPU.ActiveCfg = Debug|Any CPU
		{447618F8-BE74-4F7D-918F-A5A43408AF1B}.Debug|Any CPU.Build.0 = Debug|Any CPU
		{447618F8-BE74-4F7D-918F-A5A43408AF1B}.Debug|x64.ActiveCfg = Debug|Any CPU
		{447618F8-BE74-4F7D-918F-A5A43408AF1B}.Debug|x64.Build.0 = Debug|Any CPU
		{447618F8-BE74-4F7D-918F-A5A43408AF1B}.Debug|x86.ActiveCfg = Debug|Any CPU
		{447618F8-BE74-4F7D-918F-A5A43408AF1B}.Debug|x86.Build.0 = Debug|Any CPU
		{447618F8-BE74-4F7D-918F-A5A43408AF1B}.Release|Any CPU.ActiveCfg = Release|Any CPU
		{447618F8-BE74-4F7D-918F-A5A43408AF1B}.Release|Any CPU.Build.0 = Release|Any CPU
		{447618F8-BE74-4F7D-918F-A5A43408AF1B}.Release|x64.ActiveCfg = Release|Any CPU
		{447618F8-BE74-4F7D-918F-A5A43408AF1B}.Release|x64.Build.0 = Release|Any CPU
		{447618F8-BE74-4F7D-918F-A5A43408AF1B}.Release|x86.ActiveCfg = Release|Any CPU
		{447618F8-BE74-4F7D-918F-A5A43408AF1B}.Release|x86.Build.0 = Release|Any CPU
		{BAE6AF8D-AF2C-4BA2-A9CA-BA8B946639C2}.Debug|Any CPU.ActiveCfg = Debug|Any CPU
		{BAE6AF8D-AF2C-4BA2-A9CA-BA8B946639C2}.Debug|Any CPU.Build.0 = Debug|Any CPU
		{BAE6AF8D-AF2C-4BA2-A9CA-BA8B946639C2}.Debug|x64.ActiveCfg = Debug|Any CPU
		{BAE6AF8D-AF2C-4BA2-A9CA-BA8B946639C2}.Debug|x64.Build.0 = Debug|Any CPU
		{BAE6AF8D-AF2C-4BA2-A9CA-BA8B946639C2}.Debug|x86.ActiveCfg = Debug|Any CPU
		{BAE6AF8D-AF2C-4BA2-A9CA-BA8B946639C2}.Debug|x86.Build.0 = Debug|Any CPU
		{BAE6AF8D-AF2C-4BA2-A9CA-BA8B946639C2}.Release|Any CPU.ActiveCfg = Release|Any CPU
		{BAE6AF8D-AF2C-4BA2-A9CA-BA8B946639C2}.Release|Any CPU.Build.0 = Release|Any CPU
		{BAE6AF8D-AF2C-4BA2-A9CA-BA8B946639C2}.Release|x64.ActiveCfg = Release|Any CPU
		{BAE6AF8D-AF2C-4BA2-A9CA-BA8B946639C2}.Release|x64.Build.0 = Release|Any CPU
		{BAE6AF8D-AF2C-4BA2-A9CA-BA8B946639C2}.Release|x86.ActiveCfg = Release|Any CPU
		{BAE6AF8D-AF2C-4BA2-A9CA-BA8B946639C2}.Release|x86.Build.0 = Release|Any CPU
		{BB0A91D6-FF14-4D10-A617-9FFEAC46FCC6}.Debug|Any CPU.ActiveCfg = Debug|Any CPU
		{BB0A91D6-FF14-4D10-A617-9FFEAC46FCC6}.Debug|Any CPU.Build.0 = Debug|Any CPU
		{BB0A91D6-FF14-4D10-A617-9FFEAC46FCC6}.Debug|x64.ActiveCfg = Debug|Any CPU
		{BB0A91D6-FF14-4D10-A617-9FFEAC46FCC6}.Debug|x64.Build.0 = Debug|Any CPU
		{BB0A91D6-FF14-4D10-A617-9FFEAC46FCC6}.Debug|x86.ActiveCfg = Debug|Any CPU
		{BB0A91D6-FF14-4D10-A617-9FFEAC46FCC6}.Debug|x86.Build.0 = Debug|Any CPU
		{BB0A91D6-FF14-4D10-A617-9FFEAC46FCC6}.Release|Any CPU.ActiveCfg = Release|Any CPU
		{BB0A91D6-FF14-4D10-A617-9FFEAC46FCC6}.Release|Any CPU.Build.0 = Release|Any CPU
		{BB0A91D6-FF14-4D10-A617-9FFEAC46FCC6}.Release|x64.ActiveCfg = Release|Any CPU
		{BB0A91D6-FF14-4D10-A617-9FFEAC46FCC6}.Release|x64.Build.0 = Release|Any CPU
		{BB0A91D6-FF14-4D10-A617-9FFEAC46FCC6}.Release|x86.ActiveCfg = Release|Any CPU
		{BB0A91D6-FF14-4D10-A617-9FFEAC46FCC6}.Release|x86.Build.0 = Release|Any CPU
		{4C8BF722-1305-4C9B-870D-B09045AAE8D6}.Debug|Any CPU.ActiveCfg = Debug|Any CPU
		{4C8BF722-1305-4C9B-870D-B09045AAE8D6}.Debug|Any CPU.Build.0 = Debug|Any CPU
		{4C8BF722-1305-4C9B-870D-B09045AAE8D6}.Debug|x64.ActiveCfg = Debug|Any CPU
		{4C8BF722-1305-4C9B-870D-B09045AAE8D6}.Debug|x64.Build.0 = Debug|Any CPU
		{4C8BF722-1305-4C9B-870D-B09045AAE8D6}.Debug|x86.ActiveCfg = Debug|Any CPU
		{4C8BF722-1305-4C9B-870D-B09045AAE8D6}.Debug|x86.Build.0 = Debug|Any CPU
		{4C8BF722-1305-4C9B-870D-B09045AAE8D6}.Release|Any CPU.ActiveCfg = Release|Any CPU
		{4C8BF722-1305-4C9B-870D-B09045AAE8D6}.Release|Any CPU.Build.0 = Release|Any CPU
		{4C8BF722-1305-4C9B-870D-B09045AAE8D6}.Release|x64.ActiveCfg = Release|Any CPU
		{4C8BF722-1305-4C9B-870D-B09045AAE8D6}.Release|x64.Build.0 = Release|Any CPU
		{4C8BF722-1305-4C9B-870D-B09045AAE8D6}.Release|x86.ActiveCfg = Release|Any CPU
		{4C8BF722-1305-4C9B-870D-B09045AAE8D6}.Release|x86.Build.0 = Release|Any CPU
		{EAF0EF3E-4023-4CA4-84B6-B8E5269518A4}.Debug|Any CPU.ActiveCfg = Debug|Any CPU
		{EAF0EF3E-4023-4CA4-84B6-B8E5269518A4}.Debug|Any CPU.Build.0 = Debug|Any CPU
		{EAF0EF3E-4023-4CA4-84B6-B8E5269518A4}.Debug|x64.ActiveCfg = Debug|Any CPU
		{EAF0EF3E-4023-4CA4-84B6-B8E5269518A4}.Debug|x64.Build.0 = Debug|Any CPU
		{EAF0EF3E-4023-4CA4-84B6-B8E5269518A4}.Debug|x86.ActiveCfg = Debug|Any CPU
		{EAF0EF3E-4023-4CA4-84B6-B8E5269518A4}.Debug|x86.Build.0 = Debug|Any CPU
		{EAF0EF3E-4023-4CA4-84B6-B8E5269518A4}.Release|Any CPU.ActiveCfg = Release|Any CPU
		{EAF0EF3E-4023-4CA4-84B6-B8E5269518A4}.Release|Any CPU.Build.0 = Release|Any CPU
		{EAF0EF3E-4023-4CA4-84B6-B8E5269518A4}.Release|x64.ActiveCfg = Release|Any CPU
		{EAF0EF3E-4023-4CA4-84B6-B8E5269518A4}.Release|x64.Build.0 = Release|Any CPU
		{EAF0EF3E-4023-4CA4-84B6-B8E5269518A4}.Release|x86.ActiveCfg = Release|Any CPU
		{EAF0EF3E-4023-4CA4-84B6-B8E5269518A4}.Release|x86.Build.0 = Release|Any CPU
		{67D39F5C-B33A-4472-886D-FC4871F3ABBD}.Debug|Any CPU.ActiveCfg = Debug|Any CPU
		{67D39F5C-B33A-4472-886D-FC4871F3ABBD}.Debug|Any CPU.Build.0 = Debug|Any CPU
		{67D39F5C-B33A-4472-886D-FC4871F3ABBD}.Debug|x64.ActiveCfg = Debug|Any CPU
		{67D39F5C-B33A-4472-886D-FC4871F3ABBD}.Debug|x64.Build.0 = Debug|Any CPU
		{67D39F5C-B33A-4472-886D-FC4871F3ABBD}.Debug|x86.ActiveCfg = Debug|Any CPU
		{67D39F5C-B33A-4472-886D-FC4871F3ABBD}.Debug|x86.Build.0 = Debug|Any CPU
		{67D39F5C-B33A-4472-886D-FC4871F3ABBD}.Release|Any CPU.ActiveCfg = Release|Any CPU
		{67D39F5C-B33A-4472-886D-FC4871F3ABBD}.Release|Any CPU.Build.0 = Release|Any CPU
		{67D39F5C-B33A-4472-886D-FC4871F3ABBD}.Release|x64.ActiveCfg = Release|Any CPU
		{67D39F5C-B33A-4472-886D-FC4871F3ABBD}.Release|x64.Build.0 = Release|Any CPU
		{67D39F5C-B33A-4472-886D-FC4871F3ABBD}.Release|x86.ActiveCfg = Release|Any CPU
		{67D39F5C-B33A-4472-886D-FC4871F3ABBD}.Release|x86.Build.0 = Release|Any CPU
		{4B841BFE-C1BB-4648-8231-495AA0A25509}.Debug|Any CPU.ActiveCfg = Debug|Any CPU
		{4B841BFE-C1BB-4648-8231-495AA0A25509}.Debug|Any CPU.Build.0 = Debug|Any CPU
		{4B841BFE-C1BB-4648-8231-495AA0A25509}.Debug|x64.ActiveCfg = Debug|Any CPU
		{4B841BFE-C1BB-4648-8231-495AA0A25509}.Debug|x64.Build.0 = Debug|Any CPU
		{4B841BFE-C1BB-4648-8231-495AA0A25509}.Debug|x86.ActiveCfg = Debug|Any CPU
		{4B841BFE-C1BB-4648-8231-495AA0A25509}.Debug|x86.Build.0 = Debug|Any CPU
		{4B841BFE-C1BB-4648-8231-495AA0A25509}.Release|Any CPU.ActiveCfg = Release|Any CPU
		{4B841BFE-C1BB-4648-8231-495AA0A25509}.Release|Any CPU.Build.0 = Release|Any CPU
		{4B841BFE-C1BB-4648-8231-495AA0A25509}.Release|x64.ActiveCfg = Release|Any CPU
		{4B841BFE-C1BB-4648-8231-495AA0A25509}.Release|x64.Build.0 = Release|Any CPU
		{4B841BFE-C1BB-4648-8231-495AA0A25509}.Release|x86.ActiveCfg = Release|Any CPU
		{4B841BFE-C1BB-4648-8231-495AA0A25509}.Release|x86.Build.0 = Release|Any CPU
		{6ADF98EB-0AA1-43B7-A5DB-2126AA1EAA96}.Debug|Any CPU.ActiveCfg = Debug|Any CPU
		{6ADF98EB-0AA1-43B7-A5DB-2126AA1EAA96}.Debug|Any CPU.Build.0 = Debug|Any CPU
		{6ADF98EB-0AA1-43B7-A5DB-2126AA1EAA96}.Debug|x64.ActiveCfg = Debug|Any CPU
		{6ADF98EB-0AA1-43B7-A5DB-2126AA1EAA96}.Debug|x64.Build.0 = Debug|Any CPU
		{6ADF98EB-0AA1-43B7-A5DB-2126AA1EAA96}.Debug|x86.ActiveCfg = Debug|Any CPU
		{6ADF98EB-0AA1-43B7-A5DB-2126AA1EAA96}.Debug|x86.Build.0 = Debug|Any CPU
		{6ADF98EB-0AA1-43B7-A5DB-2126AA1EAA96}.Release|Any CPU.ActiveCfg = Release|Any CPU
		{6ADF98EB-0AA1-43B7-A5DB-2126AA1EAA96}.Release|Any CPU.Build.0 = Release|Any CPU
		{6ADF98EB-0AA1-43B7-A5DB-2126AA1EAA96}.Release|x64.ActiveCfg = Release|Any CPU
		{6ADF98EB-0AA1-43B7-A5DB-2126AA1EAA96}.Release|x64.Build.0 = Release|Any CPU
		{6ADF98EB-0AA1-43B7-A5DB-2126AA1EAA96}.Release|x86.ActiveCfg = Release|Any CPU
		{6ADF98EB-0AA1-43B7-A5DB-2126AA1EAA96}.Release|x86.Build.0 = Release|Any CPU
		{514C7070-869C-4DC7-8E22-553848782632}.Debug|Any CPU.ActiveCfg = Debug|Any CPU
		{514C7070-869C-4DC7-8E22-553848782632}.Debug|Any CPU.Build.0 = Debug|Any CPU
		{514C7070-869C-4DC7-8E22-553848782632}.Debug|x64.ActiveCfg = Debug|Any CPU
		{514C7070-869C-4DC7-8E22-553848782632}.Debug|x64.Build.0 = Debug|Any CPU
		{514C7070-869C-4DC7-8E22-553848782632}.Debug|x86.ActiveCfg = Debug|Any CPU
		{514C7070-869C-4DC7-8E22-553848782632}.Debug|x86.Build.0 = Debug|Any CPU
		{514C7070-869C-4DC7-8E22-553848782632}.Release|Any CPU.ActiveCfg = Release|Any CPU
		{514C7070-869C-4DC7-8E22-553848782632}.Release|Any CPU.Build.0 = Release|Any CPU
		{514C7070-869C-4DC7-8E22-553848782632}.Release|x64.ActiveCfg = Release|Any CPU
		{514C7070-869C-4DC7-8E22-553848782632}.Release|x64.Build.0 = Release|Any CPU
		{514C7070-869C-4DC7-8E22-553848782632}.Release|x86.ActiveCfg = Release|Any CPU
		{514C7070-869C-4DC7-8E22-553848782632}.Release|x86.Build.0 = Release|Any CPU
		{C547091D-E367-43D0-9DDD-805F6A8585E6}.Debug|Any CPU.ActiveCfg = Debug|Any CPU
		{C547091D-E367-43D0-9DDD-805F6A8585E6}.Debug|Any CPU.Build.0 = Debug|Any CPU
		{C547091D-E367-43D0-9DDD-805F6A8585E6}.Debug|x64.ActiveCfg = Debug|Any CPU
		{C547091D-E367-43D0-9DDD-805F6A8585E6}.Debug|x64.Build.0 = Debug|Any CPU
		{C547091D-E367-43D0-9DDD-805F6A8585E6}.Debug|x86.ActiveCfg = Debug|Any CPU
		{C547091D-E367-43D0-9DDD-805F6A8585E6}.Debug|x86.Build.0 = Debug|Any CPU
		{C547091D-E367-43D0-9DDD-805F6A8585E6}.Release|Any CPU.ActiveCfg = Release|Any CPU
		{C547091D-E367-43D0-9DDD-805F6A8585E6}.Release|Any CPU.Build.0 = Release|Any CPU
		{C547091D-E367-43D0-9DDD-805F6A8585E6}.Release|x64.ActiveCfg = Release|Any CPU
		{C547091D-E367-43D0-9DDD-805F6A8585E6}.Release|x64.Build.0 = Release|Any CPU
		{C547091D-E367-43D0-9DDD-805F6A8585E6}.Release|x86.ActiveCfg = Release|Any CPU
		{C547091D-E367-43D0-9DDD-805F6A8585E6}.Release|x86.Build.0 = Release|Any CPU
	EndGlobalSection
	GlobalSection(SolutionProperties) = preSolution
		HideSolutionNode = FALSE
	EndGlobalSection
	GlobalSection(NestedProjects) = preSolution
		{BB0A91D6-FF14-4D10-A617-9FFEAC46FCC6} = {706E47FD-51BC-45CB-9ED7-66AE63CE72B2}
		{6ADF98EB-0AA1-43B7-A5DB-2126AA1EAA96} = {07B32CA4-C156-434A-8ACC-90563B0B1D7B}
	EndGlobalSection
	GlobalSection(ExtensibilityGlobals) = postSolution
		SolutionGuid = {F1946101-E04C-4AF3-A7E3-D322B5BAF967}
	EndGlobalSection
EndGlobal
