
Microsoft Visual Studio Solution File, Format Version 12.00
# Visual Studio Version 16
VisualStudioVersion = 16.0.30717.126
MinimumVisualStudioVersion = 15.0.26124.0
Project("{9A19103F-16F7-4668-BE54-9A1E7A4F7556}") = "Day1", "Day1\Day1.csproj", "{890DFC93-E898-4492-94BB-417ADA6D56C5}"
EndProject
Project("{9A19103F-16F7-4668-BE54-9A1E7A4F7556}") = "Day2", "Day2\Day2.csproj", "{6D2F8ABA-7BD1-4B07-B8DB-30B608D92EE8}"
EndProject
Project("{9A19103F-16F7-4668-BE54-9A1E7A4F7556}") = "Day3", "Day3\Day3.csproj", "{DB6F2AB7-8E71-46E9-B5C8-3C44BD4CC852}"
EndProject
Project("{9A19103F-16F7-4668-BE54-9A1E7A4F7556}") = "Day4", "Day4\Day4.csproj", "{952B0114-088E-4ED0-88C0-C105B3B591AB}"
EndProject
Project("{9A19103F-16F7-4668-BE54-9A1E7A4F7556}") = "Day5", "Day5\Day5.csproj", "{63BD039E-EA01-45EA-9242-6B64F510DA1C}"
EndProject
Project("{9A19103F-16F7-4668-BE54-9A1E7A4F7556}") = "Day6", "Day6\Day6.csproj", "{008883CA-CD42-4C3E-AA82-11EB4E3955BB}"
EndProject
Project("{9A19103F-16F7-4668-BE54-9A1E7A4F7556}") = "Day7", "Day7\Day7.csproj", "{F3D471CE-B33B-4F14-90FF-794694F26876}"
EndProject
Project("{9A19103F-16F7-4668-BE54-9A1E7A4F7556}") = "Day8", "Day8\Day8.csproj", "{FA35C4B1-34C5-4D2C-B151-D8CCA3154867}"
EndProject
Project("{9A19103F-16F7-4668-BE54-9A1E7A4F7556}") = "Day9", "Day9\Day9.csproj", "{D0DD4B7B-E72B-4989-A7C0-8B9B3CCAD63F}"
EndProject
Project("{9A19103F-16F7-4668-BE54-9A1E7A4F7556}") = "Day10", "Day10\Day10.csproj", "{AD58ACE6-34CD-4A7B-B9F1-E374DC8B5B53}"
EndProject
Project("{9A19103F-16F7-4668-BE54-9A1E7A4F7556}") = "Day11", "Day11\Day11.csproj", "{39821FAF-E3A5-4433-8BD1-98D14D5DE8C4}"
EndProject
Project("{9A19103F-16F7-4668-BE54-9A1E7A4F7556}") = "Day12", "Day12\Day12.csproj", "{2C14335F-B744-4008-9F3E-25E0107BF3B1}"
EndProject
Project("{9A19103F-16F7-4668-BE54-9A1E7A4F7556}") = "Day13", "Day13\Day13.csproj", "{A3905D96-D319-4546-9F72-0B45F126CC30}"
EndProject
Project("{9A19103F-16F7-4668-BE54-9A1E7A4F7556}") = "Day14", "Day14\Day14.csproj", "{BA00FAFC-0DC8-4F1B-97FD-91BCCF1563F3}"
EndProject
Project("{9A19103F-16F7-4668-BE54-9A1E7A4F7556}") = "Day15", "Day15\Day15.csproj", "{54590C7A-00BE-45FF-880D-6A57820EC0A5}"
EndProject
Project("{9A19103F-16F7-4668-BE54-9A1E7A4F7556}") = "Day16", "Day16\Day16.csproj", "{BDECBE1E-1627-408A-BDB5-959F9B6EF581}"
EndProject
Project("{9A19103F-16F7-4668-BE54-9A1E7A4F7556}") = "Day17", "Day17\Day17.csproj", "{6A73E3BC-3C33-4D1D-A9D5-62C0C1DFF7CB}"
EndProject
Project("{9A19103F-16F7-4668-BE54-9A1E7A4F7556}") = "Day18", "Day18\Day18.csproj", "{4E0D1344-0C10-4AAB-8B02-474B12F473BE}"
EndProject
Project("{9A19103F-16F7-4668-BE54-9A1E7A4F7556}") = "Day19", "Day19\Day19.csproj", "{D7487EC4-1189-4185-B9BF-CA22E81EEB1F}"
EndProject
Project("{9A19103F-16F7-4668-BE54-9A1E7A4F7556}") = "Day20", "Day20\Day20.csproj", "{4E0FB2D7-CDE0-4C77-AB98-02A256ABD0BD}"
EndProject
Project("{9A19103F-16F7-4668-BE54-9A1E7A4F7556}") = "Day21", "Day21\Day21.csproj", "{A215B492-C399-42D6-80FB-ED2FEF487D85}"
EndProject
Project("{9A19103F-16F7-4668-BE54-9A1E7A4F7556}") = "Day22", "Day22\Day22.csproj", "{CB8B595B-46C4-4D61-BB6E-119963337B8E}"
EndProject
Project("{9A19103F-16F7-4668-BE54-9A1E7A4F7556}") = "Day23", "Day23\Day23.csproj", "{98DBF7C9-5044-4476-A137-B909C951C1D0}"
EndProject
Project("{9A19103F-16F7-4668-BE54-9A1E7A4F7556}") = "Day24", "Day24\Day24.csproj", "{4CEE1D63-FC69-4F4C-B4F2-A3ED456BAB81}"
EndProject
Project("{9A19103F-16F7-4668-BE54-9A1E7A4F7556}") = "Day25", "Day25\Day25.csproj", "{9A62447D-2917-40FE-9F45-05CA82E3C29A}"
EndProject
Global
	GlobalSection(SolutionConfigurationPlatforms) = preSolution
		Debug|Any CPU = Debug|Any CPU
		Debug|x64 = Debug|x64
		Debug|x86 = Debug|x86
		Release|Any CPU = Release|Any CPU
		Release|x64 = Release|x64
		Release|x86 = Release|x86
	EndGlobalSection
	GlobalSection(ProjectConfigurationPlatforms) = postSolution
		{890DFC93-E898-4492-94BB-417ADA6D56C5}.Debug|Any CPU.ActiveCfg = Debug|Any CPU
		{890DFC93-E898-4492-94BB-417ADA6D56C5}.Debug|Any CPU.Build.0 = Debug|Any CPU
		{890DFC93-E898-4492-94BB-417ADA6D56C5}.Debug|x64.ActiveCfg = Debug|Any CPU
		{890DFC93-E898-4492-94BB-417ADA6D56C5}.Debug|x64.Build.0 = Debug|Any CPU
		{890DFC93-E898-4492-94BB-417ADA6D56C5}.Debug|x86.ActiveCfg = Debug|Any CPU
		{890DFC93-E898-4492-94BB-417ADA6D56C5}.Debug|x86.Build.0 = Debug|Any CPU
		{890DFC93-E898-4492-94BB-417ADA6D56C5}.Release|Any CPU.ActiveCfg = Release|Any CPU
		{890DFC93-E898-4492-94BB-417ADA6D56C5}.Release|Any CPU.Build.0 = Release|Any CPU
		{890DFC93-E898-4492-94BB-417ADA6D56C5}.Release|x64.ActiveCfg = Release|Any CPU
		{890DFC93-E898-4492-94BB-417ADA6D56C5}.Release|x64.Build.0 = Release|Any CPU
		{890DFC93-E898-4492-94BB-417ADA6D56C5}.Release|x86.ActiveCfg = Release|Any CPU
		{890DFC93-E898-4492-94BB-417ADA6D56C5}.Release|x86.Build.0 = Release|Any CPU
		{6D2F8ABA-7BD1-4B07-B8DB-30B608D92EE8}.Debug|Any CPU.ActiveCfg = Debug|Any CPU
		{6D2F8ABA-7BD1-4B07-B8DB-30B608D92EE8}.Debug|Any CPU.Build.0 = Debug|Any CPU
		{6D2F8ABA-7BD1-4B07-B8DB-30B608D92EE8}.Debug|x64.ActiveCfg = Debug|Any CPU
		{6D2F8ABA-7BD1-4B07-B8DB-30B608D92EE8}.Debug|x64.Build.0 = Debug|Any CPU
		{6D2F8ABA-7BD1-4B07-B8DB-30B608D92EE8}.Debug|x86.ActiveCfg = Debug|Any CPU
		{6D2F8ABA-7BD1-4B07-B8DB-30B608D92EE8}.Debug|x86.Build.0 = Debug|Any CPU
		{6D2F8ABA-7BD1-4B07-B8DB-30B608D92EE8}.Release|Any CPU.ActiveCfg = Release|Any CPU
		{6D2F8ABA-7BD1-4B07-B8DB-30B608D92EE8}.Release|Any CPU.Build.0 = Release|Any CPU
		{6D2F8ABA-7BD1-4B07-B8DB-30B608D92EE8}.Release|x64.ActiveCfg = Release|Any CPU
		{6D2F8ABA-7BD1-4B07-B8DB-30B608D92EE8}.Release|x64.Build.0 = Release|Any CPU
		{6D2F8ABA-7BD1-4B07-B8DB-30B608D92EE8}.Release|x86.ActiveCfg = Release|Any CPU
		{6D2F8ABA-7BD1-4B07-B8DB-30B608D92EE8}.Release|x86.Build.0 = Release|Any CPU
		{DB6F2AB7-8E71-46E9-B5C8-3C44BD4CC852}.Debug|Any CPU.ActiveCfg = Debug|Any CPU
		{DB6F2AB7-8E71-46E9-B5C8-3C44BD4CC852}.Debug|Any CPU.Build.0 = Debug|Any CPU
		{DB6F2AB7-8E71-46E9-B5C8-3C44BD4CC852}.Debug|x64.ActiveCfg = Debug|Any CPU
		{DB6F2AB7-8E71-46E9-B5C8-3C44BD4CC852}.Debug|x64.Build.0 = Debug|Any CPU
		{DB6F2AB7-8E71-46E9-B5C8-3C44BD4CC852}.Debug|x86.ActiveCfg = Debug|Any CPU
		{DB6F2AB7-8E71-46E9-B5C8-3C44BD4CC852}.Debug|x86.Build.0 = Debug|Any CPU
		{DB6F2AB7-8E71-46E9-B5C8-3C44BD4CC852}.Release|Any CPU.ActiveCfg = Release|Any CPU
		{DB6F2AB7-8E71-46E9-B5C8-3C44BD4CC852}.Release|Any CPU.Build.0 = Release|Any CPU
		{DB6F2AB7-8E71-46E9-B5C8-3C44BD4CC852}.Release|x64.ActiveCfg = Release|Any CPU
		{DB6F2AB7-8E71-46E9-B5C8-3C44BD4CC852}.Release|x64.Build.0 = Release|Any CPU
		{DB6F2AB7-8E71-46E9-B5C8-3C44BD4CC852}.Release|x86.ActiveCfg = Release|Any CPU
		{DB6F2AB7-8E71-46E9-B5C8-3C44BD4CC852}.Release|x86.Build.0 = Release|Any CPU
		{952B0114-088E-4ED0-88C0-C105B3B591AB}.Debug|Any CPU.ActiveCfg = Debug|Any CPU
		{952B0114-088E-4ED0-88C0-C105B3B591AB}.Debug|Any CPU.Build.0 = Debug|Any CPU
		{952B0114-088E-4ED0-88C0-C105B3B591AB}.Debug|x64.ActiveCfg = Debug|Any CPU
		{952B0114-088E-4ED0-88C0-C105B3B591AB}.Debug|x64.Build.0 = Debug|Any CPU
		{952B0114-088E-4ED0-88C0-C105B3B591AB}.Debug|x86.ActiveCfg = Debug|Any CPU
		{952B0114-088E-4ED0-88C0-C105B3B591AB}.Debug|x86.Build.0 = Debug|Any CPU
		{952B0114-088E-4ED0-88C0-C105B3B591AB}.Release|Any CPU.ActiveCfg = Release|Any CPU
		{952B0114-088E-4ED0-88C0-C105B3B591AB}.Release|Any CPU.Build.0 = Release|Any CPU
		{952B0114-088E-4ED0-88C0-C105B3B591AB}.Release|x64.ActiveCfg = Release|Any CPU
		{952B0114-088E-4ED0-88C0-C105B3B591AB}.Release|x64.Build.0 = Release|Any CPU
		{952B0114-088E-4ED0-88C0-C105B3B591AB}.Release|x86.ActiveCfg = Release|Any CPU
		{952B0114-088E-4ED0-88C0-C105B3B591AB}.Release|x86.Build.0 = Release|Any CPU
		{63BD039E-EA01-45EA-9242-6B64F510DA1C}.Debug|Any CPU.ActiveCfg = Debug|Any CPU
		{63BD039E-EA01-45EA-9242-6B64F510DA1C}.Debug|Any CPU.Build.0 = Debug|Any CPU
		{63BD039E-EA01-45EA-9242-6B64F510DA1C}.Debug|x64.ActiveCfg = Debug|Any CPU
		{63BD039E-EA01-45EA-9242-6B64F510DA1C}.Debug|x64.Build.0 = Debug|Any CPU
		{63BD039E-EA01-45EA-9242-6B64F510DA1C}.Debug|x86.ActiveCfg = Debug|Any CPU
		{63BD039E-EA01-45EA-9242-6B64F510DA1C}.Debug|x86.Build.0 = Debug|Any CPU
		{63BD039E-EA01-45EA-9242-6B64F510DA1C}.Release|Any CPU.ActiveCfg = Release|Any CPU
		{63BD039E-EA01-45EA-9242-6B64F510DA1C}.Release|Any CPU.Build.0 = Release|Any CPU
		{63BD039E-EA01-45EA-9242-6B64F510DA1C}.Release|x64.ActiveCfg = Release|Any CPU
		{63BD039E-EA01-45EA-9242-6B64F510DA1C}.Release|x64.Build.0 = Release|Any CPU
		{63BD039E-EA01-45EA-9242-6B64F510DA1C}.Release|x86.ActiveCfg = Release|Any CPU
		{63BD039E-EA01-45EA-9242-6B64F510DA1C}.Release|x86.Build.0 = Release|Any CPU
		{008883CA-CD42-4C3E-AA82-11EB4E3955BB}.Debug|Any CPU.ActiveCfg = Debug|Any CPU
		{008883CA-CD42-4C3E-AA82-11EB4E3955BB}.Debug|Any CPU.Build.0 = Debug|Any CPU
		{008883CA-CD42-4C3E-AA82-11EB4E3955BB}.Debug|x64.ActiveCfg = Debug|Any CPU
		{008883CA-CD42-4C3E-AA82-11EB4E3955BB}.Debug|x64.Build.0 = Debug|Any CPU
		{008883CA-CD42-4C3E-AA82-11EB4E3955BB}.Debug|x86.ActiveCfg = Debug|Any CPU
		{008883CA-CD42-4C3E-AA82-11EB4E3955BB}.Debug|x86.Build.0 = Debug|Any CPU
		{008883CA-CD42-4C3E-AA82-11EB4E3955BB}.Release|Any CPU.ActiveCfg = Release|Any CPU
		{008883CA-CD42-4C3E-AA82-11EB4E3955BB}.Release|Any CPU.Build.0 = Release|Any CPU
		{008883CA-CD42-4C3E-AA82-11EB4E3955BB}.Release|x64.ActiveCfg = Release|Any CPU
		{008883CA-CD42-4C3E-AA82-11EB4E3955BB}.Release|x64.Build.0 = Release|Any CPU
		{008883CA-CD42-4C3E-AA82-11EB4E3955BB}.Release|x86.ActiveCfg = Release|Any CPU
		{008883CA-CD42-4C3E-AA82-11EB4E3955BB}.Release|x86.Build.0 = Release|Any CPU
		{F3D471CE-B33B-4F14-90FF-794694F26876}.Debug|Any CPU.ActiveCfg = Debug|Any CPU
		{F3D471CE-B33B-4F14-90FF-794694F26876}.Debug|Any CPU.Build.0 = Debug|Any CPU
		{F3D471CE-B33B-4F14-90FF-794694F26876}.Debug|x64.ActiveCfg = Debug|Any CPU
		{F3D471CE-B33B-4F14-90FF-794694F26876}.Debug|x64.Build.0 = Debug|Any CPU
		{F3D471CE-B33B-4F14-90FF-794694F26876}.Debug|x86.ActiveCfg = Debug|Any CPU
		{F3D471CE-B33B-4F14-90FF-794694F26876}.Debug|x86.Build.0 = Debug|Any CPU
		{F3D471CE-B33B-4F14-90FF-794694F26876}.Release|Any CPU.ActiveCfg = Release|Any CPU
		{F3D471CE-B33B-4F14-90FF-794694F26876}.Release|Any CPU.Build.0 = Release|Any CPU
		{F3D471CE-B33B-4F14-90FF-794694F26876}.Release|x64.ActiveCfg = Release|Any CPU
		{F3D471CE-B33B-4F14-90FF-794694F26876}.Release|x64.Build.0 = Release|Any CPU
		{F3D471CE-B33B-4F14-90FF-794694F26876}.Release|x86.ActiveCfg = Release|Any CPU
		{F3D471CE-B33B-4F14-90FF-794694F26876}.Release|x86.Build.0 = Release|Any CPU
		{FA35C4B1-34C5-4D2C-B151-D8CCA3154867}.Debug|Any CPU.ActiveCfg = Debug|Any CPU
		{FA35C4B1-34C5-4D2C-B151-D8CCA3154867}.Debug|Any CPU.Build.0 = Debug|Any CPU
		{FA35C4B1-34C5-4D2C-B151-D8CCA3154867}.Debug|x64.ActiveCfg = Debug|Any CPU
		{FA35C4B1-34C5-4D2C-B151-D8CCA3154867}.Debug|x64.Build.0 = Debug|Any CPU
		{FA35C4B1-34C5-4D2C-B151-D8CCA3154867}.Debug|x86.ActiveCfg = Debug|Any CPU
		{FA35C4B1-34C5-4D2C-B151-D8CCA3154867}.Debug|x86.Build.0 = Debug|Any CPU
		{FA35C4B1-34C5-4D2C-B151-D8CCA3154867}.Release|Any CPU.ActiveCfg = Release|Any CPU
		{FA35C4B1-34C5-4D2C-B151-D8CCA3154867}.Release|Any CPU.Build.0 = Release|Any CPU
		{FA35C4B1-34C5-4D2C-B151-D8CCA3154867}.Release|x64.ActiveCfg = Release|Any CPU
		{FA35C4B1-34C5-4D2C-B151-D8CCA3154867}.Release|x64.Build.0 = Release|Any CPU
		{FA35C4B1-34C5-4D2C-B151-D8CCA3154867}.Release|x86.ActiveCfg = Release|Any CPU
		{FA35C4B1-34C5-4D2C-B151-D8CCA3154867}.Release|x86.Build.0 = Release|Any CPU
		{D0DD4B7B-E72B-4989-A7C0-8B9B3CCAD63F}.Debug|Any CPU.ActiveCfg = Debug|Any CPU
		{D0DD4B7B-E72B-4989-A7C0-8B9B3CCAD63F}.Debug|Any CPU.Build.0 = Debug|Any CPU
		{D0DD4B7B-E72B-4989-A7C0-8B9B3CCAD63F}.Debug|x64.ActiveCfg = Debug|Any CPU
		{D0DD4B7B-E72B-4989-A7C0-8B9B3CCAD63F}.Debug|x64.Build.0 = Debug|Any CPU
		{D0DD4B7B-E72B-4989-A7C0-8B9B3CCAD63F}.Debug|x86.ActiveCfg = Debug|Any CPU
		{D0DD4B7B-E72B-4989-A7C0-8B9B3CCAD63F}.Debug|x86.Build.0 = Debug|Any CPU
		{D0DD4B7B-E72B-4989-A7C0-8B9B3CCAD63F}.Release|Any CPU.ActiveCfg = Release|Any CPU
		{D0DD4B7B-E72B-4989-A7C0-8B9B3CCAD63F}.Release|Any CPU.Build.0 = Release|Any CPU
		{D0DD4B7B-E72B-4989-A7C0-8B9B3CCAD63F}.Release|x64.ActiveCfg = Release|Any CPU
		{D0DD4B7B-E72B-4989-A7C0-8B9B3CCAD63F}.Release|x64.Build.0 = Release|Any CPU
		{D0DD4B7B-E72B-4989-A7C0-8B9B3CCAD63F}.Release|x86.ActiveCfg = Release|Any CPU
		{D0DD4B7B-E72B-4989-A7C0-8B9B3CCAD63F}.Release|x86.Build.0 = Release|Any CPU
		{AD58ACE6-34CD-4A7B-B9F1-E374DC8B5B53}.Debug|Any CPU.ActiveCfg = Debug|Any CPU
		{AD58ACE6-34CD-4A7B-B9F1-E374DC8B5B53}.Debug|Any CPU.Build.0 = Debug|Any CPU
		{AD58ACE6-34CD-4A7B-B9F1-E374DC8B5B53}.Debug|x64.ActiveCfg = Debug|Any CPU
		{AD58ACE6-34CD-4A7B-B9F1-E374DC8B5B53}.Debug|x64.Build.0 = Debug|Any CPU
		{AD58ACE6-34CD-4A7B-B9F1-E374DC8B5B53}.Debug|x86.ActiveCfg = Debug|Any CPU
		{AD58ACE6-34CD-4A7B-B9F1-E374DC8B5B53}.Debug|x86.Build.0 = Debug|Any CPU
		{AD58ACE6-34CD-4A7B-B9F1-E374DC8B5B53}.Release|Any CPU.ActiveCfg = Release|Any CPU
		{AD58ACE6-34CD-4A7B-B9F1-E374DC8B5B53}.Release|Any CPU.Build.0 = Release|Any CPU
		{AD58ACE6-34CD-4A7B-B9F1-E374DC8B5B53}.Release|x64.ActiveCfg = Release|Any CPU
		{AD58ACE6-34CD-4A7B-B9F1-E374DC8B5B53}.Release|x64.Build.0 = Release|Any CPU
		{AD58ACE6-34CD-4A7B-B9F1-E374DC8B5B53}.Release|x86.ActiveCfg = Release|Any CPU
		{AD58ACE6-34CD-4A7B-B9F1-E374DC8B5B53}.Release|x86.Build.0 = Release|Any CPU
		{39821FAF-E3A5-4433-8BD1-98D14D5DE8C4}.Debug|Any CPU.ActiveCfg = Debug|Any CPU
		{39821FAF-E3A5-4433-8BD1-98D14D5DE8C4}.Debug|Any CPU.Build.0 = Debug|Any CPU
		{39821FAF-E3A5-4433-8BD1-98D14D5DE8C4}.Debug|x64.ActiveCfg = Debug|Any CPU
		{39821FAF-E3A5-4433-8BD1-98D14D5DE8C4}.Debug|x64.Build.0 = Debug|Any CPU
		{39821FAF-E3A5-4433-8BD1-98D14D5DE8C4}.Debug|x86.ActiveCfg = Debug|Any CPU
		{39821FAF-E3A5-4433-8BD1-98D14D5DE8C4}.Debug|x86.Build.0 = Debug|Any CPU
		{39821FAF-E3A5-4433-8BD1-98D14D5DE8C4}.Release|Any CPU.ActiveCfg = Release|Any CPU
		{39821FAF-E3A5-4433-8BD1-98D14D5DE8C4}.Release|Any CPU.Build.0 = Release|Any CPU
		{39821FAF-E3A5-4433-8BD1-98D14D5DE8C4}.Release|x64.ActiveCfg = Release|Any CPU
		{39821FAF-E3A5-4433-8BD1-98D14D5DE8C4}.Release|x64.Build.0 = Release|Any CPU
		{39821FAF-E3A5-4433-8BD1-98D14D5DE8C4}.Release|x86.ActiveCfg = Release|Any CPU
		{39821FAF-E3A5-4433-8BD1-98D14D5DE8C4}.Release|x86.Build.0 = Release|Any CPU
		{2C14335F-B744-4008-9F3E-25E0107BF3B1}.Debug|Any CPU.ActiveCfg = Debug|Any CPU
		{2C14335F-B744-4008-9F3E-25E0107BF3B1}.Debug|Any CPU.Build.0 = Debug|Any CPU
		{2C14335F-B744-4008-9F3E-25E0107BF3B1}.Debug|x64.ActiveCfg = Debug|Any CPU
		{2C14335F-B744-4008-9F3E-25E0107BF3B1}.Debug|x64.Build.0 = Debug|Any CPU
		{2C14335F-B744-4008-9F3E-25E0107BF3B1}.Debug|x86.ActiveCfg = Debug|Any CPU
		{2C14335F-B744-4008-9F3E-25E0107BF3B1}.Debug|x86.Build.0 = Debug|Any CPU
		{2C14335F-B744-4008-9F3E-25E0107BF3B1}.Release|Any CPU.ActiveCfg = Release|Any CPU
		{2C14335F-B744-4008-9F3E-25E0107BF3B1}.Release|Any CPU.Build.0 = Release|Any CPU
		{2C14335F-B744-4008-9F3E-25E0107BF3B1}.Release|x64.ActiveCfg = Release|Any CPU
		{2C14335F-B744-4008-9F3E-25E0107BF3B1}.Release|x64.Build.0 = Release|Any CPU
		{2C14335F-B744-4008-9F3E-25E0107BF3B1}.Release|x86.ActiveCfg = Release|Any CPU
		{2C14335F-B744-4008-9F3E-25E0107BF3B1}.Release|x86.Build.0 = Release|Any CPU
		{A3905D96-D319-4546-9F72-0B45F126CC30}.Debug|Any CPU.ActiveCfg = Debug|Any CPU
		{A3905D96-D319-4546-9F72-0B45F126CC30}.Debug|Any CPU.Build.0 = Debug|Any CPU
		{A3905D96-D319-4546-9F72-0B45F126CC30}.Debug|x64.ActiveCfg = Debug|Any CPU
		{A3905D96-D319-4546-9F72-0B45F126CC30}.Debug|x64.Build.0 = Debug|Any CPU
		{A3905D96-D319-4546-9F72-0B45F126CC30}.Debug|x86.ActiveCfg = Debug|Any CPU
		{A3905D96-D319-4546-9F72-0B45F126CC30}.Debug|x86.Build.0 = Debug|Any CPU
		{A3905D96-D319-4546-9F72-0B45F126CC30}.Release|Any CPU.ActiveCfg = Release|Any CPU
		{A3905D96-D319-4546-9F72-0B45F126CC30}.Release|Any CPU.Build.0 = Release|Any CPU
		{A3905D96-D319-4546-9F72-0B45F126CC30}.Release|x64.ActiveCfg = Release|Any CPU
		{A3905D96-D319-4546-9F72-0B45F126CC30}.Release|x64.Build.0 = Release|Any CPU
		{A3905D96-D319-4546-9F72-0B45F126CC30}.Release|x86.ActiveCfg = Release|Any CPU
		{A3905D96-D319-4546-9F72-0B45F126CC30}.Release|x86.Build.0 = Release|Any CPU
		{BA00FAFC-0DC8-4F1B-97FD-91BCCF1563F3}.Debug|Any CPU.ActiveCfg = Debug|Any CPU
		{BA00FAFC-0DC8-4F1B-97FD-91BCCF1563F3}.Debug|Any CPU.Build.0 = Debug|Any CPU
		{BA00FAFC-0DC8-4F1B-97FD-91BCCF1563F3}.Debug|x64.ActiveCfg = Debug|Any CPU
		{BA00FAFC-0DC8-4F1B-97FD-91BCCF1563F3}.Debug|x64.Build.0 = Debug|Any CPU
		{BA00FAFC-0DC8-4F1B-97FD-91BCCF1563F3}.Debug|x86.ActiveCfg = Debug|Any CPU
		{BA00FAFC-0DC8-4F1B-97FD-91BCCF1563F3}.Debug|x86.Build.0 = Debug|Any CPU
		{BA00FAFC-0DC8-4F1B-97FD-91BCCF1563F3}.Release|Any CPU.ActiveCfg = Release|Any CPU
		{BA00FAFC-0DC8-4F1B-97FD-91BCCF1563F3}.Release|Any CPU.Build.0 = Release|Any CPU
		{BA00FAFC-0DC8-4F1B-97FD-91BCCF1563F3}.Release|x64.ActiveCfg = Release|Any CPU
		{BA00FAFC-0DC8-4F1B-97FD-91BCCF1563F3}.Release|x64.Build.0 = Release|Any CPU
		{BA00FAFC-0DC8-4F1B-97FD-91BCCF1563F3}.Release|x86.ActiveCfg = Release|Any CPU
		{BA00FAFC-0DC8-4F1B-97FD-91BCCF1563F3}.Release|x86.Build.0 = Release|Any CPU
		{54590C7A-00BE-45FF-880D-6A57820EC0A5}.Debug|Any CPU.ActiveCfg = Debug|Any CPU
		{54590C7A-00BE-45FF-880D-6A57820EC0A5}.Debug|Any CPU.Build.0 = Debug|Any CPU
		{54590C7A-00BE-45FF-880D-6A57820EC0A5}.Debug|x64.ActiveCfg = Debug|Any CPU
		{54590C7A-00BE-45FF-880D-6A57820EC0A5}.Debug|x64.Build.0 = Debug|Any CPU
		{54590C7A-00BE-45FF-880D-6A57820EC0A5}.Debug|x86.ActiveCfg = Debug|Any CPU
		{54590C7A-00BE-45FF-880D-6A57820EC0A5}.Debug|x86.Build.0 = Debug|Any CPU
		{54590C7A-00BE-45FF-880D-6A57820EC0A5}.Release|Any CPU.ActiveCfg = Release|Any CPU
		{54590C7A-00BE-45FF-880D-6A57820EC0A5}.Release|Any CPU.Build.0 = Release|Any CPU
		{54590C7A-00BE-45FF-880D-6A57820EC0A5}.Release|x64.ActiveCfg = Release|Any CPU
		{54590C7A-00BE-45FF-880D-6A57820EC0A5}.Release|x64.Build.0 = Release|Any CPU
		{54590C7A-00BE-45FF-880D-6A57820EC0A5}.Release|x86.ActiveCfg = Release|Any CPU
		{54590C7A-00BE-45FF-880D-6A57820EC0A5}.Release|x86.Build.0 = Release|Any CPU
		{BDECBE1E-1627-408A-BDB5-959F9B6EF581}.Debug|Any CPU.ActiveCfg = Debug|Any CPU
		{BDECBE1E-1627-408A-BDB5-959F9B6EF581}.Debug|Any CPU.Build.0 = Debug|Any CPU
		{BDECBE1E-1627-408A-BDB5-959F9B6EF581}.Debug|x64.ActiveCfg = Debug|Any CPU
		{BDECBE1E-1627-408A-BDB5-959F9B6EF581}.Debug|x64.Build.0 = Debug|Any CPU
		{BDECBE1E-1627-408A-BDB5-959F9B6EF581}.Debug|x86.ActiveCfg = Debug|Any CPU
		{BDECBE1E-1627-408A-BDB5-959F9B6EF581}.Debug|x86.Build.0 = Debug|Any CPU
		{BDECBE1E-1627-408A-BDB5-959F9B6EF581}.Release|Any CPU.ActiveCfg = Release|Any CPU
		{BDECBE1E-1627-408A-BDB5-959F9B6EF581}.Release|Any CPU.Build.0 = Release|Any CPU
		{BDECBE1E-1627-408A-BDB5-959F9B6EF581}.Release|x64.ActiveCfg = Release|Any CPU
		{BDECBE1E-1627-408A-BDB5-959F9B6EF581}.Release|x64.Build.0 = Release|Any CPU
		{BDECBE1E-1627-408A-BDB5-959F9B6EF581}.Release|x86.ActiveCfg = Release|Any CPU
		{BDECBE1E-1627-408A-BDB5-959F9B6EF581}.Release|x86.Build.0 = Release|Any CPU
		{6A73E3BC-3C33-4D1D-A9D5-62C0C1DFF7CB}.Debug|Any CPU.ActiveCfg = Debug|Any CPU
		{6A73E3BC-3C33-4D1D-A9D5-62C0C1DFF7CB}.Debug|Any CPU.Build.0 = Debug|Any CPU
		{6A73E3BC-3C33-4D1D-A9D5-62C0C1DFF7CB}.Debug|x64.ActiveCfg = Debug|Any CPU
		{6A73E3BC-3C33-4D1D-A9D5-62C0C1DFF7CB}.Debug|x64.Build.0 = Debug|Any CPU
		{6A73E3BC-3C33-4D1D-A9D5-62C0C1DFF7CB}.Debug|x86.ActiveCfg = Debug|Any CPU
		{6A73E3BC-3C33-4D1D-A9D5-62C0C1DFF7CB}.Debug|x86.Build.0 = Debug|Any CPU
		{6A73E3BC-3C33-4D1D-A9D5-62C0C1DFF7CB}.Release|Any CPU.ActiveCfg = Release|Any CPU
		{6A73E3BC-3C33-4D1D-A9D5-62C0C1DFF7CB}.Release|Any CPU.Build.0 = Release|Any CPU
		{6A73E3BC-3C33-4D1D-A9D5-62C0C1DFF7CB}.Release|x64.ActiveCfg = Release|Any CPU
		{6A73E3BC-3C33-4D1D-A9D5-62C0C1DFF7CB}.Release|x64.Build.0 = Release|Any CPU
		{6A73E3BC-3C33-4D1D-A9D5-62C0C1DFF7CB}.Release|x86.ActiveCfg = Release|Any CPU
		{6A73E3BC-3C33-4D1D-A9D5-62C0C1DFF7CB}.Release|x86.Build.0 = Release|Any CPU
		{4E0D1344-0C10-4AAB-8B02-474B12F473BE}.Debug|Any CPU.ActiveCfg = Debug|Any CPU
		{4E0D1344-0C10-4AAB-8B02-474B12F473BE}.Debug|Any CPU.Build.0 = Debug|Any CPU
		{4E0D1344-0C10-4AAB-8B02-474B12F473BE}.Debug|x64.ActiveCfg = Debug|Any CPU
		{4E0D1344-0C10-4AAB-8B02-474B12F473BE}.Debug|x64.Build.0 = Debug|Any CPU
		{4E0D1344-0C10-4AAB-8B02-474B12F473BE}.Debug|x86.ActiveCfg = Debug|Any CPU
		{4E0D1344-0C10-4AAB-8B02-474B12F473BE}.Debug|x86.Build.0 = Debug|Any CPU
		{4E0D1344-0C10-4AAB-8B02-474B12F473BE}.Release|Any CPU.ActiveCfg = Release|Any CPU
		{4E0D1344-0C10-4AAB-8B02-474B12F473BE}.Release|Any CPU.Build.0 = Release|Any CPU
		{4E0D1344-0C10-4AAB-8B02-474B12F473BE}.Release|x64.ActiveCfg = Release|Any CPU
		{4E0D1344-0C10-4AAB-8B02-474B12F473BE}.Release|x64.Build.0 = Release|Any CPU
		{4E0D1344-0C10-4AAB-8B02-474B12F473BE}.Release|x86.ActiveCfg = Release|Any CPU
		{4E0D1344-0C10-4AAB-8B02-474B12F473BE}.Release|x86.Build.0 = Release|Any CPU
		{D7487EC4-1189-4185-B9BF-CA22E81EEB1F}.Debug|Any CPU.ActiveCfg = Debug|Any CPU
		{D7487EC4-1189-4185-B9BF-CA22E81EEB1F}.Debug|Any CPU.Build.0 = Debug|Any CPU
		{D7487EC4-1189-4185-B9BF-CA22E81EEB1F}.Debug|x64.ActiveCfg = Debug|Any CPU
		{D7487EC4-1189-4185-B9BF-CA22E81EEB1F}.Debug|x64.Build.0 = Debug|Any CPU
		{D7487EC4-1189-4185-B9BF-CA22E81EEB1F}.Debug|x86.ActiveCfg = Debug|Any CPU
		{D7487EC4-1189-4185-B9BF-CA22E81EEB1F}.Debug|x86.Build.0 = Debug|Any CPU
		{D7487EC4-1189-4185-B9BF-CA22E81EEB1F}.Release|Any CPU.ActiveCfg = Release|Any CPU
		{D7487EC4-1189-4185-B9BF-CA22E81EEB1F}.Release|Any CPU.Build.0 = Release|Any CPU
		{D7487EC4-1189-4185-B9BF-CA22E81EEB1F}.Release|x64.ActiveCfg = Release|Any CPU
		{D7487EC4-1189-4185-B9BF-CA22E81EEB1F}.Release|x64.Build.0 = Release|Any CPU
		{D7487EC4-1189-4185-B9BF-CA22E81EEB1F}.Release|x86.ActiveCfg = Release|Any CPU
		{D7487EC4-1189-4185-B9BF-CA22E81EEB1F}.Release|x86.Build.0 = Release|Any CPU
		{4E0FB2D7-CDE0-4C77-AB98-02A256ABD0BD}.Debug|Any CPU.ActiveCfg = Debug|Any CPU
		{4E0FB2D7-CDE0-4C77-AB98-02A256ABD0BD}.Debug|Any CPU.Build.0 = Debug|Any CPU
		{4E0FB2D7-CDE0-4C77-AB98-02A256ABD0BD}.Debug|x64.ActiveCfg = Debug|Any CPU
		{4E0FB2D7-CDE0-4C77-AB98-02A256ABD0BD}.Debug|x64.Build.0 = Debug|Any CPU
		{4E0FB2D7-CDE0-4C77-AB98-02A256ABD0BD}.Debug|x86.ActiveCfg = Debug|Any CPU
		{4E0FB2D7-CDE0-4C77-AB98-02A256ABD0BD}.Debug|x86.Build.0 = Debug|Any CPU
		{4E0FB2D7-CDE0-4C77-AB98-02A256ABD0BD}.Release|Any CPU.ActiveCfg = Release|Any CPU
		{4E0FB2D7-CDE0-4C77-AB98-02A256ABD0BD}.Release|Any CPU.Build.0 = Release|Any CPU
		{4E0FB2D7-CDE0-4C77-AB98-02A256ABD0BD}.Release|x64.ActiveCfg = Release|Any CPU
		{4E0FB2D7-CDE0-4C77-AB98-02A256ABD0BD}.Release|x64.Build.0 = Release|Any CPU
		{4E0FB2D7-CDE0-4C77-AB98-02A256ABD0BD}.Release|x86.ActiveCfg = Release|Any CPU
		{4E0FB2D7-CDE0-4C77-AB98-02A256ABD0BD}.Release|x86.Build.0 = Release|Any CPU
		{A215B492-C399-42D6-80FB-ED2FEF487D85}.Debug|Any CPU.ActiveCfg = Debug|Any CPU
		{A215B492-C399-42D6-80FB-ED2FEF487D85}.Debug|Any CPU.Build.0 = Debug|Any CPU
		{A215B492-C399-42D6-80FB-ED2FEF487D85}.Debug|x64.ActiveCfg = Debug|Any CPU
		{A215B492-C399-42D6-80FB-ED2FEF487D85}.Debug|x64.Build.0 = Debug|Any CPU
		{A215B492-C399-42D6-80FB-ED2FEF487D85}.Debug|x86.ActiveCfg = Debug|Any CPU
		{A215B492-C399-42D6-80FB-ED2FEF487D85}.Debug|x86.Build.0 = Debug|Any CPU
		{A215B492-C399-42D6-80FB-ED2FEF487D85}.Release|Any CPU.ActiveCfg = Release|Any CPU
		{A215B492-C399-42D6-80FB-ED2FEF487D85}.Release|Any CPU.Build.0 = Release|Any CPU
		{A215B492-C399-42D6-80FB-ED2FEF487D85}.Release|x64.ActiveCfg = Release|Any CPU
		{A215B492-C399-42D6-80FB-ED2FEF487D85}.Release|x64.Build.0 = Release|Any CPU
		{A215B492-C399-42D6-80FB-ED2FEF487D85}.Release|x86.ActiveCfg = Release|Any CPU
		{A215B492-C399-42D6-80FB-ED2FEF487D85}.Release|x86.Build.0 = Release|Any CPU
		{CB8B595B-46C4-4D61-BB6E-119963337B8E}.Debug|Any CPU.ActiveCfg = Debug|Any CPU
		{CB8B595B-46C4-4D61-BB6E-119963337B8E}.Debug|Any CPU.Build.0 = Debug|Any CPU
		{CB8B595B-46C4-4D61-BB6E-119963337B8E}.Debug|x64.ActiveCfg = Debug|Any CPU
		{CB8B595B-46C4-4D61-BB6E-119963337B8E}.Debug|x64.Build.0 = Debug|Any CPU
		{CB8B595B-46C4-4D61-BB6E-119963337B8E}.Debug|x86.ActiveCfg = Debug|Any CPU
		{CB8B595B-46C4-4D61-BB6E-119963337B8E}.Debug|x86.Build.0 = Debug|Any CPU
		{CB8B595B-46C4-4D61-BB6E-119963337B8E}.Release|Any CPU.ActiveCfg = Release|Any CPU
		{CB8B595B-46C4-4D61-BB6E-119963337B8E}.Release|Any CPU.Build.0 = Release|Any CPU
		{CB8B595B-46C4-4D61-BB6E-119963337B8E}.Release|x64.ActiveCfg = Release|Any CPU
		{CB8B595B-46C4-4D61-BB6E-119963337B8E}.Release|x64.Build.0 = Release|Any CPU
		{CB8B595B-46C4-4D61-BB6E-119963337B8E}.Release|x86.ActiveCfg = Release|Any CPU
		{CB8B595B-46C4-4D61-BB6E-119963337B8E}.Release|x86.Build.0 = Release|Any CPU
		{98DBF7C9-5044-4476-A137-B909C951C1D0}.Debug|Any CPU.ActiveCfg = Debug|Any CPU
		{98DBF7C9-5044-4476-A137-B909C951C1D0}.Debug|Any CPU.Build.0 = Debug|Any CPU
		{98DBF7C9-5044-4476-A137-B909C951C1D0}.Debug|x64.ActiveCfg = Debug|Any CPU
		{98DBF7C9-5044-4476-A137-B909C951C1D0}.Debug|x64.Build.0 = Debug|Any CPU
		{98DBF7C9-5044-4476-A137-B909C951C1D0}.Debug|x86.ActiveCfg = Debug|Any CPU
		{98DBF7C9-5044-4476-A137-B909C951C1D0}.Debug|x86.Build.0 = Debug|Any CPU
		{98DBF7C9-5044-4476-A137-B909C951C1D0}.Release|Any CPU.ActiveCfg = Release|Any CPU
		{98DBF7C9-5044-4476-A137-B909C951C1D0}.Release|Any CPU.Build.0 = Release|Any CPU
		{98DBF7C9-5044-4476-A137-B909C951C1D0}.Release|x64.ActiveCfg = Release|Any CPU
		{98DBF7C9-5044-4476-A137-B909C951C1D0}.Release|x64.Build.0 = Release|Any CPU
		{98DBF7C9-5044-4476-A137-B909C951C1D0}.Release|x86.ActiveCfg = Release|Any CPU
		{98DBF7C9-5044-4476-A137-B909C951C1D0}.Release|x86.Build.0 = Release|Any CPU
		{4CEE1D63-FC69-4F4C-B4F2-A3ED456BAB81}.Debug|Any CPU.ActiveCfg = Debug|Any CPU
		{4CEE1D63-FC69-4F4C-B4F2-A3ED456BAB81}.Debug|Any CPU.Build.0 = Debug|Any CPU
		{4CEE1D63-FC69-4F4C-B4F2-A3ED456BAB81}.Debug|x64.ActiveCfg = Debug|Any CPU
		{4CEE1D63-FC69-4F4C-B4F2-A3ED456BAB81}.Debug|x64.Build.0 = Debug|Any CPU
		{4CEE1D63-FC69-4F4C-B4F2-A3ED456BAB81}.Debug|x86.ActiveCfg = Debug|Any CPU
		{4CEE1D63-FC69-4F4C-B4F2-A3ED456BAB81}.Debug|x86.Build.0 = Debug|Any CPU
		{4CEE1D63-FC69-4F4C-B4F2-A3ED456BAB81}.Release|Any CPU.ActiveCfg = Release|Any CPU
		{4CEE1D63-FC69-4F4C-B4F2-A3ED456BAB81}.Release|Any CPU.Build.0 = Release|Any CPU
		{4CEE1D63-FC69-4F4C-B4F2-A3ED456BAB81}.Release|x64.ActiveCfg = Release|Any CPU
		{4CEE1D63-FC69-4F4C-B4F2-A3ED456BAB81}.Release|x64.Build.0 = Release|Any CPU
		{4CEE1D63-FC69-4F4C-B4F2-A3ED456BAB81}.Release|x86.ActiveCfg = Release|Any CPU
		{4CEE1D63-FC69-4F4C-B4F2-A3ED456BAB81}.Release|x86.Build.0 = Release|Any CPU
		{9A62447D-2917-40FE-9F45-05CA82E3C29A}.Debug|Any CPU.ActiveCfg = Debug|Any CPU
		{9A62447D-2917-40FE-9F45-05CA82E3C29A}.Debug|Any CPU.Build.0 = Debug|Any CPU
		{9A62447D-2917-40FE-9F45-05CA82E3C29A}.Debug|x64.ActiveCfg = Debug|Any CPU
		{9A62447D-2917-40FE-9F45-05CA82E3C29A}.Debug|x64.Build.0 = Debug|Any CPU
		{9A62447D-2917-40FE-9F45-05CA82E3C29A}.Debug|x86.ActiveCfg = Debug|Any CPU
		{9A62447D-2917-40FE-9F45-05CA82E3C29A}.Debug|x86.Build.0 = Debug|Any CPU
		{9A62447D-2917-40FE-9F45-05CA82E3C29A}.Release|Any CPU.ActiveCfg = Release|Any CPU
		{9A62447D-2917-40FE-9F45-05CA82E3C29A}.Release|Any CPU.Build.0 = Release|Any CPU
		{9A62447D-2917-40FE-9F45-05CA82E3C29A}.Release|x64.ActiveCfg = Release|Any CPU
		{9A62447D-2917-40FE-9F45-05CA82E3C29A}.Release|x64.Build.0 = Release|Any CPU
		{9A62447D-2917-40FE-9F45-05CA82E3C29A}.Release|x86.ActiveCfg = Release|Any CPU
		{9A62447D-2917-40FE-9F45-05CA82E3C29A}.Release|x86.Build.0 = Release|Any CPU
	EndGlobalSection
	GlobalSection(SolutionProperties) = preSolution
		HideSolutionNode = FALSE
	EndGlobalSection
	GlobalSection(ExtensibilityGlobals) = postSolution
		SolutionGuid = {8A6FC6CA-8B24-4AE4-9BDD-875FFDF44F7E}
	EndGlobalSection
EndGlobal
