
Microsoft Visual Studio Solution File, Format Version 12.00
# Visual Studio Version 17
VisualStudioVersion = 17.7.34221.43
MinimumVisualStudioVersion = 10.0.40219.1
Project("{9A19103F-16F7-4668-BE54-9A1E7A4F7556}") = "App", "App\App.csproj", "{D3D94886-5489-4F77-BC7A-91A4DB0A1D70}"
EndProject
Project("{9A19103F-16F7-4668-BE54-9A1E7A4F7556}") = "Common", "Common\Common.csproj", "{F12D16B1-CFC7-4414-886C-812D93B18BBE}"
EndProject
Project("{2150E333-8FDC-42A3-9474-1A3956D46DE8}") = "SolutionFiles", "SolutionFiles", "{43A55387-1B28-40B0-A24C-41888995E35E}"
	ProjectSection(SolutionItems) = preProject
		.editorconfig = .editorconfig
	EndProjectSection
EndProject
Project("{2150E333-8FDC-42A3-9474-1A3956D46DE8}") = "Solvers", "Solvers", "{5B00CE3B-09D9-4E12-BE71-72FD77CD3CA4}"
EndProject
Project("{2150E333-8FDC-42A3-9474-1A3956D46DE8}") = "2023", "2023", "{FC863495-BC94-4617-B978-845940A357D7}"
EndProject
Project("{9A19103F-16F7-4668-BE54-9A1E7A4F7556}") = "Day00", "Solvers\2023\Day00\Day00.csproj", "{40E5D639-7923-44E3-8B9B-9C5551475DF1}"
EndProject
Project("{9A19103F-16F7-4668-BE54-9A1E7A4F7556}") = "Day01", "Solvers\2023\Day01\Day01.csproj", "{DD8FA711-7D5D-42FF-BCB6-8F8811A38899}"
EndProject
Project("{9A19103F-16F7-4668-BE54-9A1E7A4F7556}") = "Day02", "Solvers\2023\Day02\Day02.csproj", "{E233F3EC-8271-4915-AF19-8365D3660AAB}"
EndProject
Project("{9A19103F-16F7-4668-BE54-9A1E7A4F7556}") = "Day03", "Solvers\2023\Day03\Day03.csproj", "{7B2FFFA9-A9CC-4D5E-8D2F-A3BFD6810E43}"
EndProject
Project("{9A19103F-16F7-4668-BE54-9A1E7A4F7556}") = "Day04", "Solvers\2023\Day04\Day04.csproj", "{28CB743E-D1C7-4DFC-841C-7C2F9EBFB1E7}"
EndProject
Project("{9A19103F-16F7-4668-BE54-9A1E7A4F7556}") = "Day05", "Solvers\2023\Day05\Day05.csproj", "{4F0C83A1-4691-4189-8F12-CDAB71B627D5}"
EndProject
Project("{9A19103F-16F7-4668-BE54-9A1E7A4F7556}") = "Day06", "Solvers\2023\Day06\Day06.csproj", "{63C5F57D-7CDE-4B77-BDB0-99005227E0A1}"
EndProject
Project("{9A19103F-16F7-4668-BE54-9A1E7A4F7556}") = "Day07", "Solvers\2023\Day07\Day07.csproj", "{FEA812E0-E8D5-48B6-8B24-D98454011E4A}"
EndProject
Project("{9A19103F-16F7-4668-BE54-9A1E7A4F7556}") = "Day08", "Solvers\2023\Day08\Day08.csproj", "{C417AC33-E64C-406C-8775-1275721B877D}"
EndProject
Project("{9A19103F-16F7-4668-BE54-9A1E7A4F7556}") = "Day09", "Solvers\2023\Day09\Day09.csproj", "{5A49C703-D879-43B2-9E0C-F41F484415A7}"
EndProject
Project("{9A19103F-16F7-4668-BE54-9A1E7A4F7556}") = "Day10", "Solvers\2023\Day10\Day10.csproj", "{E7F7B20A-051C-4C8E-9577-E584005D5B16}"
EndProject
Project("{9A19103F-16F7-4668-BE54-9A1E7A4F7556}") = "Day11", "Solvers\2023\Day11\Day11.csproj", "{A64A4CB8-F37D-4B32-8A65-541D0CC3A205}"
EndProject
Project("{9A19103F-16F7-4668-BE54-9A1E7A4F7556}") = "Day12", "Solvers\2023\Day12\Day12.csproj", "{0FD78FA8-5B69-4CAE-8FB0-D0CE5D712875}"
EndProject
Project("{2150E333-8FDC-42A3-9474-1A3956D46DE8}") = "Test", "Test", "{4F0C46BC-DB9B-4DE4-8645-901D0648E121}"
EndProject
Project("{9A19103F-16F7-4668-BE54-9A1E7A4F7556}") = "Day12Test", "Solvers\2023\Test\Day12Test\Day12Test.csproj", "{B83794C2-D052-4F66-8D92-EDBFBF3B8BCA}"
EndProject
Project("{9A19103F-16F7-4668-BE54-9A1E7A4F7556}") = "Day13", "Solvers\2023\Day13\Day13.csproj", "{F67F4BBA-EB8A-474A-8445-9D8C2100BE00}"
EndProject
Project("{9A19103F-16F7-4668-BE54-9A1E7A4F7556}") = "Day14", "Solvers\2023\Day14\Day14.csproj", "{399AD809-E788-4F84-98CC-62BF2EE45D44}"
EndProject
Project("{9A19103F-16F7-4668-BE54-9A1E7A4F7556}") = "Day15", "Solvers\2023\Day15\Day15.csproj", "{4A04649D-FF53-4316-9BE7-3436D6997EAE}"
EndProject
Project("{9A19103F-16F7-4668-BE54-9A1E7A4F7556}") = "Day16", "Solvers\2023\Day16\Day16.csproj", "{6A57D1F6-091A-4409-8FB8-F9A02A7A8191}"
EndProject
Project("{9A19103F-16F7-4668-BE54-9A1E7A4F7556}") = "Y24-Day01", "Solvers\2024\Y24-Day01\Y24-Day01.csproj", "{9239DA47-9CCE-42AD-9A3B-3788ACF12E20}"
EndProject
Project("{2150E333-8FDC-42A3-9474-1A3956D46DE8}") = "2024", "2024", "{0A3C916A-F73F-4ACB-8F9F-1C1E28832647}"
EndProject
Project("{9A19103F-16F7-4668-BE54-9A1E7A4F7556}") = "Y24-Day02", "Solvers\2024\Y24-Day02\Y24-Day02.csproj", "{D546F262-2BAE-40AF-8477-5BC7252D8BC5}"
EndProject
Project("{9A19103F-16F7-4668-BE54-9A1E7A4F7556}") = "Y24-Day03", "Solvers\2024\Y24-Day03\Y24-Day03.csproj", "{501BC846-7C1A-4641-9A51-9C26588AA39D}"
EndProject
Project("{9A19103F-16F7-4668-BE54-9A1E7A4F7556}") = "Y24-Day04", "Solvers\2024\Y24-Day04\Y24-Day04.csproj", "{86657BC4-AEB7-416C-8D67-AB64F39FCAE6}"
EndProject
Project("{9A19103F-16F7-4668-BE54-9A1E7A4F7556}") = "Y24-Day05", "Solvers\2024\Y24-Day05\Y24-Day05.csproj", "{DF71BB3C-329F-45ED-A301-A5FB0980C8BB}"
EndProject
Project("{9A19103F-16F7-4668-BE54-9A1E7A4F7556}") = "Y24-Day06", "Solvers\2024\Y24-Day06\Y24-Day06.csproj", "{D3DC232A-8BB3-4577-9693-3A68CD955CEB}"
EndProject
Project("{9A19103F-16F7-4668-BE54-9A1E7A4F7556}") = "Y24-Day07", "Solvers\2024\Y24-Day07\Y24-Day07.csproj", "{33EA2C76-AFF9-4EE5-A254-61EFDA9399E9}"
EndProject
Global
	GlobalSection(SolutionConfigurationPlatforms) = preSolution
		Debug|Any CPU = Debug|Any CPU
		Release|Any CPU = Release|Any CPU
	EndGlobalSection
	GlobalSection(ProjectConfigurationPlatforms) = postSolution
		{D3D94886-5489-4F77-BC7A-91A4DB0A1D70}.Debug|Any CPU.ActiveCfg = Debug|Any CPU
		{D3D94886-5489-4F77-BC7A-91A4DB0A1D70}.Debug|Any CPU.Build.0 = Debug|Any CPU
		{D3D94886-5489-4F77-BC7A-91A4DB0A1D70}.Release|Any CPU.ActiveCfg = Release|Any CPU
		{D3D94886-5489-4F77-BC7A-91A4DB0A1D70}.Release|Any CPU.Build.0 = Release|Any CPU
		{F12D16B1-CFC7-4414-886C-812D93B18BBE}.Debug|Any CPU.ActiveCfg = Debug|Any CPU
		{F12D16B1-CFC7-4414-886C-812D93B18BBE}.Debug|Any CPU.Build.0 = Debug|Any CPU
		{F12D16B1-CFC7-4414-886C-812D93B18BBE}.Release|Any CPU.ActiveCfg = Release|Any CPU
		{F12D16B1-CFC7-4414-886C-812D93B18BBE}.Release|Any CPU.Build.0 = Release|Any CPU
		{40E5D639-7923-44E3-8B9B-9C5551475DF1}.Debug|Any CPU.ActiveCfg = Debug|Any CPU
		{40E5D639-7923-44E3-8B9B-9C5551475DF1}.Debug|Any CPU.Build.0 = Debug|Any CPU
		{40E5D639-7923-44E3-8B9B-9C5551475DF1}.Release|Any CPU.ActiveCfg = Release|Any CPU
		{40E5D639-7923-44E3-8B9B-9C5551475DF1}.Release|Any CPU.Build.0 = Release|Any CPU
		{DD8FA711-7D5D-42FF-BCB6-8F8811A38899}.Debug|Any CPU.ActiveCfg = Debug|Any CPU
		{DD8FA711-7D5D-42FF-BCB6-8F8811A38899}.Debug|Any CPU.Build.0 = Debug|Any CPU
		{DD8FA711-7D5D-42FF-BCB6-8F8811A38899}.Release|Any CPU.ActiveCfg = Release|Any CPU
		{DD8FA711-7D5D-42FF-BCB6-8F8811A38899}.Release|Any CPU.Build.0 = Release|Any CPU
		{E233F3EC-8271-4915-AF19-8365D3660AAB}.Debug|Any CPU.ActiveCfg = Debug|Any CPU
		{E233F3EC-8271-4915-AF19-8365D3660AAB}.Debug|Any CPU.Build.0 = Debug|Any CPU
		{E233F3EC-8271-4915-AF19-8365D3660AAB}.Release|Any CPU.ActiveCfg = Release|Any CPU
		{E233F3EC-8271-4915-AF19-8365D3660AAB}.Release|Any CPU.Build.0 = Release|Any CPU
		{7B2FFFA9-A9CC-4D5E-8D2F-A3BFD6810E43}.Debug|Any CPU.ActiveCfg = Debug|Any CPU
		{7B2FFFA9-A9CC-4D5E-8D2F-A3BFD6810E43}.Debug|Any CPU.Build.0 = Debug|Any CPU
		{7B2FFFA9-A9CC-4D5E-8D2F-A3BFD6810E43}.Release|Any CPU.ActiveCfg = Release|Any CPU
		{7B2FFFA9-A9CC-4D5E-8D2F-A3BFD6810E43}.Release|Any CPU.Build.0 = Release|Any CPU
		{28CB743E-D1C7-4DFC-841C-7C2F9EBFB1E7}.Debug|Any CPU.ActiveCfg = Debug|Any CPU
		{28CB743E-D1C7-4DFC-841C-7C2F9EBFB1E7}.Debug|Any CPU.Build.0 = Debug|Any CPU
		{28CB743E-D1C7-4DFC-841C-7C2F9EBFB1E7}.Release|Any CPU.ActiveCfg = Release|Any CPU
		{28CB743E-D1C7-4DFC-841C-7C2F9EBFB1E7}.Release|Any CPU.Build.0 = Release|Any CPU
		{4F0C83A1-4691-4189-8F12-CDAB71B627D5}.Debug|Any CPU.ActiveCfg = Debug|Any CPU
		{4F0C83A1-4691-4189-8F12-CDAB71B627D5}.Debug|Any CPU.Build.0 = Debug|Any CPU
		{4F0C83A1-4691-4189-8F12-CDAB71B627D5}.Release|Any CPU.ActiveCfg = Release|Any CPU
		{4F0C83A1-4691-4189-8F12-CDAB71B627D5}.Release|Any CPU.Build.0 = Release|Any CPU
		{63C5F57D-7CDE-4B77-BDB0-99005227E0A1}.Debug|Any CPU.ActiveCfg = Debug|Any CPU
		{63C5F57D-7CDE-4B77-BDB0-99005227E0A1}.Debug|Any CPU.Build.0 = Debug|Any CPU
		{63C5F57D-7CDE-4B77-BDB0-99005227E0A1}.Release|Any CPU.ActiveCfg = Release|Any CPU
		{63C5F57D-7CDE-4B77-BDB0-99005227E0A1}.Release|Any CPU.Build.0 = Release|Any CPU
		{FEA812E0-E8D5-48B6-8B24-D98454011E4A}.Debug|Any CPU.ActiveCfg = Debug|Any CPU
		{FEA812E0-E8D5-48B6-8B24-D98454011E4A}.Debug|Any CPU.Build.0 = Debug|Any CPU
		{FEA812E0-E8D5-48B6-8B24-D98454011E4A}.Release|Any CPU.ActiveCfg = Release|Any CPU
		{FEA812E0-E8D5-48B6-8B24-D98454011E4A}.Release|Any CPU.Build.0 = Release|Any CPU
		{C417AC33-E64C-406C-8775-1275721B877D}.Debug|Any CPU.ActiveCfg = Debug|Any CPU
		{C417AC33-E64C-406C-8775-1275721B877D}.Debug|Any CPU.Build.0 = Debug|Any CPU
		{C417AC33-E64C-406C-8775-1275721B877D}.Release|Any CPU.ActiveCfg = Release|Any CPU
		{C417AC33-E64C-406C-8775-1275721B877D}.Release|Any CPU.Build.0 = Release|Any CPU
		{5A49C703-D879-43B2-9E0C-F41F484415A7}.Debug|Any CPU.ActiveCfg = Debug|Any CPU
		{5A49C703-D879-43B2-9E0C-F41F484415A7}.Debug|Any CPU.Build.0 = Debug|Any CPU
		{5A49C703-D879-43B2-9E0C-F41F484415A7}.Release|Any CPU.ActiveCfg = Release|Any CPU
		{5A49C703-D879-43B2-9E0C-F41F484415A7}.Release|Any CPU.Build.0 = Release|Any CPU
		{E7F7B20A-051C-4C8E-9577-E584005D5B16}.Debug|Any CPU.ActiveCfg = Debug|Any CPU
		{E7F7B20A-051C-4C8E-9577-E584005D5B16}.Debug|Any CPU.Build.0 = Debug|Any CPU
		{E7F7B20A-051C-4C8E-9577-E584005D5B16}.Release|Any CPU.ActiveCfg = Release|Any CPU
		{E7F7B20A-051C-4C8E-9577-E584005D5B16}.Release|Any CPU.Build.0 = Release|Any CPU
		{A64A4CB8-F37D-4B32-8A65-541D0CC3A205}.Debug|Any CPU.ActiveCfg = Debug|Any CPU
		{A64A4CB8-F37D-4B32-8A65-541D0CC3A205}.Debug|Any CPU.Build.0 = Debug|Any CPU
		{A64A4CB8-F37D-4B32-8A65-541D0CC3A205}.Release|Any CPU.ActiveCfg = Release|Any CPU
		{A64A4CB8-F37D-4B32-8A65-541D0CC3A205}.Release|Any CPU.Build.0 = Release|Any CPU
		{0FD78FA8-5B69-4CAE-8FB0-D0CE5D712875}.Debug|Any CPU.ActiveCfg = Debug|Any CPU
		{0FD78FA8-5B69-4CAE-8FB0-D0CE5D712875}.Debug|Any CPU.Build.0 = Debug|Any CPU
		{0FD78FA8-5B69-4CAE-8FB0-D0CE5D712875}.Release|Any CPU.ActiveCfg = Release|Any CPU
		{0FD78FA8-5B69-4CAE-8FB0-D0CE5D712875}.Release|Any CPU.Build.0 = Release|Any CPU
		{B83794C2-D052-4F66-8D92-EDBFBF3B8BCA}.Debug|Any CPU.ActiveCfg = Debug|Any CPU
		{B83794C2-D052-4F66-8D92-EDBFBF3B8BCA}.Debug|Any CPU.Build.0 = Debug|Any CPU
		{B83794C2-D052-4F66-8D92-EDBFBF3B8BCA}.Release|Any CPU.ActiveCfg = Release|Any CPU
		{B83794C2-D052-4F66-8D92-EDBFBF3B8BCA}.Release|Any CPU.Build.0 = Release|Any CPU
		{F67F4BBA-EB8A-474A-8445-9D8C2100BE00}.Debug|Any CPU.ActiveCfg = Debug|Any CPU
		{F67F4BBA-EB8A-474A-8445-9D8C2100BE00}.Debug|Any CPU.Build.0 = Debug|Any CPU
		{F67F4BBA-EB8A-474A-8445-9D8C2100BE00}.Release|Any CPU.ActiveCfg = Release|Any CPU
		{F67F4BBA-EB8A-474A-8445-9D8C2100BE00}.Release|Any CPU.Build.0 = Release|Any CPU
		{399AD809-E788-4F84-98CC-62BF2EE45D44}.Debug|Any CPU.ActiveCfg = Debug|Any CPU
		{399AD809-E788-4F84-98CC-62BF2EE45D44}.Debug|Any CPU.Build.0 = Debug|Any CPU
		{399AD809-E788-4F84-98CC-62BF2EE45D44}.Release|Any CPU.ActiveCfg = Release|Any CPU
		{399AD809-E788-4F84-98CC-62BF2EE45D44}.Release|Any CPU.Build.0 = Release|Any CPU
		{4A04649D-FF53-4316-9BE7-3436D6997EAE}.Debug|Any CPU.ActiveCfg = Debug|Any CPU
		{4A04649D-FF53-4316-9BE7-3436D6997EAE}.Debug|Any CPU.Build.0 = Debug|Any CPU
		{4A04649D-FF53-4316-9BE7-3436D6997EAE}.Release|Any CPU.ActiveCfg = Release|Any CPU
		{4A04649D-FF53-4316-9BE7-3436D6997EAE}.Release|Any CPU.Build.0 = Release|Any CPU
		{6A57D1F6-091A-4409-8FB8-F9A02A7A8191}.Debug|Any CPU.ActiveCfg = Debug|Any CPU
		{6A57D1F6-091A-4409-8FB8-F9A02A7A8191}.Debug|Any CPU.Build.0 = Debug|Any CPU
		{6A57D1F6-091A-4409-8FB8-F9A02A7A8191}.Release|Any CPU.ActiveCfg = Release|Any CPU
		{6A57D1F6-091A-4409-8FB8-F9A02A7A8191}.Release|Any CPU.Build.0 = Release|Any CPU
		{9239DA47-9CCE-42AD-9A3B-3788ACF12E20}.Debug|Any CPU.ActiveCfg = Debug|Any CPU
		{9239DA47-9CCE-42AD-9A3B-3788ACF12E20}.Debug|Any CPU.Build.0 = Debug|Any CPU
		{9239DA47-9CCE-42AD-9A3B-3788ACF12E20}.Release|Any CPU.ActiveCfg = Release|Any CPU
		{9239DA47-9CCE-42AD-9A3B-3788ACF12E20}.Release|Any CPU.Build.0 = Release|Any CPU
		{D546F262-2BAE-40AF-8477-5BC7252D8BC5}.Debug|Any CPU.ActiveCfg = Debug|Any CPU
		{D546F262-2BAE-40AF-8477-5BC7252D8BC5}.Debug|Any CPU.Build.0 = Debug|Any CPU
		{D546F262-2BAE-40AF-8477-5BC7252D8BC5}.Release|Any CPU.ActiveCfg = Release|Any CPU
		{D546F262-2BAE-40AF-8477-5BC7252D8BC5}.Release|Any CPU.Build.0 = Release|Any CPU
		{501BC846-7C1A-4641-9A51-9C26588AA39D}.Debug|Any CPU.ActiveCfg = Debug|Any CPU
		{501BC846-7C1A-4641-9A51-9C26588AA39D}.Debug|Any CPU.Build.0 = Debug|Any CPU
		{501BC846-7C1A-4641-9A51-9C26588AA39D}.Release|Any CPU.ActiveCfg = Release|Any CPU
		{501BC846-7C1A-4641-9A51-9C26588AA39D}.Release|Any CPU.Build.0 = Release|Any CPU
		{86657BC4-AEB7-416C-8D67-AB64F39FCAE6}.Debug|Any CPU.ActiveCfg = Debug|Any CPU
		{86657BC4-AEB7-416C-8D67-AB64F39FCAE6}.Debug|Any CPU.Build.0 = Debug|Any CPU
		{86657BC4-AEB7-416C-8D67-AB64F39FCAE6}.Release|Any CPU.ActiveCfg = Release|Any CPU
		{86657BC4-AEB7-416C-8D67-AB64F39FCAE6}.Release|Any CPU.Build.0 = Release|Any CPU
		{DF71BB3C-329F-45ED-A301-A5FB0980C8BB}.Debug|Any CPU.ActiveCfg = Debug|Any CPU
		{DF71BB3C-329F-45ED-A301-A5FB0980C8BB}.Debug|Any CPU.Build.0 = Debug|Any CPU
		{DF71BB3C-329F-45ED-A301-A5FB0980C8BB}.Release|Any CPU.ActiveCfg = Release|Any CPU
		{DF71BB3C-329F-45ED-A301-A5FB0980C8BB}.Release|Any CPU.Build.0 = Release|Any CPU
		{D3DC232A-8BB3-4577-9693-3A68CD955CEB}.Debug|Any CPU.ActiveCfg = Debug|Any CPU
		{D3DC232A-8BB3-4577-9693-3A68CD955CEB}.Debug|Any CPU.Build.0 = Debug|Any CPU
		{D3DC232A-8BB3-4577-9693-3A68CD955CEB}.Release|Any CPU.ActiveCfg = Release|Any CPU
		{D3DC232A-8BB3-4577-9693-3A68CD955CEB}.Release|Any CPU.Build.0 = Release|Any CPU
		{33EA2C76-AFF9-4EE5-A254-61EFDA9399E9}.Debug|Any CPU.ActiveCfg = Debug|Any CPU
		{33EA2C76-AFF9-4EE5-A254-61EFDA9399E9}.Debug|Any CPU.Build.0 = Debug|Any CPU
		{33EA2C76-AFF9-4EE5-A254-61EFDA9399E9}.Release|Any CPU.ActiveCfg = Release|Any CPU
		{33EA2C76-AFF9-4EE5-A254-61EFDA9399E9}.Release|Any CPU.Build.0 = Release|Any CPU
	EndGlobalSection
	GlobalSection(SolutionProperties) = preSolution
		HideSolutionNode = FALSE
	EndGlobalSection
	GlobalSection(NestedProjects) = preSolution
		{FC863495-BC94-4617-B978-845940A357D7} = {5B00CE3B-09D9-4E12-BE71-72FD77CD3CA4}
		{40E5D639-7923-44E3-8B9B-9C5551475DF1} = {FC863495-BC94-4617-B978-845940A357D7}
		{DD8FA711-7D5D-42FF-BCB6-8F8811A38899} = {FC863495-BC94-4617-B978-845940A357D7}
		{E233F3EC-8271-4915-AF19-8365D3660AAB} = {FC863495-BC94-4617-B978-845940A357D7}
		{7B2FFFA9-A9CC-4D5E-8D2F-A3BFD6810E43} = {FC863495-BC94-4617-B978-845940A357D7}
		{28CB743E-D1C7-4DFC-841C-7C2F9EBFB1E7} = {FC863495-BC94-4617-B978-845940A357D7}
		{4F0C83A1-4691-4189-8F12-CDAB71B627D5} = {FC863495-BC94-4617-B978-845940A357D7}
		{63C5F57D-7CDE-4B77-BDB0-99005227E0A1} = {FC863495-BC94-4617-B978-845940A357D7}
		{FEA812E0-E8D5-48B6-8B24-D98454011E4A} = {FC863495-BC94-4617-B978-845940A357D7}
		{C417AC33-E64C-406C-8775-1275721B877D} = {FC863495-BC94-4617-B978-845940A357D7}
		{5A49C703-D879-43B2-9E0C-F41F484415A7} = {FC863495-BC94-4617-B978-845940A357D7}
		{E7F7B20A-051C-4C8E-9577-E584005D5B16} = {FC863495-BC94-4617-B978-845940A357D7}
		{A64A4CB8-F37D-4B32-8A65-541D0CC3A205} = {FC863495-BC94-4617-B978-845940A357D7}
		{0FD78FA8-5B69-4CAE-8FB0-D0CE5D712875} = {FC863495-BC94-4617-B978-845940A357D7}
		{4F0C46BC-DB9B-4DE4-8645-901D0648E121} = {FC863495-BC94-4617-B978-845940A357D7}
		{B83794C2-D052-4F66-8D92-EDBFBF3B8BCA} = {4F0C46BC-DB9B-4DE4-8645-901D0648E121}
		{F67F4BBA-EB8A-474A-8445-9D8C2100BE00} = {FC863495-BC94-4617-B978-845940A357D7}
		{399AD809-E788-4F84-98CC-62BF2EE45D44} = {FC863495-BC94-4617-B978-845940A357D7}
		{4A04649D-FF53-4316-9BE7-3436D6997EAE} = {FC863495-BC94-4617-B978-845940A357D7}
		{6A57D1F6-091A-4409-8FB8-F9A02A7A8191} = {FC863495-BC94-4617-B978-845940A357D7}
		{9239DA47-9CCE-42AD-9A3B-3788ACF12E20} = {0A3C916A-F73F-4ACB-8F9F-1C1E28832647}
		{0A3C916A-F73F-4ACB-8F9F-1C1E28832647} = {5B00CE3B-09D9-4E12-BE71-72FD77CD3CA4}
		{D546F262-2BAE-40AF-8477-5BC7252D8BC5} = {0A3C916A-F73F-4ACB-8F9F-1C1E28832647}
		{501BC846-7C1A-4641-9A51-9C26588AA39D} = {0A3C916A-F73F-4ACB-8F9F-1C1E28832647}
		{86657BC4-AEB7-416C-8D67-AB64F39FCAE6} = {0A3C916A-F73F-4ACB-8F9F-1C1E28832647}
		{DF71BB3C-329F-45ED-A301-A5FB0980C8BB} = {0A3C916A-F73F-4ACB-8F9F-1C1E28832647}
		{D3DC232A-8BB3-4577-9693-3A68CD955CEB} = {0A3C916A-F73F-4ACB-8F9F-1C1E28832647}
		{33EA2C76-AFF9-4EE5-A254-61EFDA9399E9} = {0A3C916A-F73F-4ACB-8F9F-1C1E28832647}
	EndGlobalSection
	GlobalSection(ExtensibilityGlobals) = postSolution
		SolutionGuid = {2C73AC11-E0DC-4B90-A12A-7F082B75336A}
	EndGlobalSection
EndGlobal
