
Microsoft Visual Studio Solution File, Format Version 12.00
# Visual Studio Version 17
VisualStudioVersion = 17.4.33205.214
MinimumVisualStudioVersion = 15.0.26124.0
Project("{9A19103F-16F7-4668-BE54-9A1E7A4F7556}") = "Day1", "Day1\Day1.csproj", "{18D70272-0EF9-48B5-BC3A-11D2935CF952}"
EndProject
Project("{9A19103F-16F7-4668-BE54-9A1E7A4F7556}") = "Day2", "Day2\Day2.csproj", "{0A375C14-7066-4565-B0F6-3F342F272230}"
EndProject
Project("{9A19103F-16F7-4668-BE54-9A1E7A4F7556}") = "Day3", "Day3\Day3.csproj", "{FC78738C-7A6B-4A20-AAFF-5DA8BDD49C94}"
EndProject
Project("{9A19103F-16F7-4668-BE54-9A1E7A4F7556}") = "Day4", "Day4\Day4.csproj", "{1140D2B6-19D7-4FAF-9F45-49C8E86BBB34}"
EndProject
Project("{9A19103F-16F7-4668-BE54-9A1E7A4F7556}") = "Day5", "Day5\Day5.csproj", "{91A29623-BF42-41A4-B213-9E08244DCC7C}"
EndProject
Project("{9A19103F-16F7-4668-BE54-9A1E7A4F7556}") = "Day6", "Day6\Day6.csproj", "{37E3E82F-CF29-4C44-9A18-4BE02BFFE173}"
EndProject
Project("{9A19103F-16F7-4668-BE54-9A1E7A4F7556}") = "Day7", "Day7\Day7.csproj", "{08D1703A-58D9-4A2A-B74C-49251199C46D}"
EndProject
Project("{9A19103F-16F7-4668-BE54-9A1E7A4F7556}") = "Day8", "Day8\Day8.csproj", "{6F96BB3E-CC5F-4680-9371-903369B530DF}"
EndProject
Project("{9A19103F-16F7-4668-BE54-9A1E7A4F7556}") = "Day9", "Day9\Day9.csproj", "{FCD33CA1-673C-431E-B3E5-17E5F3D6B449}"
EndProject
Project("{9A19103F-16F7-4668-BE54-9A1E7A4F7556}") = "Day10", "Day10\Day10.csproj", "{D2FA8E7A-FE93-44C2-90E6-0441E3FDA3D6}"
EndProject
Project("{9A19103F-16F7-4668-BE54-9A1E7A4F7556}") = "Day11", "Day11\Day11.csproj", "{9ED736EE-581D-49CC-B27C-1271BBF10399}"
EndProject
Project("{2150E333-8FDC-42A3-9474-1A3956D46DE8}") = "Test", "Test", "{AD4E7086-BE21-486B-A679-2A3449D8CCD0}"
EndProject
Project("{9A19103F-16F7-4668-BE54-9A1E7A4F7556}") = "Day12", "Day12\Day12.csproj", "{50F46EC9-7066-46D8-994C-F9C980E0EE94}"
EndProject
Project("{9A19103F-16F7-4668-BE54-9A1E7A4F7556}") = "Day13", "Day13\Day13.csproj", "{858D45AB-6673-419B-9B35-68C1A67C3F49}"
EndProject
Project("{9A19103F-16F7-4668-BE54-9A1E7A4F7556}") = "Day14", "Day14\Day14.csproj", "{153C3F47-F1CD-41D5-A33C-FD69DE84266C}"
EndProject
Project("{9A19103F-16F7-4668-BE54-9A1E7A4F7556}") = "Day15", "Day15\Day15.csproj", "{60131072-48B9-496B-B07C-EEE0438ACBC2}"
EndProject
Project("{9A19103F-16F7-4668-BE54-9A1E7A4F7556}") = "Day16", "Day16\Day16.csproj", "{27CB1D24-1D2C-448E-87D9-57BED085608F}"
EndProject
Project("{9A19103F-16F7-4668-BE54-9A1E7A4F7556}") = "Day17", "Day17\Day17.csproj", "{8D2E625A-96B3-4552-8537-3CF5EAC29FC6}"
EndProject
Project("{9A19103F-16F7-4668-BE54-9A1E7A4F7556}") = "Day18", "Day18\Day18.csproj", "{3D210236-2D85-41DF-848C-BCD6DD4EF939}"
EndProject
Project("{9A19103F-16F7-4668-BE54-9A1E7A4F7556}") = "Day19", "Day19\Day19.csproj", "{DD027216-E073-433B-B2B3-74C510C9AA5C}"
EndProject
Project("{9A19103F-16F7-4668-BE54-9A1E7A4F7556}") = "Day20", "Day20\Day20.csproj", "{D08C0A12-2732-40BC-8948-D3A5A7C30740}"
EndProject
Project("{9A19103F-16F7-4668-BE54-9A1E7A4F7556}") = "Day21", "Day21\Day21.csproj", "{AA49EF8D-0134-4D12-86FC-1A61B5D9F3E5}"
EndProject
Project("{9A19103F-16F7-4668-BE54-9A1E7A4F7556}") = "Day21Test", "Test\Day21Test\Day21Test.csproj", "{2A62E116-007A-45B8-BDBA-1090805A1897}"
EndProject
Project("{9A19103F-16F7-4668-BE54-9A1E7A4F7556}") = "Day22", "Day22\Day22.csproj", "{9612E699-8592-4564-A85B-4BD9EB7C0DBB}"
EndProject
Project("{9A19103F-16F7-4668-BE54-9A1E7A4F7556}") = "Day23", "Day23\Day23.csproj", "{DBD1A929-F62E-4C2E-87B6-C7A4B3879C92}"
EndProject
Project("{2150E333-8FDC-42A3-9474-1A3956D46DE8}") = "Common", "Common", "{74F5C8DF-E968-43FA-B39F-FB182B15FE4D}"
EndProject
Project("{9A19103F-16F7-4668-BE54-9A1E7A4F7556}") = "Assembunny", "Assembunny\Assembunny.csproj", "{9C7CE864-3678-475B-ADDE-52A939AD22B0}"
EndProject
Global
	GlobalSection(SolutionConfigurationPlatforms) = preSolution
		Debug|Any CPU = Debug|Any CPU
		Debug|x64 = Debug|x64
		Debug|x86 = Debug|x86
		Release|Any CPU = Release|Any CPU
		Release|x64 = Release|x64
		Release|x86 = Release|x86
	EndGlobalSection
	GlobalSection(ProjectConfigurationPlatforms) = postSolution
		{18D70272-0EF9-48B5-BC3A-11D2935CF952}.Debug|Any CPU.ActiveCfg = Debug|Any CPU
		{18D70272-0EF9-48B5-BC3A-11D2935CF952}.Debug|Any CPU.Build.0 = Debug|Any CPU
		{18D70272-0EF9-48B5-BC3A-11D2935CF952}.Debug|x64.ActiveCfg = Debug|Any CPU
		{18D70272-0EF9-48B5-BC3A-11D2935CF952}.Debug|x64.Build.0 = Debug|Any CPU
		{18D70272-0EF9-48B5-BC3A-11D2935CF952}.Debug|x86.ActiveCfg = Debug|Any CPU
		{18D70272-0EF9-48B5-BC3A-11D2935CF952}.Debug|x86.Build.0 = Debug|Any CPU
		{18D70272-0EF9-48B5-BC3A-11D2935CF952}.Release|Any CPU.ActiveCfg = Release|Any CPU
		{18D70272-0EF9-48B5-BC3A-11D2935CF952}.Release|Any CPU.Build.0 = Release|Any CPU
		{18D70272-0EF9-48B5-BC3A-11D2935CF952}.Release|x64.ActiveCfg = Release|Any CPU
		{18D70272-0EF9-48B5-BC3A-11D2935CF952}.Release|x64.Build.0 = Release|Any CPU
		{18D70272-0EF9-48B5-BC3A-11D2935CF952}.Release|x86.ActiveCfg = Release|Any CPU
		{18D70272-0EF9-48B5-BC3A-11D2935CF952}.Release|x86.Build.0 = Release|Any CPU
		{0A375C14-7066-4565-B0F6-3F342F272230}.Debug|Any CPU.ActiveCfg = Debug|Any CPU
		{0A375C14-7066-4565-B0F6-3F342F272230}.Debug|Any CPU.Build.0 = Debug|Any CPU
		{0A375C14-7066-4565-B0F6-3F342F272230}.Debug|x64.ActiveCfg = Debug|Any CPU
		{0A375C14-7066-4565-B0F6-3F342F272230}.Debug|x64.Build.0 = Debug|Any CPU
		{0A375C14-7066-4565-B0F6-3F342F272230}.Debug|x86.ActiveCfg = Debug|Any CPU
		{0A375C14-7066-4565-B0F6-3F342F272230}.Debug|x86.Build.0 = Debug|Any CPU
		{0A375C14-7066-4565-B0F6-3F342F272230}.Release|Any CPU.ActiveCfg = Release|Any CPU
		{0A375C14-7066-4565-B0F6-3F342F272230}.Release|Any CPU.Build.0 = Release|Any CPU
		{0A375C14-7066-4565-B0F6-3F342F272230}.Release|x64.ActiveCfg = Release|Any CPU
		{0A375C14-7066-4565-B0F6-3F342F272230}.Release|x64.Build.0 = Release|Any CPU
		{0A375C14-7066-4565-B0F6-3F342F272230}.Release|x86.ActiveCfg = Release|Any CPU
		{0A375C14-7066-4565-B0F6-3F342F272230}.Release|x86.Build.0 = Release|Any CPU
		{FC78738C-7A6B-4A20-AAFF-5DA8BDD49C94}.Debug|Any CPU.ActiveCfg = Debug|Any CPU
		{FC78738C-7A6B-4A20-AAFF-5DA8BDD49C94}.Debug|Any CPU.Build.0 = Debug|Any CPU
		{FC78738C-7A6B-4A20-AAFF-5DA8BDD49C94}.Debug|x64.ActiveCfg = Debug|Any CPU
		{FC78738C-7A6B-4A20-AAFF-5DA8BDD49C94}.Debug|x64.Build.0 = Debug|Any CPU
		{FC78738C-7A6B-4A20-AAFF-5DA8BDD49C94}.Debug|x86.ActiveCfg = Debug|Any CPU
		{FC78738C-7A6B-4A20-AAFF-5DA8BDD49C94}.Debug|x86.Build.0 = Debug|Any CPU
		{FC78738C-7A6B-4A20-AAFF-5DA8BDD49C94}.Release|Any CPU.ActiveCfg = Release|Any CPU
		{FC78738C-7A6B-4A20-AAFF-5DA8BDD49C94}.Release|Any CPU.Build.0 = Release|Any CPU
		{FC78738C-7A6B-4A20-AAFF-5DA8BDD49C94}.Release|x64.ActiveCfg = Release|Any CPU
		{FC78738C-7A6B-4A20-AAFF-5DA8BDD49C94}.Release|x64.Build.0 = Release|Any CPU
		{FC78738C-7A6B-4A20-AAFF-5DA8BDD49C94}.Release|x86.ActiveCfg = Release|Any CPU
		{FC78738C-7A6B-4A20-AAFF-5DA8BDD49C94}.Release|x86.Build.0 = Release|Any CPU
		{1140D2B6-19D7-4FAF-9F45-49C8E86BBB34}.Debug|Any CPU.ActiveCfg = Debug|Any CPU
		{1140D2B6-19D7-4FAF-9F45-49C8E86BBB34}.Debug|Any CPU.Build.0 = Debug|Any CPU
		{1140D2B6-19D7-4FAF-9F45-49C8E86BBB34}.Debug|x64.ActiveCfg = Debug|Any CPU
		{1140D2B6-19D7-4FAF-9F45-49C8E86BBB34}.Debug|x64.Build.0 = Debug|Any CPU
		{1140D2B6-19D7-4FAF-9F45-49C8E86BBB34}.Debug|x86.ActiveCfg = Debug|Any CPU
		{1140D2B6-19D7-4FAF-9F45-49C8E86BBB34}.Debug|x86.Build.0 = Debug|Any CPU
		{1140D2B6-19D7-4FAF-9F45-49C8E86BBB34}.Release|Any CPU.ActiveCfg = Release|Any CPU
		{1140D2B6-19D7-4FAF-9F45-49C8E86BBB34}.Release|Any CPU.Build.0 = Release|Any CPU
		{1140D2B6-19D7-4FAF-9F45-49C8E86BBB34}.Release|x64.ActiveCfg = Release|Any CPU
		{1140D2B6-19D7-4FAF-9F45-49C8E86BBB34}.Release|x64.Build.0 = Release|Any CPU
		{1140D2B6-19D7-4FAF-9F45-49C8E86BBB34}.Release|x86.ActiveCfg = Release|Any CPU
		{1140D2B6-19D7-4FAF-9F45-49C8E86BBB34}.Release|x86.Build.0 = Release|Any CPU
		{91A29623-BF42-41A4-B213-9E08244DCC7C}.Debug|Any CPU.ActiveCfg = Debug|Any CPU
		{91A29623-BF42-41A4-B213-9E08244DCC7C}.Debug|Any CPU.Build.0 = Debug|Any CPU
		{91A29623-BF42-41A4-B213-9E08244DCC7C}.Debug|x64.ActiveCfg = Debug|Any CPU
		{91A29623-BF42-41A4-B213-9E08244DCC7C}.Debug|x64.Build.0 = Debug|Any CPU
		{91A29623-BF42-41A4-B213-9E08244DCC7C}.Debug|x86.ActiveCfg = Debug|Any CPU
		{91A29623-BF42-41A4-B213-9E08244DCC7C}.Debug|x86.Build.0 = Debug|Any CPU
		{91A29623-BF42-41A4-B213-9E08244DCC7C}.Release|Any CPU.ActiveCfg = Release|Any CPU
		{91A29623-BF42-41A4-B213-9E08244DCC7C}.Release|Any CPU.Build.0 = Release|Any CPU
		{91A29623-BF42-41A4-B213-9E08244DCC7C}.Release|x64.ActiveCfg = Release|Any CPU
		{91A29623-BF42-41A4-B213-9E08244DCC7C}.Release|x64.Build.0 = Release|Any CPU
		{91A29623-BF42-41A4-B213-9E08244DCC7C}.Release|x86.ActiveCfg = Release|Any CPU
		{91A29623-BF42-41A4-B213-9E08244DCC7C}.Release|x86.Build.0 = Release|Any CPU
		{37E3E82F-CF29-4C44-9A18-4BE02BFFE173}.Debug|Any CPU.ActiveCfg = Debug|Any CPU
		{37E3E82F-CF29-4C44-9A18-4BE02BFFE173}.Debug|Any CPU.Build.0 = Debug|Any CPU
		{37E3E82F-CF29-4C44-9A18-4BE02BFFE173}.Debug|x64.ActiveCfg = Debug|Any CPU
		{37E3E82F-CF29-4C44-9A18-4BE02BFFE173}.Debug|x64.Build.0 = Debug|Any CPU
		{37E3E82F-CF29-4C44-9A18-4BE02BFFE173}.Debug|x86.ActiveCfg = Debug|Any CPU
		{37E3E82F-CF29-4C44-9A18-4BE02BFFE173}.Debug|x86.Build.0 = Debug|Any CPU
		{37E3E82F-CF29-4C44-9A18-4BE02BFFE173}.Release|Any CPU.ActiveCfg = Release|Any CPU
		{37E3E82F-CF29-4C44-9A18-4BE02BFFE173}.Release|Any CPU.Build.0 = Release|Any CPU
		{37E3E82F-CF29-4C44-9A18-4BE02BFFE173}.Release|x64.ActiveCfg = Release|Any CPU
		{37E3E82F-CF29-4C44-9A18-4BE02BFFE173}.Release|x64.Build.0 = Release|Any CPU
		{37E3E82F-CF29-4C44-9A18-4BE02BFFE173}.Release|x86.ActiveCfg = Release|Any CPU
		{37E3E82F-CF29-4C44-9A18-4BE02BFFE173}.Release|x86.Build.0 = Release|Any CPU
		{08D1703A-58D9-4A2A-B74C-49251199C46D}.Debug|Any CPU.ActiveCfg = Debug|Any CPU
		{08D1703A-58D9-4A2A-B74C-49251199C46D}.Debug|Any CPU.Build.0 = Debug|Any CPU
		{08D1703A-58D9-4A2A-B74C-49251199C46D}.Debug|x64.ActiveCfg = Debug|Any CPU
		{08D1703A-58D9-4A2A-B74C-49251199C46D}.Debug|x64.Build.0 = Debug|Any CPU
		{08D1703A-58D9-4A2A-B74C-49251199C46D}.Debug|x86.ActiveCfg = Debug|Any CPU
		{08D1703A-58D9-4A2A-B74C-49251199C46D}.Debug|x86.Build.0 = Debug|Any CPU
		{08D1703A-58D9-4A2A-B74C-49251199C46D}.Release|Any CPU.ActiveCfg = Release|Any CPU
		{08D1703A-58D9-4A2A-B74C-49251199C46D}.Release|Any CPU.Build.0 = Release|Any CPU
		{08D1703A-58D9-4A2A-B74C-49251199C46D}.Release|x64.ActiveCfg = Release|Any CPU
		{08D1703A-58D9-4A2A-B74C-49251199C46D}.Release|x64.Build.0 = Release|Any CPU
		{08D1703A-58D9-4A2A-B74C-49251199C46D}.Release|x86.ActiveCfg = Release|Any CPU
		{08D1703A-58D9-4A2A-B74C-49251199C46D}.Release|x86.Build.0 = Release|Any CPU
		{6F96BB3E-CC5F-4680-9371-903369B530DF}.Debug|Any CPU.ActiveCfg = Debug|Any CPU
		{6F96BB3E-CC5F-4680-9371-903369B530DF}.Debug|Any CPU.Build.0 = Debug|Any CPU
		{6F96BB3E-CC5F-4680-9371-903369B530DF}.Debug|x64.ActiveCfg = Debug|Any CPU
		{6F96BB3E-CC5F-4680-9371-903369B530DF}.Debug|x64.Build.0 = Debug|Any CPU
		{6F96BB3E-CC5F-4680-9371-903369B530DF}.Debug|x86.ActiveCfg = Debug|Any CPU
		{6F96BB3E-CC5F-4680-9371-903369B530DF}.Debug|x86.Build.0 = Debug|Any CPU
		{6F96BB3E-CC5F-4680-9371-903369B530DF}.Release|Any CPU.ActiveCfg = Release|Any CPU
		{6F96BB3E-CC5F-4680-9371-903369B530DF}.Release|Any CPU.Build.0 = Release|Any CPU
		{6F96BB3E-CC5F-4680-9371-903369B530DF}.Release|x64.ActiveCfg = Release|Any CPU
		{6F96BB3E-CC5F-4680-9371-903369B530DF}.Release|x64.Build.0 = Release|Any CPU
		{6F96BB3E-CC5F-4680-9371-903369B530DF}.Release|x86.ActiveCfg = Release|Any CPU
		{6F96BB3E-CC5F-4680-9371-903369B530DF}.Release|x86.Build.0 = Release|Any CPU
		{FCD33CA1-673C-431E-B3E5-17E5F3D6B449}.Debug|Any CPU.ActiveCfg = Debug|Any CPU
		{FCD33CA1-673C-431E-B3E5-17E5F3D6B449}.Debug|Any CPU.Build.0 = Debug|Any CPU
		{FCD33CA1-673C-431E-B3E5-17E5F3D6B449}.Debug|x64.ActiveCfg = Debug|Any CPU
		{FCD33CA1-673C-431E-B3E5-17E5F3D6B449}.Debug|x64.Build.0 = Debug|Any CPU
		{FCD33CA1-673C-431E-B3E5-17E5F3D6B449}.Debug|x86.ActiveCfg = Debug|Any CPU
		{FCD33CA1-673C-431E-B3E5-17E5F3D6B449}.Debug|x86.Build.0 = Debug|Any CPU
		{FCD33CA1-673C-431E-B3E5-17E5F3D6B449}.Release|Any CPU.ActiveCfg = Release|Any CPU
		{FCD33CA1-673C-431E-B3E5-17E5F3D6B449}.Release|Any CPU.Build.0 = Release|Any CPU
		{FCD33CA1-673C-431E-B3E5-17E5F3D6B449}.Release|x64.ActiveCfg = Release|Any CPU
		{FCD33CA1-673C-431E-B3E5-17E5F3D6B449}.Release|x64.Build.0 = Release|Any CPU
		{FCD33CA1-673C-431E-B3E5-17E5F3D6B449}.Release|x86.ActiveCfg = Release|Any CPU
		{FCD33CA1-673C-431E-B3E5-17E5F3D6B449}.Release|x86.Build.0 = Release|Any CPU
		{D2FA8E7A-FE93-44C2-90E6-0441E3FDA3D6}.Debug|Any CPU.ActiveCfg = Debug|Any CPU
		{D2FA8E7A-FE93-44C2-90E6-0441E3FDA3D6}.Debug|Any CPU.Build.0 = Debug|Any CPU
		{D2FA8E7A-FE93-44C2-90E6-0441E3FDA3D6}.Debug|x64.ActiveCfg = Debug|Any CPU
		{D2FA8E7A-FE93-44C2-90E6-0441E3FDA3D6}.Debug|x64.Build.0 = Debug|Any CPU
		{D2FA8E7A-FE93-44C2-90E6-0441E3FDA3D6}.Debug|x86.ActiveCfg = Debug|Any CPU
		{D2FA8E7A-FE93-44C2-90E6-0441E3FDA3D6}.Debug|x86.Build.0 = Debug|Any CPU
		{D2FA8E7A-FE93-44C2-90E6-0441E3FDA3D6}.Release|Any CPU.ActiveCfg = Release|Any CPU
		{D2FA8E7A-FE93-44C2-90E6-0441E3FDA3D6}.Release|Any CPU.Build.0 = Release|Any CPU
		{D2FA8E7A-FE93-44C2-90E6-0441E3FDA3D6}.Release|x64.ActiveCfg = Release|Any CPU
		{D2FA8E7A-FE93-44C2-90E6-0441E3FDA3D6}.Release|x64.Build.0 = Release|Any CPU
		{D2FA8E7A-FE93-44C2-90E6-0441E3FDA3D6}.Release|x86.ActiveCfg = Release|Any CPU
		{D2FA8E7A-FE93-44C2-90E6-0441E3FDA3D6}.Release|x86.Build.0 = Release|Any CPU
		{9ED736EE-581D-49CC-B27C-1271BBF10399}.Debug|Any CPU.ActiveCfg = Debug|Any CPU
		{9ED736EE-581D-49CC-B27C-1271BBF10399}.Debug|Any CPU.Build.0 = Debug|Any CPU
		{9ED736EE-581D-49CC-B27C-1271BBF10399}.Debug|x64.ActiveCfg = Debug|Any CPU
		{9ED736EE-581D-49CC-B27C-1271BBF10399}.Debug|x64.Build.0 = Debug|Any CPU
		{9ED736EE-581D-49CC-B27C-1271BBF10399}.Debug|x86.ActiveCfg = Debug|Any CPU
		{9ED736EE-581D-49CC-B27C-1271BBF10399}.Debug|x86.Build.0 = Debug|Any CPU
		{9ED736EE-581D-49CC-B27C-1271BBF10399}.Release|Any CPU.ActiveCfg = Release|Any CPU
		{9ED736EE-581D-49CC-B27C-1271BBF10399}.Release|Any CPU.Build.0 = Release|Any CPU
		{9ED736EE-581D-49CC-B27C-1271BBF10399}.Release|x64.ActiveCfg = Release|Any CPU
		{9ED736EE-581D-49CC-B27C-1271BBF10399}.Release|x64.Build.0 = Release|Any CPU
		{9ED736EE-581D-49CC-B27C-1271BBF10399}.Release|x86.ActiveCfg = Release|Any CPU
		{9ED736EE-581D-49CC-B27C-1271BBF10399}.Release|x86.Build.0 = Release|Any CPU
		{50F46EC9-7066-46D8-994C-F9C980E0EE94}.Debug|Any CPU.ActiveCfg = Debug|Any CPU
		{50F46EC9-7066-46D8-994C-F9C980E0EE94}.Debug|Any CPU.Build.0 = Debug|Any CPU
		{50F46EC9-7066-46D8-994C-F9C980E0EE94}.Debug|x64.ActiveCfg = Debug|Any CPU
		{50F46EC9-7066-46D8-994C-F9C980E0EE94}.Debug|x64.Build.0 = Debug|Any CPU
		{50F46EC9-7066-46D8-994C-F9C980E0EE94}.Debug|x86.ActiveCfg = Debug|Any CPU
		{50F46EC9-7066-46D8-994C-F9C980E0EE94}.Debug|x86.Build.0 = Debug|Any CPU
		{50F46EC9-7066-46D8-994C-F9C980E0EE94}.Release|Any CPU.ActiveCfg = Release|Any CPU
		{50F46EC9-7066-46D8-994C-F9C980E0EE94}.Release|Any CPU.Build.0 = Release|Any CPU
		{50F46EC9-7066-46D8-994C-F9C980E0EE94}.Release|x64.ActiveCfg = Release|Any CPU
		{50F46EC9-7066-46D8-994C-F9C980E0EE94}.Release|x64.Build.0 = Release|Any CPU
		{50F46EC9-7066-46D8-994C-F9C980E0EE94}.Release|x86.ActiveCfg = Release|Any CPU
		{50F46EC9-7066-46D8-994C-F9C980E0EE94}.Release|x86.Build.0 = Release|Any CPU
		{858D45AB-6673-419B-9B35-68C1A67C3F49}.Debug|Any CPU.ActiveCfg = Debug|Any CPU
		{858D45AB-6673-419B-9B35-68C1A67C3F49}.Debug|Any CPU.Build.0 = Debug|Any CPU
		{858D45AB-6673-419B-9B35-68C1A67C3F49}.Debug|x64.ActiveCfg = Debug|Any CPU
		{858D45AB-6673-419B-9B35-68C1A67C3F49}.Debug|x64.Build.0 = Debug|Any CPU
		{858D45AB-6673-419B-9B35-68C1A67C3F49}.Debug|x86.ActiveCfg = Debug|Any CPU
		{858D45AB-6673-419B-9B35-68C1A67C3F49}.Debug|x86.Build.0 = Debug|Any CPU
		{858D45AB-6673-419B-9B35-68C1A67C3F49}.Release|Any CPU.ActiveCfg = Release|Any CPU
		{858D45AB-6673-419B-9B35-68C1A67C3F49}.Release|Any CPU.Build.0 = Release|Any CPU
		{858D45AB-6673-419B-9B35-68C1A67C3F49}.Release|x64.ActiveCfg = Release|Any CPU
		{858D45AB-6673-419B-9B35-68C1A67C3F49}.Release|x64.Build.0 = Release|Any CPU
		{858D45AB-6673-419B-9B35-68C1A67C3F49}.Release|x86.ActiveCfg = Release|Any CPU
		{858D45AB-6673-419B-9B35-68C1A67C3F49}.Release|x86.Build.0 = Release|Any CPU
		{153C3F47-F1CD-41D5-A33C-FD69DE84266C}.Debug|Any CPU.ActiveCfg = Debug|Any CPU
		{153C3F47-F1CD-41D5-A33C-FD69DE84266C}.Debug|Any CPU.Build.0 = Debug|Any CPU
		{153C3F47-F1CD-41D5-A33C-FD69DE84266C}.Debug|x64.ActiveCfg = Debug|Any CPU
		{153C3F47-F1CD-41D5-A33C-FD69DE84266C}.Debug|x64.Build.0 = Debug|Any CPU
		{153C3F47-F1CD-41D5-A33C-FD69DE84266C}.Debug|x86.ActiveCfg = Debug|Any CPU
		{153C3F47-F1CD-41D5-A33C-FD69DE84266C}.Debug|x86.Build.0 = Debug|Any CPU
		{153C3F47-F1CD-41D5-A33C-FD69DE84266C}.Release|Any CPU.ActiveCfg = Release|Any CPU
		{153C3F47-F1CD-41D5-A33C-FD69DE84266C}.Release|Any CPU.Build.0 = Release|Any CPU
		{153C3F47-F1CD-41D5-A33C-FD69DE84266C}.Release|x64.ActiveCfg = Release|Any CPU
		{153C3F47-F1CD-41D5-A33C-FD69DE84266C}.Release|x64.Build.0 = Release|Any CPU
		{153C3F47-F1CD-41D5-A33C-FD69DE84266C}.Release|x86.ActiveCfg = Release|Any CPU
		{153C3F47-F1CD-41D5-A33C-FD69DE84266C}.Release|x86.Build.0 = Release|Any CPU
		{60131072-48B9-496B-B07C-EEE0438ACBC2}.Debug|Any CPU.ActiveCfg = Debug|Any CPU
		{60131072-48B9-496B-B07C-EEE0438ACBC2}.Debug|Any CPU.Build.0 = Debug|Any CPU
		{60131072-48B9-496B-B07C-EEE0438ACBC2}.Debug|x64.ActiveCfg = Debug|Any CPU
		{60131072-48B9-496B-B07C-EEE0438ACBC2}.Debug|x64.Build.0 = Debug|Any CPU
		{60131072-48B9-496B-B07C-EEE0438ACBC2}.Debug|x86.ActiveCfg = Debug|Any CPU
		{60131072-48B9-496B-B07C-EEE0438ACBC2}.Debug|x86.Build.0 = Debug|Any CPU
		{60131072-48B9-496B-B07C-EEE0438ACBC2}.Release|Any CPU.ActiveCfg = Release|Any CPU
		{60131072-48B9-496B-B07C-EEE0438ACBC2}.Release|Any CPU.Build.0 = Release|Any CPU
		{60131072-48B9-496B-B07C-EEE0438ACBC2}.Release|x64.ActiveCfg = Release|Any CPU
		{60131072-48B9-496B-B07C-EEE0438ACBC2}.Release|x64.Build.0 = Release|Any CPU
		{60131072-48B9-496B-B07C-EEE0438ACBC2}.Release|x86.ActiveCfg = Release|Any CPU
		{60131072-48B9-496B-B07C-EEE0438ACBC2}.Release|x86.Build.0 = Release|Any CPU
		{27CB1D24-1D2C-448E-87D9-57BED085608F}.Debug|Any CPU.ActiveCfg = Debug|Any CPU
		{27CB1D24-1D2C-448E-87D9-57BED085608F}.Debug|Any CPU.Build.0 = Debug|Any CPU
		{27CB1D24-1D2C-448E-87D9-57BED085608F}.Debug|x64.ActiveCfg = Debug|Any CPU
		{27CB1D24-1D2C-448E-87D9-57BED085608F}.Debug|x64.Build.0 = Debug|Any CPU
		{27CB1D24-1D2C-448E-87D9-57BED085608F}.Debug|x86.ActiveCfg = Debug|Any CPU
		{27CB1D24-1D2C-448E-87D9-57BED085608F}.Debug|x86.Build.0 = Debug|Any CPU
		{27CB1D24-1D2C-448E-87D9-57BED085608F}.Release|Any CPU.ActiveCfg = Release|Any CPU
		{27CB1D24-1D2C-448E-87D9-57BED085608F}.Release|Any CPU.Build.0 = Release|Any CPU
		{27CB1D24-1D2C-448E-87D9-57BED085608F}.Release|x64.ActiveCfg = Release|Any CPU
		{27CB1D24-1D2C-448E-87D9-57BED085608F}.Release|x64.Build.0 = Release|Any CPU
		{27CB1D24-1D2C-448E-87D9-57BED085608F}.Release|x86.ActiveCfg = Release|Any CPU
		{27CB1D24-1D2C-448E-87D9-57BED085608F}.Release|x86.Build.0 = Release|Any CPU
		{8D2E625A-96B3-4552-8537-3CF5EAC29FC6}.Debug|Any CPU.ActiveCfg = Debug|Any CPU
		{8D2E625A-96B3-4552-8537-3CF5EAC29FC6}.Debug|Any CPU.Build.0 = Debug|Any CPU
		{8D2E625A-96B3-4552-8537-3CF5EAC29FC6}.Debug|x64.ActiveCfg = Debug|Any CPU
		{8D2E625A-96B3-4552-8537-3CF5EAC29FC6}.Debug|x64.Build.0 = Debug|Any CPU
		{8D2E625A-96B3-4552-8537-3CF5EAC29FC6}.Debug|x86.ActiveCfg = Debug|Any CPU
		{8D2E625A-96B3-4552-8537-3CF5EAC29FC6}.Debug|x86.Build.0 = Debug|Any CPU
		{8D2E625A-96B3-4552-8537-3CF5EAC29FC6}.Release|Any CPU.ActiveCfg = Release|Any CPU
		{8D2E625A-96B3-4552-8537-3CF5EAC29FC6}.Release|Any CPU.Build.0 = Release|Any CPU
		{8D2E625A-96B3-4552-8537-3CF5EAC29FC6}.Release|x64.ActiveCfg = Release|Any CPU
		{8D2E625A-96B3-4552-8537-3CF5EAC29FC6}.Release|x64.Build.0 = Release|Any CPU
		{8D2E625A-96B3-4552-8537-3CF5EAC29FC6}.Release|x86.ActiveCfg = Release|Any CPU
		{8D2E625A-96B3-4552-8537-3CF5EAC29FC6}.Release|x86.Build.0 = Release|Any CPU
		{3D210236-2D85-41DF-848C-BCD6DD4EF939}.Debug|Any CPU.ActiveCfg = Debug|Any CPU
		{3D210236-2D85-41DF-848C-BCD6DD4EF939}.Debug|Any CPU.Build.0 = Debug|Any CPU
		{3D210236-2D85-41DF-848C-BCD6DD4EF939}.Debug|x64.ActiveCfg = Debug|Any CPU
		{3D210236-2D85-41DF-848C-BCD6DD4EF939}.Debug|x64.Build.0 = Debug|Any CPU
		{3D210236-2D85-41DF-848C-BCD6DD4EF939}.Debug|x86.ActiveCfg = Debug|Any CPU
		{3D210236-2D85-41DF-848C-BCD6DD4EF939}.Debug|x86.Build.0 = Debug|Any CPU
		{3D210236-2D85-41DF-848C-BCD6DD4EF939}.Release|Any CPU.ActiveCfg = Release|Any CPU
		{3D210236-2D85-41DF-848C-BCD6DD4EF939}.Release|Any CPU.Build.0 = Release|Any CPU
		{3D210236-2D85-41DF-848C-BCD6DD4EF939}.Release|x64.ActiveCfg = Release|Any CPU
		{3D210236-2D85-41DF-848C-BCD6DD4EF939}.Release|x64.Build.0 = Release|Any CPU
		{3D210236-2D85-41DF-848C-BCD6DD4EF939}.Release|x86.ActiveCfg = Release|Any CPU
		{3D210236-2D85-41DF-848C-BCD6DD4EF939}.Release|x86.Build.0 = Release|Any CPU
		{DD027216-E073-433B-B2B3-74C510C9AA5C}.Debug|Any CPU.ActiveCfg = Debug|Any CPU
		{DD027216-E073-433B-B2B3-74C510C9AA5C}.Debug|Any CPU.Build.0 = Debug|Any CPU
		{DD027216-E073-433B-B2B3-74C510C9AA5C}.Debug|x64.ActiveCfg = Debug|Any CPU
		{DD027216-E073-433B-B2B3-74C510C9AA5C}.Debug|x64.Build.0 = Debug|Any CPU
		{DD027216-E073-433B-B2B3-74C510C9AA5C}.Debug|x86.ActiveCfg = Debug|Any CPU
		{DD027216-E073-433B-B2B3-74C510C9AA5C}.Debug|x86.Build.0 = Debug|Any CPU
		{DD027216-E073-433B-B2B3-74C510C9AA5C}.Release|Any CPU.ActiveCfg = Release|Any CPU
		{DD027216-E073-433B-B2B3-74C510C9AA5C}.Release|Any CPU.Build.0 = Release|Any CPU
		{DD027216-E073-433B-B2B3-74C510C9AA5C}.Release|x64.ActiveCfg = Release|Any CPU
		{DD027216-E073-433B-B2B3-74C510C9AA5C}.Release|x64.Build.0 = Release|Any CPU
		{DD027216-E073-433B-B2B3-74C510C9AA5C}.Release|x86.ActiveCfg = Release|Any CPU
		{DD027216-E073-433B-B2B3-74C510C9AA5C}.Release|x86.Build.0 = Release|Any CPU
		{D08C0A12-2732-40BC-8948-D3A5A7C30740}.Debug|Any CPU.ActiveCfg = Debug|Any CPU
		{D08C0A12-2732-40BC-8948-D3A5A7C30740}.Debug|Any CPU.Build.0 = Debug|Any CPU
		{D08C0A12-2732-40BC-8948-D3A5A7C30740}.Debug|x64.ActiveCfg = Debug|Any CPU
		{D08C0A12-2732-40BC-8948-D3A5A7C30740}.Debug|x64.Build.0 = Debug|Any CPU
		{D08C0A12-2732-40BC-8948-D3A5A7C30740}.Debug|x86.ActiveCfg = Debug|Any CPU
		{D08C0A12-2732-40BC-8948-D3A5A7C30740}.Debug|x86.Build.0 = Debug|Any CPU
		{D08C0A12-2732-40BC-8948-D3A5A7C30740}.Release|Any CPU.ActiveCfg = Release|Any CPU
		{D08C0A12-2732-40BC-8948-D3A5A7C30740}.Release|Any CPU.Build.0 = Release|Any CPU
		{D08C0A12-2732-40BC-8948-D3A5A7C30740}.Release|x64.ActiveCfg = Release|Any CPU
		{D08C0A12-2732-40BC-8948-D3A5A7C30740}.Release|x64.Build.0 = Release|Any CPU
		{D08C0A12-2732-40BC-8948-D3A5A7C30740}.Release|x86.ActiveCfg = Release|Any CPU
		{D08C0A12-2732-40BC-8948-D3A5A7C30740}.Release|x86.Build.0 = Release|Any CPU
		{AA49EF8D-0134-4D12-86FC-1A61B5D9F3E5}.Debug|Any CPU.ActiveCfg = Debug|Any CPU
		{AA49EF8D-0134-4D12-86FC-1A61B5D9F3E5}.Debug|Any CPU.Build.0 = Debug|Any CPU
		{AA49EF8D-0134-4D12-86FC-1A61B5D9F3E5}.Debug|x64.ActiveCfg = Debug|Any CPU
		{AA49EF8D-0134-4D12-86FC-1A61B5D9F3E5}.Debug|x64.Build.0 = Debug|Any CPU
		{AA49EF8D-0134-4D12-86FC-1A61B5D9F3E5}.Debug|x86.ActiveCfg = Debug|Any CPU
		{AA49EF8D-0134-4D12-86FC-1A61B5D9F3E5}.Debug|x86.Build.0 = Debug|Any CPU
		{AA49EF8D-0134-4D12-86FC-1A61B5D9F3E5}.Release|Any CPU.ActiveCfg = Release|Any CPU
		{AA49EF8D-0134-4D12-86FC-1A61B5D9F3E5}.Release|Any CPU.Build.0 = Release|Any CPU
		{AA49EF8D-0134-4D12-86FC-1A61B5D9F3E5}.Release|x64.ActiveCfg = Release|Any CPU
		{AA49EF8D-0134-4D12-86FC-1A61B5D9F3E5}.Release|x64.Build.0 = Release|Any CPU
		{AA49EF8D-0134-4D12-86FC-1A61B5D9F3E5}.Release|x86.ActiveCfg = Release|Any CPU
		{AA49EF8D-0134-4D12-86FC-1A61B5D9F3E5}.Release|x86.Build.0 = Release|Any CPU
		{2A62E116-007A-45B8-BDBA-1090805A1897}.Debug|Any CPU.ActiveCfg = Debug|Any CPU
		{2A62E116-007A-45B8-BDBA-1090805A1897}.Debug|Any CPU.Build.0 = Debug|Any CPU
		{2A62E116-007A-45B8-BDBA-1090805A1897}.Debug|x64.ActiveCfg = Debug|Any CPU
		{2A62E116-007A-45B8-BDBA-1090805A1897}.Debug|x64.Build.0 = Debug|Any CPU
		{2A62E116-007A-45B8-BDBA-1090805A1897}.Debug|x86.ActiveCfg = Debug|Any CPU
		{2A62E116-007A-45B8-BDBA-1090805A1897}.Debug|x86.Build.0 = Debug|Any CPU
		{2A62E116-007A-45B8-BDBA-1090805A1897}.Release|Any CPU.ActiveCfg = Release|Any CPU
		{2A62E116-007A-45B8-BDBA-1090805A1897}.Release|Any CPU.Build.0 = Release|Any CPU
		{2A62E116-007A-45B8-BDBA-1090805A1897}.Release|x64.ActiveCfg = Release|Any CPU
		{2A62E116-007A-45B8-BDBA-1090805A1897}.Release|x64.Build.0 = Release|Any CPU
		{2A62E116-007A-45B8-BDBA-1090805A1897}.Release|x86.ActiveCfg = Release|Any CPU
		{2A62E116-007A-45B8-BDBA-1090805A1897}.Release|x86.Build.0 = Release|Any CPU
		{9612E699-8592-4564-A85B-4BD9EB7C0DBB}.Debug|Any CPU.ActiveCfg = Debug|Any CPU
		{9612E699-8592-4564-A85B-4BD9EB7C0DBB}.Debug|Any CPU.Build.0 = Debug|Any CPU
		{9612E699-8592-4564-A85B-4BD9EB7C0DBB}.Debug|x64.ActiveCfg = Debug|Any CPU
		{9612E699-8592-4564-A85B-4BD9EB7C0DBB}.Debug|x64.Build.0 = Debug|Any CPU
		{9612E699-8592-4564-A85B-4BD9EB7C0DBB}.Debug|x86.ActiveCfg = Debug|Any CPU
		{9612E699-8592-4564-A85B-4BD9EB7C0DBB}.Debug|x86.Build.0 = Debug|Any CPU
		{9612E699-8592-4564-A85B-4BD9EB7C0DBB}.Release|Any CPU.ActiveCfg = Release|Any CPU
		{9612E699-8592-4564-A85B-4BD9EB7C0DBB}.Release|Any CPU.Build.0 = Release|Any CPU
		{9612E699-8592-4564-A85B-4BD9EB7C0DBB}.Release|x64.ActiveCfg = Release|Any CPU
		{9612E699-8592-4564-A85B-4BD9EB7C0DBB}.Release|x64.Build.0 = Release|Any CPU
		{9612E699-8592-4564-A85B-4BD9EB7C0DBB}.Release|x86.ActiveCfg = Release|Any CPU
		{9612E699-8592-4564-A85B-4BD9EB7C0DBB}.Release|x86.Build.0 = Release|Any CPU
		{DBD1A929-F62E-4C2E-87B6-C7A4B3879C92}.Debug|Any CPU.ActiveCfg = Debug|Any CPU
		{DBD1A929-F62E-4C2E-87B6-C7A4B3879C92}.Debug|Any CPU.Build.0 = Debug|Any CPU
		{DBD1A929-F62E-4C2E-87B6-C7A4B3879C92}.Debug|x64.ActiveCfg = Debug|Any CPU
		{DBD1A929-F62E-4C2E-87B6-C7A4B3879C92}.Debug|x64.Build.0 = Debug|Any CPU
		{DBD1A929-F62E-4C2E-87B6-C7A4B3879C92}.Debug|x86.ActiveCfg = Debug|Any CPU
		{DBD1A929-F62E-4C2E-87B6-C7A4B3879C92}.Debug|x86.Build.0 = Debug|Any CPU
		{DBD1A929-F62E-4C2E-87B6-C7A4B3879C92}.Release|Any CPU.ActiveCfg = Release|Any CPU
		{DBD1A929-F62E-4C2E-87B6-C7A4B3879C92}.Release|Any CPU.Build.0 = Release|Any CPU
		{DBD1A929-F62E-4C2E-87B6-C7A4B3879C92}.Release|x64.ActiveCfg = Release|Any CPU
		{DBD1A929-F62E-4C2E-87B6-C7A4B3879C92}.Release|x64.Build.0 = Release|Any CPU
		{DBD1A929-F62E-4C2E-87B6-C7A4B3879C92}.Release|x86.ActiveCfg = Release|Any CPU
		{DBD1A929-F62E-4C2E-87B6-C7A4B3879C92}.Release|x86.Build.0 = Release|Any CPU
		{9C7CE864-3678-475B-ADDE-52A939AD22B0}.Debug|Any CPU.ActiveCfg = Debug|Any CPU
		{9C7CE864-3678-475B-ADDE-52A939AD22B0}.Debug|Any CPU.Build.0 = Debug|Any CPU
		{9C7CE864-3678-475B-ADDE-52A939AD22B0}.Debug|x64.ActiveCfg = Debug|Any CPU
		{9C7CE864-3678-475B-ADDE-52A939AD22B0}.Debug|x64.Build.0 = Debug|Any CPU
		{9C7CE864-3678-475B-ADDE-52A939AD22B0}.Debug|x86.ActiveCfg = Debug|Any CPU
		{9C7CE864-3678-475B-ADDE-52A939AD22B0}.Debug|x86.Build.0 = Debug|Any CPU
		{9C7CE864-3678-475B-ADDE-52A939AD22B0}.Release|Any CPU.ActiveCfg = Release|Any CPU
		{9C7CE864-3678-475B-ADDE-52A939AD22B0}.Release|Any CPU.Build.0 = Release|Any CPU
		{9C7CE864-3678-475B-ADDE-52A939AD22B0}.Release|x64.ActiveCfg = Release|Any CPU
		{9C7CE864-3678-475B-ADDE-52A939AD22B0}.Release|x64.Build.0 = Release|Any CPU
		{9C7CE864-3678-475B-ADDE-52A939AD22B0}.Release|x86.ActiveCfg = Release|Any CPU
		{9C7CE864-3678-475B-ADDE-52A939AD22B0}.Release|x86.Build.0 = Release|Any CPU
	EndGlobalSection
	GlobalSection(SolutionProperties) = preSolution
		HideSolutionNode = FALSE
	EndGlobalSection
	GlobalSection(NestedProjects) = preSolution
		{2A62E116-007A-45B8-BDBA-1090805A1897} = {AD4E7086-BE21-486B-A679-2A3449D8CCD0}
		{9C7CE864-3678-475B-ADDE-52A939AD22B0} = {74F5C8DF-E968-43FA-B39F-FB182B15FE4D}
	EndGlobalSection
	GlobalSection(ExtensibilityGlobals) = postSolution
		SolutionGuid = {CC9ABDA0-E1BF-45C7-94DC-47F911E31753}
	EndGlobalSection
EndGlobal
