
Microsoft Visual Studio Solution File, Format Version 12.00
# Visual Studio Version 16
VisualStudioVersion = 16.0.30717.126
MinimumVisualStudioVersion = 15.0.26124.0
Project("{9A19103F-16F7-4668-BE54-9A1E7A4F7556}") = "Day1", "Day1\Day1.csproj", "{18D70272-0EF9-48B5-BC3A-11D2935CF952}"
EndProject
Project("{9A19103F-16F7-4668-BE54-9A1E7A4F7556}") = "Day2", "Day2\Day2.csproj", "{0A375C14-7066-4565-B0F6-3F342F272230}"
EndProject
Project("{9A19103F-16F7-4668-BE54-9A1E7A4F7556}") = "Day3", "Day3\Day3.csproj", "{FC78738C-7A6B-4A20-AAFF-5DA8BDD49C94}"
EndProject
Project("{9A19103F-16F7-4668-BE54-9A1E7A4F7556}") = "Day4", "Day4\Day4.csproj", "{1140D2B6-19D7-4FAF-9F45-49C8E86BBB34}"
EndProject
Project("{9A19103F-16F7-4668-BE54-9A1E7A4F7556}") = "Day5", "Day5\Day5.csproj", "{91A29623-BF42-41A4-B213-9E08244DCC7C}"
EndProject
Project("{9A19103F-16F7-4668-BE54-9A1E7A4F7556}") = "Day6", "Day6\Day6.csproj", "{37E3E82F-CF29-4C44-9A18-4BE02BFFE173}"
EndProject
Project("{9A19103F-16F7-4668-BE54-9A1E7A4F7556}") = "Day7", "Day7\Day7.csproj", "{08D1703A-58D9-4A2A-B74C-49251199C46D}"
EndProject
Project("{9A19103F-16F7-4668-BE54-9A1E7A4F7556}") = "Day8", "Day8\Day8.csproj", "{6F96BB3E-CC5F-4680-9371-903369B530DF}"
EndProject
Project("{9A19103F-16F7-4668-BE54-9A1E7A4F7556}") = "Day9", "Day9\Day9.csproj", "{FCD33CA1-673C-431E-B3E5-17E5F3D6B449}"
EndProject
Project("{9A19103F-16F7-4668-BE54-9A1E7A4F7556}") = "Day10", "Day10\Day10.csproj", "{D2FA8E7A-FE93-44C2-90E6-0441E3FDA3D6}"
EndProject
Project("{9A19103F-16F7-4668-BE54-9A1E7A4F7556}") = "Day11", "Day11\Day11.csproj", "{B97208EF-9DA2-4BD3-9BFC-A3D2DE326DD4}"
EndProject
Global
	GlobalSection(SolutionConfigurationPlatforms) = preSolution
		Debug|Any CPU = Debug|Any CPU
		Debug|x64 = Debug|x64
		Debug|x86 = Debug|x86
		Release|Any CPU = Release|Any CPU
		Release|x64 = Release|x64
		Release|x86 = Release|x86
	EndGlobalSection
	GlobalSection(ProjectConfigurationPlatforms) = postSolution
		{18D70272-0EF9-48B5-BC3A-11D2935CF952}.Debug|Any CPU.ActiveCfg = Debug|Any CPU
		{18D70272-0EF9-48B5-BC3A-11D2935CF952}.Debug|Any CPU.Build.0 = Debug|Any CPU
		{18D70272-0EF9-48B5-BC3A-11D2935CF952}.Debug|x64.ActiveCfg = Debug|Any CPU
		{18D70272-0EF9-48B5-BC3A-11D2935CF952}.Debug|x64.Build.0 = Debug|Any CPU
		{18D70272-0EF9-48B5-BC3A-11D2935CF952}.Debug|x86.ActiveCfg = Debug|Any CPU
		{18D70272-0EF9-48B5-BC3A-11D2935CF952}.Debug|x86.Build.0 = Debug|Any CPU
		{18D70272-0EF9-48B5-BC3A-11D2935CF952}.Release|Any CPU.ActiveCfg = Release|Any CPU
		{18D70272-0EF9-48B5-BC3A-11D2935CF952}.Release|Any CPU.Build.0 = Release|Any CPU
		{18D70272-0EF9-48B5-BC3A-11D2935CF952}.Release|x64.ActiveCfg = Release|Any CPU
		{18D70272-0EF9-48B5-BC3A-11D2935CF952}.Release|x64.Build.0 = Release|Any CPU
		{18D70272-0EF9-48B5-BC3A-11D2935CF952}.Release|x86.ActiveCfg = Release|Any CPU
		{18D70272-0EF9-48B5-BC3A-11D2935CF952}.Release|x86.Build.0 = Release|Any CPU
		{0A375C14-7066-4565-B0F6-3F342F272230}.Debug|Any CPU.ActiveCfg = Debug|Any CPU
		{0A375C14-7066-4565-B0F6-3F342F272230}.Debug|Any CPU.Build.0 = Debug|Any CPU
		{0A375C14-7066-4565-B0F6-3F342F272230}.Debug|x64.ActiveCfg = Debug|Any CPU
		{0A375C14-7066-4565-B0F6-3F342F272230}.Debug|x64.Build.0 = Debug|Any CPU
		{0A375C14-7066-4565-B0F6-3F342F272230}.Debug|x86.ActiveCfg = Debug|Any CPU
		{0A375C14-7066-4565-B0F6-3F342F272230}.Debug|x86.Build.0 = Debug|Any CPU
		{0A375C14-7066-4565-B0F6-3F342F272230}.Release|Any CPU.ActiveCfg = Release|Any CPU
		{0A375C14-7066-4565-B0F6-3F342F272230}.Release|Any CPU.Build.0 = Release|Any CPU
		{0A375C14-7066-4565-B0F6-3F342F272230}.Release|x64.ActiveCfg = Release|Any CPU
		{0A375C14-7066-4565-B0F6-3F342F272230}.Release|x64.Build.0 = Release|Any CPU
		{0A375C14-7066-4565-B0F6-3F342F272230}.Release|x86.ActiveCfg = Release|Any CPU
		{0A375C14-7066-4565-B0F6-3F342F272230}.Release|x86.Build.0 = Release|Any CPU
		{FC78738C-7A6B-4A20-AAFF-5DA8BDD49C94}.Debug|Any CPU.ActiveCfg = Debug|Any CPU
		{FC78738C-7A6B-4A20-AAFF-5DA8BDD49C94}.Debug|Any CPU.Build.0 = Debug|Any CPU
		{FC78738C-7A6B-4A20-AAFF-5DA8BDD49C94}.Debug|x64.ActiveCfg = Debug|Any CPU
		{FC78738C-7A6B-4A20-AAFF-5DA8BDD49C94}.Debug|x64.Build.0 = Debug|Any CPU
		{FC78738C-7A6B-4A20-AAFF-5DA8BDD49C94}.Debug|x86.ActiveCfg = Debug|Any CPU
		{FC78738C-7A6B-4A20-AAFF-5DA8BDD49C94}.Debug|x86.Build.0 = Debug|Any CPU
		{FC78738C-7A6B-4A20-AAFF-5DA8BDD49C94}.Release|Any CPU.ActiveCfg = Release|Any CPU
		{FC78738C-7A6B-4A20-AAFF-5DA8BDD49C94}.Release|Any CPU.Build.0 = Release|Any CPU
		{FC78738C-7A6B-4A20-AAFF-5DA8BDD49C94}.Release|x64.ActiveCfg = Release|Any CPU
		{FC78738C-7A6B-4A20-AAFF-5DA8BDD49C94}.Release|x64.Build.0 = Release|Any CPU
		{FC78738C-7A6B-4A20-AAFF-5DA8BDD49C94}.Release|x86.ActiveCfg = Release|Any CPU
		{FC78738C-7A6B-4A20-AAFF-5DA8BDD49C94}.Release|x86.Build.0 = Release|Any CPU
		{1140D2B6-19D7-4FAF-9F45-49C8E86BBB34}.Debug|Any CPU.ActiveCfg = Debug|Any CPU
		{1140D2B6-19D7-4FAF-9F45-49C8E86BBB34}.Debug|Any CPU.Build.0 = Debug|Any CPU
		{1140D2B6-19D7-4FAF-9F45-49C8E86BBB34}.Debug|x64.ActiveCfg = Debug|Any CPU
		{1140D2B6-19D7-4FAF-9F45-49C8E86BBB34}.Debug|x64.Build.0 = Debug|Any CPU
		{1140D2B6-19D7-4FAF-9F45-49C8E86BBB34}.Debug|x86.ActiveCfg = Debug|Any CPU
		{1140D2B6-19D7-4FAF-9F45-49C8E86BBB34}.Debug|x86.Build.0 = Debug|Any CPU
		{1140D2B6-19D7-4FAF-9F45-49C8E86BBB34}.Release|Any CPU.ActiveCfg = Release|Any CPU
		{1140D2B6-19D7-4FAF-9F45-49C8E86BBB34}.Release|Any CPU.Build.0 = Release|Any CPU
		{1140D2B6-19D7-4FAF-9F45-49C8E86BBB34}.Release|x64.ActiveCfg = Release|Any CPU
		{1140D2B6-19D7-4FAF-9F45-49C8E86BBB34}.Release|x64.Build.0 = Release|Any CPU
		{1140D2B6-19D7-4FAF-9F45-49C8E86BBB34}.Release|x86.ActiveCfg = Release|Any CPU
		{1140D2B6-19D7-4FAF-9F45-49C8E86BBB34}.Release|x86.Build.0 = Release|Any CPU
		{91A29623-BF42-41A4-B213-9E08244DCC7C}.Debug|Any CPU.ActiveCfg = Debug|Any CPU
		{91A29623-BF42-41A4-B213-9E08244DCC7C}.Debug|Any CPU.Build.0 = Debug|Any CPU
		{91A29623-BF42-41A4-B213-9E08244DCC7C}.Debug|x64.ActiveCfg = Debug|Any CPU
		{91A29623-BF42-41A4-B213-9E08244DCC7C}.Debug|x64.Build.0 = Debug|Any CPU
		{91A29623-BF42-41A4-B213-9E08244DCC7C}.Debug|x86.ActiveCfg = Debug|Any CPU
		{91A29623-BF42-41A4-B213-9E08244DCC7C}.Debug|x86.Build.0 = Debug|Any CPU
		{91A29623-BF42-41A4-B213-9E08244DCC7C}.Release|Any CPU.ActiveCfg = Release|Any CPU
		{91A29623-BF42-41A4-B213-9E08244DCC7C}.Release|Any CPU.Build.0 = Release|Any CPU
		{91A29623-BF42-41A4-B213-9E08244DCC7C}.Release|x64.ActiveCfg = Release|Any CPU
		{91A29623-BF42-41A4-B213-9E08244DCC7C}.Release|x64.Build.0 = Release|Any CPU
		{91A29623-BF42-41A4-B213-9E08244DCC7C}.Release|x86.ActiveCfg = Release|Any CPU
		{91A29623-BF42-41A4-B213-9E08244DCC7C}.Release|x86.Build.0 = Release|Any CPU
		{37E3E82F-CF29-4C44-9A18-4BE02BFFE173}.Debug|Any CPU.ActiveCfg = Debug|Any CPU
		{37E3E82F-CF29-4C44-9A18-4BE02BFFE173}.Debug|Any CPU.Build.0 = Debug|Any CPU
		{37E3E82F-CF29-4C44-9A18-4BE02BFFE173}.Debug|x64.ActiveCfg = Debug|Any CPU
		{37E3E82F-CF29-4C44-9A18-4BE02BFFE173}.Debug|x64.Build.0 = Debug|Any CPU
		{37E3E82F-CF29-4C44-9A18-4BE02BFFE173}.Debug|x86.ActiveCfg = Debug|Any CPU
		{37E3E82F-CF29-4C44-9A18-4BE02BFFE173}.Debug|x86.Build.0 = Debug|Any CPU
		{37E3E82F-CF29-4C44-9A18-4BE02BFFE173}.Release|Any CPU.ActiveCfg = Release|Any CPU
		{37E3E82F-CF29-4C44-9A18-4BE02BFFE173}.Release|Any CPU.Build.0 = Release|Any CPU
		{37E3E82F-CF29-4C44-9A18-4BE02BFFE173}.Release|x64.ActiveCfg = Release|Any CPU
		{37E3E82F-CF29-4C44-9A18-4BE02BFFE173}.Release|x64.Build.0 = Release|Any CPU
		{37E3E82F-CF29-4C44-9A18-4BE02BFFE173}.Release|x86.ActiveCfg = Release|Any CPU
		{37E3E82F-CF29-4C44-9A18-4BE02BFFE173}.Release|x86.Build.0 = Release|Any CPU
		{08D1703A-58D9-4A2A-B74C-49251199C46D}.Debug|Any CPU.ActiveCfg = Debug|Any CPU
		{08D1703A-58D9-4A2A-B74C-49251199C46D}.Debug|Any CPU.Build.0 = Debug|Any CPU
		{08D1703A-58D9-4A2A-B74C-49251199C46D}.Debug|x64.ActiveCfg = Debug|Any CPU
		{08D1703A-58D9-4A2A-B74C-49251199C46D}.Debug|x64.Build.0 = Debug|Any CPU
		{08D1703A-58D9-4A2A-B74C-49251199C46D}.Debug|x86.ActiveCfg = Debug|Any CPU
		{08D1703A-58D9-4A2A-B74C-49251199C46D}.Debug|x86.Build.0 = Debug|Any CPU
		{08D1703A-58D9-4A2A-B74C-49251199C46D}.Release|Any CPU.ActiveCfg = Release|Any CPU
		{08D1703A-58D9-4A2A-B74C-49251199C46D}.Release|Any CPU.Build.0 = Release|Any CPU
		{08D1703A-58D9-4A2A-B74C-49251199C46D}.Release|x64.ActiveCfg = Release|Any CPU
		{08D1703A-58D9-4A2A-B74C-49251199C46D}.Release|x64.Build.0 = Release|Any CPU
		{08D1703A-58D9-4A2A-B74C-49251199C46D}.Release|x86.ActiveCfg = Release|Any CPU
		{08D1703A-58D9-4A2A-B74C-49251199C46D}.Release|x86.Build.0 = Release|Any CPU
		{6F96BB3E-CC5F-4680-9371-903369B530DF}.Debug|Any CPU.ActiveCfg = Debug|Any CPU
		{6F96BB3E-CC5F-4680-9371-903369B530DF}.Debug|Any CPU.Build.0 = Debug|Any CPU
		{6F96BB3E-CC5F-4680-9371-903369B530DF}.Debug|x64.ActiveCfg = Debug|Any CPU
		{6F96BB3E-CC5F-4680-9371-903369B530DF}.Debug|x64.Build.0 = Debug|Any CPU
		{6F96BB3E-CC5F-4680-9371-903369B530DF}.Debug|x86.ActiveCfg = Debug|Any CPU
		{6F96BB3E-CC5F-4680-9371-903369B530DF}.Debug|x86.Build.0 = Debug|Any CPU
		{6F96BB3E-CC5F-4680-9371-903369B530DF}.Release|Any CPU.ActiveCfg = Release|Any CPU
		{6F96BB3E-CC5F-4680-9371-903369B530DF}.Release|Any CPU.Build.0 = Release|Any CPU
		{6F96BB3E-CC5F-4680-9371-903369B530DF}.Release|x64.ActiveCfg = Release|Any CPU
		{6F96BB3E-CC5F-4680-9371-903369B530DF}.Release|x64.Build.0 = Release|Any CPU
		{6F96BB3E-CC5F-4680-9371-903369B530DF}.Release|x86.ActiveCfg = Release|Any CPU
		{6F96BB3E-CC5F-4680-9371-903369B530DF}.Release|x86.Build.0 = Release|Any CPU
		{FCD33CA1-673C-431E-B3E5-17E5F3D6B449}.Debug|Any CPU.ActiveCfg = Debug|Any CPU
		{FCD33CA1-673C-431E-B3E5-17E5F3D6B449}.Debug|Any CPU.Build.0 = Debug|Any CPU
		{FCD33CA1-673C-431E-B3E5-17E5F3D6B449}.Debug|x64.ActiveCfg = Debug|Any CPU
		{FCD33CA1-673C-431E-B3E5-17E5F3D6B449}.Debug|x64.Build.0 = Debug|Any CPU
		{FCD33CA1-673C-431E-B3E5-17E5F3D6B449}.Debug|x86.ActiveCfg = Debug|Any CPU
		{FCD33CA1-673C-431E-B3E5-17E5F3D6B449}.Debug|x86.Build.0 = Debug|Any CPU
		{FCD33CA1-673C-431E-B3E5-17E5F3D6B449}.Release|Any CPU.ActiveCfg = Release|Any CPU
		{FCD33CA1-673C-431E-B3E5-17E5F3D6B449}.Release|Any CPU.Build.0 = Release|Any CPU
		{FCD33CA1-673C-431E-B3E5-17E5F3D6B449}.Release|x64.ActiveCfg = Release|Any CPU
		{FCD33CA1-673C-431E-B3E5-17E5F3D6B449}.Release|x64.Build.0 = Release|Any CPU
		{FCD33CA1-673C-431E-B3E5-17E5F3D6B449}.Release|x86.ActiveCfg = Release|Any CPU
		{FCD33CA1-673C-431E-B3E5-17E5F3D6B449}.Release|x86.Build.0 = Release|Any CPU
		{D2FA8E7A-FE93-44C2-90E6-0441E3FDA3D6}.Debug|Any CPU.ActiveCfg = Debug|Any CPU
		{D2FA8E7A-FE93-44C2-90E6-0441E3FDA3D6}.Debug|Any CPU.Build.0 = Debug|Any CPU
		{D2FA8E7A-FE93-44C2-90E6-0441E3FDA3D6}.Debug|x64.ActiveCfg = Debug|Any CPU
		{D2FA8E7A-FE93-44C2-90E6-0441E3FDA3D6}.Debug|x64.Build.0 = Debug|Any CPU
		{D2FA8E7A-FE93-44C2-90E6-0441E3FDA3D6}.Debug|x86.ActiveCfg = Debug|Any CPU
		{D2FA8E7A-FE93-44C2-90E6-0441E3FDA3D6}.Debug|x86.Build.0 = Debug|Any CPU
		{D2FA8E7A-FE93-44C2-90E6-0441E3FDA3D6}.Release|Any CPU.ActiveCfg = Release|Any CPU
		{D2FA8E7A-FE93-44C2-90E6-0441E3FDA3D6}.Release|Any CPU.Build.0 = Release|Any CPU
		{D2FA8E7A-FE93-44C2-90E6-0441E3FDA3D6}.Release|x64.ActiveCfg = Release|Any CPU
		{D2FA8E7A-FE93-44C2-90E6-0441E3FDA3D6}.Release|x64.Build.0 = Release|Any CPU
		{D2FA8E7A-FE93-44C2-90E6-0441E3FDA3D6}.Release|x86.ActiveCfg = Release|Any CPU
		{D2FA8E7A-FE93-44C2-90E6-0441E3FDA3D6}.Release|x86.Build.0 = Release|Any CPU
		{B97208EF-9DA2-4BD3-9BFC-A3D2DE326DD4}.Debug|Any CPU.ActiveCfg = Debug|Any CPU
		{B97208EF-9DA2-4BD3-9BFC-A3D2DE326DD4}.Debug|Any CPU.Build.0 = Debug|Any CPU
		{B97208EF-9DA2-4BD3-9BFC-A3D2DE326DD4}.Debug|x64.ActiveCfg = Debug|Any CPU
		{B97208EF-9DA2-4BD3-9BFC-A3D2DE326DD4}.Debug|x64.Build.0 = Debug|Any CPU
		{B97208EF-9DA2-4BD3-9BFC-A3D2DE326DD4}.Debug|x86.ActiveCfg = Debug|Any CPU
		{B97208EF-9DA2-4BD3-9BFC-A3D2DE326DD4}.Debug|x86.Build.0 = Debug|Any CPU
		{B97208EF-9DA2-4BD3-9BFC-A3D2DE326DD4}.Release|Any CPU.ActiveCfg = Release|Any CPU
		{B97208EF-9DA2-4BD3-9BFC-A3D2DE326DD4}.Release|Any CPU.Build.0 = Release|Any CPU
		{B97208EF-9DA2-4BD3-9BFC-A3D2DE326DD4}.Release|x64.ActiveCfg = Release|Any CPU
		{B97208EF-9DA2-4BD3-9BFC-A3D2DE326DD4}.Release|x64.Build.0 = Release|Any CPU
		{B97208EF-9DA2-4BD3-9BFC-A3D2DE326DD4}.Release|x86.ActiveCfg = Release|Any CPU
		{B97208EF-9DA2-4BD3-9BFC-A3D2DE326DD4}.Release|x86.Build.0 = Release|Any CPU
	EndGlobalSection
	GlobalSection(SolutionProperties) = preSolution
		HideSolutionNode = FALSE
	EndGlobalSection
	GlobalSection(ExtensibilityGlobals) = postSolution
		SolutionGuid = {CC9ABDA0-E1BF-45C7-94DC-47F911E31753}
	EndGlobalSection
EndGlobal
