
Microsoft Visual Studio Solution File, Format Version 12.00
# Visual Studio Version 16
VisualStudioVersion = 16.0.30717.126
MinimumVisualStudioVersion = 15.0.26124.0
Project("{9A19103F-16F7-4668-BE54-9A1E7A4F7556}") = "Day1", "Day1\Day1.csproj", "{06DFE80A-E2FE-4A38-9CE2-5A64A649F618}"
EndProject
Project("{9A19103F-16F7-4668-BE54-9A1E7A4F7556}") = "Day2", "Day2\Day2.csproj", "{30249EEE-BA5E-467F-B454-452AEAC3EB88}"
EndProject
Project("{9A19103F-16F7-4668-BE54-9A1E7A4F7556}") = "Day3", "Day3\Day3.csproj", "{62BFE497-9C78-41CF-92B6-72E269CAC954}"
EndProject
Project("{9A19103F-16F7-4668-BE54-9A1E7A4F7556}") = "Day4", "Day4\Day4.csproj", "{0AFAD0A0-F27D-4EF7-9CD7-8EDA8EB77AD7}"
EndProject
Project("{9A19103F-16F7-4668-BE54-9A1E7A4F7556}") = "Day5", "Day5\Day5.csproj", "{A4756561-0313-4D7E-8DF1-6C18329A5CAB}"
EndProject
Project("{9A19103F-16F7-4668-BE54-9A1E7A4F7556}") = "Day6", "Day6\Day6.csproj", "{F58BFD77-04CA-40CA-9367-ACFD6D607D34}"
EndProject
Project("{9A19103F-16F7-4668-BE54-9A1E7A4F7556}") = "Day7", "Day7\Day7.csproj", "{1A4FCFB9-15DA-45D3-B67F-E3B89071E59B}"
EndProject
Project("{9A19103F-16F7-4668-BE54-9A1E7A4F7556}") = "Day8", "Day8\Day8.csproj", "{752205DC-02BA-4729-AAF5-658CEE2A2900}"
EndProject
Project("{9A19103F-16F7-4668-BE54-9A1E7A4F7556}") = "Day9", "Day9\Day9.csproj", "{102B990E-3596-417A-B108-B17A8AB774FE}"
EndProject
Project("{9A19103F-16F7-4668-BE54-9A1E7A4F7556}") = "Day10", "Day10\Day10.csproj", "{61E029AC-8070-4EDC-A0B9-B7ADDA6BB012}"
EndProject
Project("{9A19103F-16F7-4668-BE54-9A1E7A4F7556}") = "Day11", "Day11\Day11.csproj", "{1D35A803-E76E-4B71-8295-8F8FC859C203}"
EndProject
Project("{9A19103F-16F7-4668-BE54-9A1E7A4F7556}") = "Day12", "Day12\Day12.csproj", "{FA1BE225-FCBA-48F3-9590-9D6E2C6A0131}"
EndProject
Project("{9A19103F-16F7-4668-BE54-9A1E7A4F7556}") = "Day13", "Day13\Day13.csproj", "{3BDFF3BC-55E4-4D13-BC98-4FD278A99172}"
EndProject
Project("{9A19103F-16F7-4668-BE54-9A1E7A4F7556}") = "Day14", "Day14\Day14.csproj", "{728D6D90-7673-430E-B5B3-3B00A9E42DF5}"
EndProject
Project("{9A19103F-16F7-4668-BE54-9A1E7A4F7556}") = "Day15", "Day15\Day15.csproj", "{2BD741B6-A799-4AEB-8F20-CBB814DE1712}"
EndProject
Project("{9A19103F-16F7-4668-BE54-9A1E7A4F7556}") = "Day16", "Day16\Day16.csproj", "{9151E8DB-15B8-4419-AE25-AA495EC69C4A}"
EndProject
Project("{9A19103F-16F7-4668-BE54-9A1E7A4F7556}") = "Day17", "Day17\Day17.csproj", "{723C5AEA-FA31-48F4-907A-9685C47B4AA1}"
EndProject
Project("{9A19103F-16F7-4668-BE54-9A1E7A4F7556}") = "Day18", "Day18\Day18.csproj", "{A691AF06-5736-4E96-95C0-4A7F0DDC8999}"
EndProject
Project("{9A19103F-16F7-4668-BE54-9A1E7A4F7556}") = "Day19", "Day19\Day19.csproj", "{BA2039DB-765E-497E-91CF-A8CBCB3EFBF9}"
EndProject
Project("{9A19103F-16F7-4668-BE54-9A1E7A4F7556}") = "Day20", "Day20\Day20.csproj", "{FA4F4248-FCAC-435F-AF6B-F6069FD008FF}"
EndProject
Project("{9A19103F-16F7-4668-BE54-9A1E7A4F7556}") = "Day22", "Day22\Day22.csproj", "{89867BAD-C338-4FD5-B896-C940047CCFD5}"
EndProject
Project("{9A19103F-16F7-4668-BE54-9A1E7A4F7556}") = "Day23", "Day23\Day23.csproj", "{118C6B97-78D4-4247-816A-604E13859885}"
EndProject
Project("{9A19103F-16F7-4668-BE54-9A1E7A4F7556}") = "Day24", "Day24\Day24.csproj", "{ECC9E290-C809-401D-BA17-08F11EC47797}"
EndProject
Project("{9A19103F-16F7-4668-BE54-9A1E7A4F7556}") = "Day21", "Day21\Day21.csproj", "{2F520315-DE69-4AF4-90FB-A7128B8DF89B}"
EndProject
Global
	GlobalSection(SolutionConfigurationPlatforms) = preSolution
		Debug|Any CPU = Debug|Any CPU
		Debug|x64 = Debug|x64
		Debug|x86 = Debug|x86
		Release|Any CPU = Release|Any CPU
		Release|x64 = Release|x64
		Release|x86 = Release|x86
	EndGlobalSection
	GlobalSection(ProjectConfigurationPlatforms) = postSolution
		{06DFE80A-E2FE-4A38-9CE2-5A64A649F618}.Debug|Any CPU.ActiveCfg = Debug|Any CPU
		{06DFE80A-E2FE-4A38-9CE2-5A64A649F618}.Debug|Any CPU.Build.0 = Debug|Any CPU
		{06DFE80A-E2FE-4A38-9CE2-5A64A649F618}.Debug|x64.ActiveCfg = Debug|Any CPU
		{06DFE80A-E2FE-4A38-9CE2-5A64A649F618}.Debug|x64.Build.0 = Debug|Any CPU
		{06DFE80A-E2FE-4A38-9CE2-5A64A649F618}.Debug|x86.ActiveCfg = Debug|Any CPU
		{06DFE80A-E2FE-4A38-9CE2-5A64A649F618}.Debug|x86.Build.0 = Debug|Any CPU
		{06DFE80A-E2FE-4A38-9CE2-5A64A649F618}.Release|Any CPU.ActiveCfg = Release|Any CPU
		{06DFE80A-E2FE-4A38-9CE2-5A64A649F618}.Release|Any CPU.Build.0 = Release|Any CPU
		{06DFE80A-E2FE-4A38-9CE2-5A64A649F618}.Release|x64.ActiveCfg = Release|Any CPU
		{06DFE80A-E2FE-4A38-9CE2-5A64A649F618}.Release|x64.Build.0 = Release|Any CPU
		{06DFE80A-E2FE-4A38-9CE2-5A64A649F618}.Release|x86.ActiveCfg = Release|Any CPU
		{06DFE80A-E2FE-4A38-9CE2-5A64A649F618}.Release|x86.Build.0 = Release|Any CPU
		{30249EEE-BA5E-467F-B454-452AEAC3EB88}.Debug|Any CPU.ActiveCfg = Debug|Any CPU
		{30249EEE-BA5E-467F-B454-452AEAC3EB88}.Debug|Any CPU.Build.0 = Debug|Any CPU
		{30249EEE-BA5E-467F-B454-452AEAC3EB88}.Debug|x64.ActiveCfg = Debug|Any CPU
		{30249EEE-BA5E-467F-B454-452AEAC3EB88}.Debug|x64.Build.0 = Debug|Any CPU
		{30249EEE-BA5E-467F-B454-452AEAC3EB88}.Debug|x86.ActiveCfg = Debug|Any CPU
		{30249EEE-BA5E-467F-B454-452AEAC3EB88}.Debug|x86.Build.0 = Debug|Any CPU
		{30249EEE-BA5E-467F-B454-452AEAC3EB88}.Release|Any CPU.ActiveCfg = Release|Any CPU
		{30249EEE-BA5E-467F-B454-452AEAC3EB88}.Release|Any CPU.Build.0 = Release|Any CPU
		{30249EEE-BA5E-467F-B454-452AEAC3EB88}.Release|x64.ActiveCfg = Release|Any CPU
		{30249EEE-BA5E-467F-B454-452AEAC3EB88}.Release|x64.Build.0 = Release|Any CPU
		{30249EEE-BA5E-467F-B454-452AEAC3EB88}.Release|x86.ActiveCfg = Release|Any CPU
		{30249EEE-BA5E-467F-B454-452AEAC3EB88}.Release|x86.Build.0 = Release|Any CPU
		{62BFE497-9C78-41CF-92B6-72E269CAC954}.Debug|Any CPU.ActiveCfg = Debug|Any CPU
		{62BFE497-9C78-41CF-92B6-72E269CAC954}.Debug|Any CPU.Build.0 = Debug|Any CPU
		{62BFE497-9C78-41CF-92B6-72E269CAC954}.Debug|x64.ActiveCfg = Debug|Any CPU
		{62BFE497-9C78-41CF-92B6-72E269CAC954}.Debug|x64.Build.0 = Debug|Any CPU
		{62BFE497-9C78-41CF-92B6-72E269CAC954}.Debug|x86.ActiveCfg = Debug|Any CPU
		{62BFE497-9C78-41CF-92B6-72E269CAC954}.Debug|x86.Build.0 = Debug|Any CPU
		{62BFE497-9C78-41CF-92B6-72E269CAC954}.Release|Any CPU.ActiveCfg = Release|Any CPU
		{62BFE497-9C78-41CF-92B6-72E269CAC954}.Release|Any CPU.Build.0 = Release|Any CPU
		{62BFE497-9C78-41CF-92B6-72E269CAC954}.Release|x64.ActiveCfg = Release|Any CPU
		{62BFE497-9C78-41CF-92B6-72E269CAC954}.Release|x64.Build.0 = Release|Any CPU
		{62BFE497-9C78-41CF-92B6-72E269CAC954}.Release|x86.ActiveCfg = Release|Any CPU
		{62BFE497-9C78-41CF-92B6-72E269CAC954}.Release|x86.Build.0 = Release|Any CPU
		{0AFAD0A0-F27D-4EF7-9CD7-8EDA8EB77AD7}.Debug|Any CPU.ActiveCfg = Debug|Any CPU
		{0AFAD0A0-F27D-4EF7-9CD7-8EDA8EB77AD7}.Debug|Any CPU.Build.0 = Debug|Any CPU
		{0AFAD0A0-F27D-4EF7-9CD7-8EDA8EB77AD7}.Debug|x64.ActiveCfg = Debug|Any CPU
		{0AFAD0A0-F27D-4EF7-9CD7-8EDA8EB77AD7}.Debug|x64.Build.0 = Debug|Any CPU
		{0AFAD0A0-F27D-4EF7-9CD7-8EDA8EB77AD7}.Debug|x86.ActiveCfg = Debug|Any CPU
		{0AFAD0A0-F27D-4EF7-9CD7-8EDA8EB77AD7}.Debug|x86.Build.0 = Debug|Any CPU
		{0AFAD0A0-F27D-4EF7-9CD7-8EDA8EB77AD7}.Release|Any CPU.ActiveCfg = Release|Any CPU
		{0AFAD0A0-F27D-4EF7-9CD7-8EDA8EB77AD7}.Release|Any CPU.Build.0 = Release|Any CPU
		{0AFAD0A0-F27D-4EF7-9CD7-8EDA8EB77AD7}.Release|x64.ActiveCfg = Release|Any CPU
		{0AFAD0A0-F27D-4EF7-9CD7-8EDA8EB77AD7}.Release|x64.Build.0 = Release|Any CPU
		{0AFAD0A0-F27D-4EF7-9CD7-8EDA8EB77AD7}.Release|x86.ActiveCfg = Release|Any CPU
		{0AFAD0A0-F27D-4EF7-9CD7-8EDA8EB77AD7}.Release|x86.Build.0 = Release|Any CPU
		{A4756561-0313-4D7E-8DF1-6C18329A5CAB}.Debug|Any CPU.ActiveCfg = Debug|Any CPU
		{A4756561-0313-4D7E-8DF1-6C18329A5CAB}.Debug|Any CPU.Build.0 = Debug|Any CPU
		{A4756561-0313-4D7E-8DF1-6C18329A5CAB}.Debug|x64.ActiveCfg = Debug|Any CPU
		{A4756561-0313-4D7E-8DF1-6C18329A5CAB}.Debug|x64.Build.0 = Debug|Any CPU
		{A4756561-0313-4D7E-8DF1-6C18329A5CAB}.Debug|x86.ActiveCfg = Debug|Any CPU
		{A4756561-0313-4D7E-8DF1-6C18329A5CAB}.Debug|x86.Build.0 = Debug|Any CPU
		{A4756561-0313-4D7E-8DF1-6C18329A5CAB}.Release|Any CPU.ActiveCfg = Release|Any CPU
		{A4756561-0313-4D7E-8DF1-6C18329A5CAB}.Release|Any CPU.Build.0 = Release|Any CPU
		{A4756561-0313-4D7E-8DF1-6C18329A5CAB}.Release|x64.ActiveCfg = Release|Any CPU
		{A4756561-0313-4D7E-8DF1-6C18329A5CAB}.Release|x64.Build.0 = Release|Any CPU
		{A4756561-0313-4D7E-8DF1-6C18329A5CAB}.Release|x86.ActiveCfg = Release|Any CPU
		{A4756561-0313-4D7E-8DF1-6C18329A5CAB}.Release|x86.Build.0 = Release|Any CPU
		{F58BFD77-04CA-40CA-9367-ACFD6D607D34}.Debug|Any CPU.ActiveCfg = Debug|Any CPU
		{F58BFD77-04CA-40CA-9367-ACFD6D607D34}.Debug|Any CPU.Build.0 = Debug|Any CPU
		{F58BFD77-04CA-40CA-9367-ACFD6D607D34}.Debug|x64.ActiveCfg = Debug|Any CPU
		{F58BFD77-04CA-40CA-9367-ACFD6D607D34}.Debug|x64.Build.0 = Debug|Any CPU
		{F58BFD77-04CA-40CA-9367-ACFD6D607D34}.Debug|x86.ActiveCfg = Debug|Any CPU
		{F58BFD77-04CA-40CA-9367-ACFD6D607D34}.Debug|x86.Build.0 = Debug|Any CPU
		{F58BFD77-04CA-40CA-9367-ACFD6D607D34}.Release|Any CPU.ActiveCfg = Release|Any CPU
		{F58BFD77-04CA-40CA-9367-ACFD6D607D34}.Release|Any CPU.Build.0 = Release|Any CPU
		{F58BFD77-04CA-40CA-9367-ACFD6D607D34}.Release|x64.ActiveCfg = Release|Any CPU
		{F58BFD77-04CA-40CA-9367-ACFD6D607D34}.Release|x64.Build.0 = Release|Any CPU
		{F58BFD77-04CA-40CA-9367-ACFD6D607D34}.Release|x86.ActiveCfg = Release|Any CPU
		{F58BFD77-04CA-40CA-9367-ACFD6D607D34}.Release|x86.Build.0 = Release|Any CPU
		{1A4FCFB9-15DA-45D3-B67F-E3B89071E59B}.Debug|Any CPU.ActiveCfg = Debug|Any CPU
		{1A4FCFB9-15DA-45D3-B67F-E3B89071E59B}.Debug|Any CPU.Build.0 = Debug|Any CPU
		{1A4FCFB9-15DA-45D3-B67F-E3B89071E59B}.Debug|x64.ActiveCfg = Debug|Any CPU
		{1A4FCFB9-15DA-45D3-B67F-E3B89071E59B}.Debug|x64.Build.0 = Debug|Any CPU
		{1A4FCFB9-15DA-45D3-B67F-E3B89071E59B}.Debug|x86.ActiveCfg = Debug|Any CPU
		{1A4FCFB9-15DA-45D3-B67F-E3B89071E59B}.Debug|x86.Build.0 = Debug|Any CPU
		{1A4FCFB9-15DA-45D3-B67F-E3B89071E59B}.Release|Any CPU.ActiveCfg = Release|Any CPU
		{1A4FCFB9-15DA-45D3-B67F-E3B89071E59B}.Release|Any CPU.Build.0 = Release|Any CPU
		{1A4FCFB9-15DA-45D3-B67F-E3B89071E59B}.Release|x64.ActiveCfg = Release|Any CPU
		{1A4FCFB9-15DA-45D3-B67F-E3B89071E59B}.Release|x64.Build.0 = Release|Any CPU
		{1A4FCFB9-15DA-45D3-B67F-E3B89071E59B}.Release|x86.ActiveCfg = Release|Any CPU
		{1A4FCFB9-15DA-45D3-B67F-E3B89071E59B}.Release|x86.Build.0 = Release|Any CPU
		{752205DC-02BA-4729-AAF5-658CEE2A2900}.Debug|Any CPU.ActiveCfg = Debug|Any CPU
		{752205DC-02BA-4729-AAF5-658CEE2A2900}.Debug|Any CPU.Build.0 = Debug|Any CPU
		{752205DC-02BA-4729-AAF5-658CEE2A2900}.Debug|x64.ActiveCfg = Debug|Any CPU
		{752205DC-02BA-4729-AAF5-658CEE2A2900}.Debug|x64.Build.0 = Debug|Any CPU
		{752205DC-02BA-4729-AAF5-658CEE2A2900}.Debug|x86.ActiveCfg = Debug|Any CPU
		{752205DC-02BA-4729-AAF5-658CEE2A2900}.Debug|x86.Build.0 = Debug|Any CPU
		{752205DC-02BA-4729-AAF5-658CEE2A2900}.Release|Any CPU.ActiveCfg = Release|Any CPU
		{752205DC-02BA-4729-AAF5-658CEE2A2900}.Release|Any CPU.Build.0 = Release|Any CPU
		{752205DC-02BA-4729-AAF5-658CEE2A2900}.Release|x64.ActiveCfg = Release|Any CPU
		{752205DC-02BA-4729-AAF5-658CEE2A2900}.Release|x64.Build.0 = Release|Any CPU
		{752205DC-02BA-4729-AAF5-658CEE2A2900}.Release|x86.ActiveCfg = Release|Any CPU
		{752205DC-02BA-4729-AAF5-658CEE2A2900}.Release|x86.Build.0 = Release|Any CPU
		{102B990E-3596-417A-B108-B17A8AB774FE}.Debug|Any CPU.ActiveCfg = Debug|Any CPU
		{102B990E-3596-417A-B108-B17A8AB774FE}.Debug|Any CPU.Build.0 = Debug|Any CPU
		{102B990E-3596-417A-B108-B17A8AB774FE}.Debug|x64.ActiveCfg = Debug|Any CPU
		{102B990E-3596-417A-B108-B17A8AB774FE}.Debug|x64.Build.0 = Debug|Any CPU
		{102B990E-3596-417A-B108-B17A8AB774FE}.Debug|x86.ActiveCfg = Debug|Any CPU
		{102B990E-3596-417A-B108-B17A8AB774FE}.Debug|x86.Build.0 = Debug|Any CPU
		{102B990E-3596-417A-B108-B17A8AB774FE}.Release|Any CPU.ActiveCfg = Release|Any CPU
		{102B990E-3596-417A-B108-B17A8AB774FE}.Release|Any CPU.Build.0 = Release|Any CPU
		{102B990E-3596-417A-B108-B17A8AB774FE}.Release|x64.ActiveCfg = Release|Any CPU
		{102B990E-3596-417A-B108-B17A8AB774FE}.Release|x64.Build.0 = Release|Any CPU
		{102B990E-3596-417A-B108-B17A8AB774FE}.Release|x86.ActiveCfg = Release|Any CPU
		{102B990E-3596-417A-B108-B17A8AB774FE}.Release|x86.Build.0 = Release|Any CPU
		{61E029AC-8070-4EDC-A0B9-B7ADDA6BB012}.Debug|Any CPU.ActiveCfg = Debug|Any CPU
		{61E029AC-8070-4EDC-A0B9-B7ADDA6BB012}.Debug|Any CPU.Build.0 = Debug|Any CPU
		{61E029AC-8070-4EDC-A0B9-B7ADDA6BB012}.Debug|x64.ActiveCfg = Debug|Any CPU
		{61E029AC-8070-4EDC-A0B9-B7ADDA6BB012}.Debug|x64.Build.0 = Debug|Any CPU
		{61E029AC-8070-4EDC-A0B9-B7ADDA6BB012}.Debug|x86.ActiveCfg = Debug|Any CPU
		{61E029AC-8070-4EDC-A0B9-B7ADDA6BB012}.Debug|x86.Build.0 = Debug|Any CPU
		{61E029AC-8070-4EDC-A0B9-B7ADDA6BB012}.Release|Any CPU.ActiveCfg = Release|Any CPU
		{61E029AC-8070-4EDC-A0B9-B7ADDA6BB012}.Release|Any CPU.Build.0 = Release|Any CPU
		{61E029AC-8070-4EDC-A0B9-B7ADDA6BB012}.Release|x64.ActiveCfg = Release|Any CPU
		{61E029AC-8070-4EDC-A0B9-B7ADDA6BB012}.Release|x64.Build.0 = Release|Any CPU
		{61E029AC-8070-4EDC-A0B9-B7ADDA6BB012}.Release|x86.ActiveCfg = Release|Any CPU
		{61E029AC-8070-4EDC-A0B9-B7ADDA6BB012}.Release|x86.Build.0 = Release|Any CPU
		{1D35A803-E76E-4B71-8295-8F8FC859C203}.Debug|Any CPU.ActiveCfg = Debug|Any CPU
		{1D35A803-E76E-4B71-8295-8F8FC859C203}.Debug|Any CPU.Build.0 = Debug|Any CPU
		{1D35A803-E76E-4B71-8295-8F8FC859C203}.Debug|x64.ActiveCfg = Debug|Any CPU
		{1D35A803-E76E-4B71-8295-8F8FC859C203}.Debug|x64.Build.0 = Debug|Any CPU
		{1D35A803-E76E-4B71-8295-8F8FC859C203}.Debug|x86.ActiveCfg = Debug|Any CPU
		{1D35A803-E76E-4B71-8295-8F8FC859C203}.Debug|x86.Build.0 = Debug|Any CPU
		{1D35A803-E76E-4B71-8295-8F8FC859C203}.Release|Any CPU.ActiveCfg = Release|Any CPU
		{1D35A803-E76E-4B71-8295-8F8FC859C203}.Release|Any CPU.Build.0 = Release|Any CPU
		{1D35A803-E76E-4B71-8295-8F8FC859C203}.Release|x64.ActiveCfg = Release|Any CPU
		{1D35A803-E76E-4B71-8295-8F8FC859C203}.Release|x64.Build.0 = Release|Any CPU
		{1D35A803-E76E-4B71-8295-8F8FC859C203}.Release|x86.ActiveCfg = Release|Any CPU
		{1D35A803-E76E-4B71-8295-8F8FC859C203}.Release|x86.Build.0 = Release|Any CPU
		{FA1BE225-FCBA-48F3-9590-9D6E2C6A0131}.Debug|Any CPU.ActiveCfg = Debug|Any CPU
		{FA1BE225-FCBA-48F3-9590-9D6E2C6A0131}.Debug|Any CPU.Build.0 = Debug|Any CPU
		{FA1BE225-FCBA-48F3-9590-9D6E2C6A0131}.Debug|x64.ActiveCfg = Debug|Any CPU
		{FA1BE225-FCBA-48F3-9590-9D6E2C6A0131}.Debug|x64.Build.0 = Debug|Any CPU
		{FA1BE225-FCBA-48F3-9590-9D6E2C6A0131}.Debug|x86.ActiveCfg = Debug|Any CPU
		{FA1BE225-FCBA-48F3-9590-9D6E2C6A0131}.Debug|x86.Build.0 = Debug|Any CPU
		{FA1BE225-FCBA-48F3-9590-9D6E2C6A0131}.Release|Any CPU.ActiveCfg = Release|Any CPU
		{FA1BE225-FCBA-48F3-9590-9D6E2C6A0131}.Release|Any CPU.Build.0 = Release|Any CPU
		{FA1BE225-FCBA-48F3-9590-9D6E2C6A0131}.Release|x64.ActiveCfg = Release|Any CPU
		{FA1BE225-FCBA-48F3-9590-9D6E2C6A0131}.Release|x64.Build.0 = Release|Any CPU
		{FA1BE225-FCBA-48F3-9590-9D6E2C6A0131}.Release|x86.ActiveCfg = Release|Any CPU
		{FA1BE225-FCBA-48F3-9590-9D6E2C6A0131}.Release|x86.Build.0 = Release|Any CPU
		{3BDFF3BC-55E4-4D13-BC98-4FD278A99172}.Debug|Any CPU.ActiveCfg = Debug|Any CPU
		{3BDFF3BC-55E4-4D13-BC98-4FD278A99172}.Debug|Any CPU.Build.0 = Debug|Any CPU
		{3BDFF3BC-55E4-4D13-BC98-4FD278A99172}.Debug|x64.ActiveCfg = Debug|Any CPU
		{3BDFF3BC-55E4-4D13-BC98-4FD278A99172}.Debug|x64.Build.0 = Debug|Any CPU
		{3BDFF3BC-55E4-4D13-BC98-4FD278A99172}.Debug|x86.ActiveCfg = Debug|Any CPU
		{3BDFF3BC-55E4-4D13-BC98-4FD278A99172}.Debug|x86.Build.0 = Debug|Any CPU
		{3BDFF3BC-55E4-4D13-BC98-4FD278A99172}.Release|Any CPU.ActiveCfg = Release|Any CPU
		{3BDFF3BC-55E4-4D13-BC98-4FD278A99172}.Release|Any CPU.Build.0 = Release|Any CPU
		{3BDFF3BC-55E4-4D13-BC98-4FD278A99172}.Release|x64.ActiveCfg = Release|Any CPU
		{3BDFF3BC-55E4-4D13-BC98-4FD278A99172}.Release|x64.Build.0 = Release|Any CPU
		{3BDFF3BC-55E4-4D13-BC98-4FD278A99172}.Release|x86.ActiveCfg = Release|Any CPU
		{3BDFF3BC-55E4-4D13-BC98-4FD278A99172}.Release|x86.Build.0 = Release|Any CPU
		{728D6D90-7673-430E-B5B3-3B00A9E42DF5}.Debug|Any CPU.ActiveCfg = Debug|Any CPU
		{728D6D90-7673-430E-B5B3-3B00A9E42DF5}.Debug|Any CPU.Build.0 = Debug|Any CPU
		{728D6D90-7673-430E-B5B3-3B00A9E42DF5}.Debug|x64.ActiveCfg = Debug|Any CPU
		{728D6D90-7673-430E-B5B3-3B00A9E42DF5}.Debug|x64.Build.0 = Debug|Any CPU
		{728D6D90-7673-430E-B5B3-3B00A9E42DF5}.Debug|x86.ActiveCfg = Debug|Any CPU
		{728D6D90-7673-430E-B5B3-3B00A9E42DF5}.Debug|x86.Build.0 = Debug|Any CPU
		{728D6D90-7673-430E-B5B3-3B00A9E42DF5}.Release|Any CPU.ActiveCfg = Release|Any CPU
		{728D6D90-7673-430E-B5B3-3B00A9E42DF5}.Release|Any CPU.Build.0 = Release|Any CPU
		{728D6D90-7673-430E-B5B3-3B00A9E42DF5}.Release|x64.ActiveCfg = Release|Any CPU
		{728D6D90-7673-430E-B5B3-3B00A9E42DF5}.Release|x64.Build.0 = Release|Any CPU
		{728D6D90-7673-430E-B5B3-3B00A9E42DF5}.Release|x86.ActiveCfg = Release|Any CPU
		{728D6D90-7673-430E-B5B3-3B00A9E42DF5}.Release|x86.Build.0 = Release|Any CPU
		{2BD741B6-A799-4AEB-8F20-CBB814DE1712}.Debug|Any CPU.ActiveCfg = Debug|Any CPU
		{2BD741B6-A799-4AEB-8F20-CBB814DE1712}.Debug|Any CPU.Build.0 = Debug|Any CPU
		{2BD741B6-A799-4AEB-8F20-CBB814DE1712}.Debug|x64.ActiveCfg = Debug|Any CPU
		{2BD741B6-A799-4AEB-8F20-CBB814DE1712}.Debug|x64.Build.0 = Debug|Any CPU
		{2BD741B6-A799-4AEB-8F20-CBB814DE1712}.Debug|x86.ActiveCfg = Debug|Any CPU
		{2BD741B6-A799-4AEB-8F20-CBB814DE1712}.Debug|x86.Build.0 = Debug|Any CPU
		{2BD741B6-A799-4AEB-8F20-CBB814DE1712}.Release|Any CPU.ActiveCfg = Release|Any CPU
		{2BD741B6-A799-4AEB-8F20-CBB814DE1712}.Release|Any CPU.Build.0 = Release|Any CPU
		{2BD741B6-A799-4AEB-8F20-CBB814DE1712}.Release|x64.ActiveCfg = Release|Any CPU
		{2BD741B6-A799-4AEB-8F20-CBB814DE1712}.Release|x64.Build.0 = Release|Any CPU
		{2BD741B6-A799-4AEB-8F20-CBB814DE1712}.Release|x86.ActiveCfg = Release|Any CPU
		{2BD741B6-A799-4AEB-8F20-CBB814DE1712}.Release|x86.Build.0 = Release|Any CPU
		{9151E8DB-15B8-4419-AE25-AA495EC69C4A}.Debug|Any CPU.ActiveCfg = Debug|Any CPU
		{9151E8DB-15B8-4419-AE25-AA495EC69C4A}.Debug|Any CPU.Build.0 = Debug|Any CPU
		{9151E8DB-15B8-4419-AE25-AA495EC69C4A}.Debug|x64.ActiveCfg = Debug|Any CPU
		{9151E8DB-15B8-4419-AE25-AA495EC69C4A}.Debug|x64.Build.0 = Debug|Any CPU
		{9151E8DB-15B8-4419-AE25-AA495EC69C4A}.Debug|x86.ActiveCfg = Debug|Any CPU
		{9151E8DB-15B8-4419-AE25-AA495EC69C4A}.Debug|x86.Build.0 = Debug|Any CPU
		{9151E8DB-15B8-4419-AE25-AA495EC69C4A}.Release|Any CPU.ActiveCfg = Release|Any CPU
		{9151E8DB-15B8-4419-AE25-AA495EC69C4A}.Release|Any CPU.Build.0 = Release|Any CPU
		{9151E8DB-15B8-4419-AE25-AA495EC69C4A}.Release|x64.ActiveCfg = Release|Any CPU
		{9151E8DB-15B8-4419-AE25-AA495EC69C4A}.Release|x64.Build.0 = Release|Any CPU
		{9151E8DB-15B8-4419-AE25-AA495EC69C4A}.Release|x86.ActiveCfg = Release|Any CPU
		{9151E8DB-15B8-4419-AE25-AA495EC69C4A}.Release|x86.Build.0 = Release|Any CPU
		{723C5AEA-FA31-48F4-907A-9685C47B4AA1}.Debug|Any CPU.ActiveCfg = Debug|Any CPU
		{723C5AEA-FA31-48F4-907A-9685C47B4AA1}.Debug|Any CPU.Build.0 = Debug|Any CPU
		{723C5AEA-FA31-48F4-907A-9685C47B4AA1}.Debug|x64.ActiveCfg = Debug|Any CPU
		{723C5AEA-FA31-48F4-907A-9685C47B4AA1}.Debug|x64.Build.0 = Debug|Any CPU
		{723C5AEA-FA31-48F4-907A-9685C47B4AA1}.Debug|x86.ActiveCfg = Debug|Any CPU
		{723C5AEA-FA31-48F4-907A-9685C47B4AA1}.Debug|x86.Build.0 = Debug|Any CPU
		{723C5AEA-FA31-48F4-907A-9685C47B4AA1}.Release|Any CPU.ActiveCfg = Release|Any CPU
		{723C5AEA-FA31-48F4-907A-9685C47B4AA1}.Release|Any CPU.Build.0 = Release|Any CPU
		{723C5AEA-FA31-48F4-907A-9685C47B4AA1}.Release|x64.ActiveCfg = Release|Any CPU
		{723C5AEA-FA31-48F4-907A-9685C47B4AA1}.Release|x64.Build.0 = Release|Any CPU
		{723C5AEA-FA31-48F4-907A-9685C47B4AA1}.Release|x86.ActiveCfg = Release|Any CPU
		{723C5AEA-FA31-48F4-907A-9685C47B4AA1}.Release|x86.Build.0 = Release|Any CPU
		{A691AF06-5736-4E96-95C0-4A7F0DDC8999}.Debug|Any CPU.ActiveCfg = Debug|Any CPU
		{A691AF06-5736-4E96-95C0-4A7F0DDC8999}.Debug|Any CPU.Build.0 = Debug|Any CPU
		{A691AF06-5736-4E96-95C0-4A7F0DDC8999}.Debug|x64.ActiveCfg = Debug|Any CPU
		{A691AF06-5736-4E96-95C0-4A7F0DDC8999}.Debug|x64.Build.0 = Debug|Any CPU
		{A691AF06-5736-4E96-95C0-4A7F0DDC8999}.Debug|x86.ActiveCfg = Debug|Any CPU
		{A691AF06-5736-4E96-95C0-4A7F0DDC8999}.Debug|x86.Build.0 = Debug|Any CPU
		{A691AF06-5736-4E96-95C0-4A7F0DDC8999}.Release|Any CPU.ActiveCfg = Release|Any CPU
		{A691AF06-5736-4E96-95C0-4A7F0DDC8999}.Release|Any CPU.Build.0 = Release|Any CPU
		{A691AF06-5736-4E96-95C0-4A7F0DDC8999}.Release|x64.ActiveCfg = Release|Any CPU
		{A691AF06-5736-4E96-95C0-4A7F0DDC8999}.Release|x64.Build.0 = Release|Any CPU
		{A691AF06-5736-4E96-95C0-4A7F0DDC8999}.Release|x86.ActiveCfg = Release|Any CPU
		{A691AF06-5736-4E96-95C0-4A7F0DDC8999}.Release|x86.Build.0 = Release|Any CPU
		{BA2039DB-765E-497E-91CF-A8CBCB3EFBF9}.Debug|Any CPU.ActiveCfg = Debug|Any CPU
		{BA2039DB-765E-497E-91CF-A8CBCB3EFBF9}.Debug|Any CPU.Build.0 = Debug|Any CPU
		{BA2039DB-765E-497E-91CF-A8CBCB3EFBF9}.Debug|x64.ActiveCfg = Debug|Any CPU
		{BA2039DB-765E-497E-91CF-A8CBCB3EFBF9}.Debug|x64.Build.0 = Debug|Any CPU
		{BA2039DB-765E-497E-91CF-A8CBCB3EFBF9}.Debug|x86.ActiveCfg = Debug|Any CPU
		{BA2039DB-765E-497E-91CF-A8CBCB3EFBF9}.Debug|x86.Build.0 = Debug|Any CPU
		{BA2039DB-765E-497E-91CF-A8CBCB3EFBF9}.Release|Any CPU.ActiveCfg = Release|Any CPU
		{BA2039DB-765E-497E-91CF-A8CBCB3EFBF9}.Release|Any CPU.Build.0 = Release|Any CPU
		{BA2039DB-765E-497E-91CF-A8CBCB3EFBF9}.Release|x64.ActiveCfg = Release|Any CPU
		{BA2039DB-765E-497E-91CF-A8CBCB3EFBF9}.Release|x64.Build.0 = Release|Any CPU
		{BA2039DB-765E-497E-91CF-A8CBCB3EFBF9}.Release|x86.ActiveCfg = Release|Any CPU
		{BA2039DB-765E-497E-91CF-A8CBCB3EFBF9}.Release|x86.Build.0 = Release|Any CPU
		{FA4F4248-FCAC-435F-AF6B-F6069FD008FF}.Debug|Any CPU.ActiveCfg = Debug|Any CPU
		{FA4F4248-FCAC-435F-AF6B-F6069FD008FF}.Debug|Any CPU.Build.0 = Debug|Any CPU
		{FA4F4248-FCAC-435F-AF6B-F6069FD008FF}.Debug|x64.ActiveCfg = Debug|Any CPU
		{FA4F4248-FCAC-435F-AF6B-F6069FD008FF}.Debug|x64.Build.0 = Debug|Any CPU
		{FA4F4248-FCAC-435F-AF6B-F6069FD008FF}.Debug|x86.ActiveCfg = Debug|Any CPU
		{FA4F4248-FCAC-435F-AF6B-F6069FD008FF}.Debug|x86.Build.0 = Debug|Any CPU
		{FA4F4248-FCAC-435F-AF6B-F6069FD008FF}.Release|Any CPU.ActiveCfg = Release|Any CPU
		{FA4F4248-FCAC-435F-AF6B-F6069FD008FF}.Release|Any CPU.Build.0 = Release|Any CPU
		{FA4F4248-FCAC-435F-AF6B-F6069FD008FF}.Release|x64.ActiveCfg = Release|Any CPU
		{FA4F4248-FCAC-435F-AF6B-F6069FD008FF}.Release|x64.Build.0 = Release|Any CPU
		{FA4F4248-FCAC-435F-AF6B-F6069FD008FF}.Release|x86.ActiveCfg = Release|Any CPU
		{FA4F4248-FCAC-435F-AF6B-F6069FD008FF}.Release|x86.Build.0 = Release|Any CPU
		{89867BAD-C338-4FD5-B896-C940047CCFD5}.Debug|Any CPU.ActiveCfg = Debug|Any CPU
		{89867BAD-C338-4FD5-B896-C940047CCFD5}.Debug|Any CPU.Build.0 = Debug|Any CPU
		{89867BAD-C338-4FD5-B896-C940047CCFD5}.Debug|x64.ActiveCfg = Debug|Any CPU
		{89867BAD-C338-4FD5-B896-C940047CCFD5}.Debug|x64.Build.0 = Debug|Any CPU
		{89867BAD-C338-4FD5-B896-C940047CCFD5}.Debug|x86.ActiveCfg = Debug|Any CPU
		{89867BAD-C338-4FD5-B896-C940047CCFD5}.Debug|x86.Build.0 = Debug|Any CPU
		{89867BAD-C338-4FD5-B896-C940047CCFD5}.Release|Any CPU.ActiveCfg = Release|Any CPU
		{89867BAD-C338-4FD5-B896-C940047CCFD5}.Release|Any CPU.Build.0 = Release|Any CPU
		{89867BAD-C338-4FD5-B896-C940047CCFD5}.Release|x64.ActiveCfg = Release|Any CPU
		{89867BAD-C338-4FD5-B896-C940047CCFD5}.Release|x64.Build.0 = Release|Any CPU
		{89867BAD-C338-4FD5-B896-C940047CCFD5}.Release|x86.ActiveCfg = Release|Any CPU
		{89867BAD-C338-4FD5-B896-C940047CCFD5}.Release|x86.Build.0 = Release|Any CPU
		{118C6B97-78D4-4247-816A-604E13859885}.Debug|Any CPU.ActiveCfg = Debug|Any CPU
		{118C6B97-78D4-4247-816A-604E13859885}.Debug|Any CPU.Build.0 = Debug|Any CPU
		{118C6B97-78D4-4247-816A-604E13859885}.Debug|x64.ActiveCfg = Debug|Any CPU
		{118C6B97-78D4-4247-816A-604E13859885}.Debug|x64.Build.0 = Debug|Any CPU
		{118C6B97-78D4-4247-816A-604E13859885}.Debug|x86.ActiveCfg = Debug|Any CPU
		{118C6B97-78D4-4247-816A-604E13859885}.Debug|x86.Build.0 = Debug|Any CPU
		{118C6B97-78D4-4247-816A-604E13859885}.Release|Any CPU.ActiveCfg = Release|Any CPU
		{118C6B97-78D4-4247-816A-604E13859885}.Release|Any CPU.Build.0 = Release|Any CPU
		{118C6B97-78D4-4247-816A-604E13859885}.Release|x64.ActiveCfg = Release|Any CPU
		{118C6B97-78D4-4247-816A-604E13859885}.Release|x64.Build.0 = Release|Any CPU
		{118C6B97-78D4-4247-816A-604E13859885}.Release|x86.ActiveCfg = Release|Any CPU
		{118C6B97-78D4-4247-816A-604E13859885}.Release|x86.Build.0 = Release|Any CPU
		{ECC9E290-C809-401D-BA17-08F11EC47797}.Debug|Any CPU.ActiveCfg = Debug|Any CPU
		{ECC9E290-C809-401D-BA17-08F11EC47797}.Debug|Any CPU.Build.0 = Debug|Any CPU
		{ECC9E290-C809-401D-BA17-08F11EC47797}.Debug|x64.ActiveCfg = Debug|Any CPU
		{ECC9E290-C809-401D-BA17-08F11EC47797}.Debug|x64.Build.0 = Debug|Any CPU
		{ECC9E290-C809-401D-BA17-08F11EC47797}.Debug|x86.ActiveCfg = Debug|Any CPU
		{ECC9E290-C809-401D-BA17-08F11EC47797}.Debug|x86.Build.0 = Debug|Any CPU
		{ECC9E290-C809-401D-BA17-08F11EC47797}.Release|Any CPU.ActiveCfg = Release|Any CPU
		{ECC9E290-C809-401D-BA17-08F11EC47797}.Release|Any CPU.Build.0 = Release|Any CPU
		{ECC9E290-C809-401D-BA17-08F11EC47797}.Release|x64.ActiveCfg = Release|Any CPU
		{ECC9E290-C809-401D-BA17-08F11EC47797}.Release|x64.Build.0 = Release|Any CPU
		{ECC9E290-C809-401D-BA17-08F11EC47797}.Release|x86.ActiveCfg = Release|Any CPU
		{ECC9E290-C809-401D-BA17-08F11EC47797}.Release|x86.Build.0 = Release|Any CPU
		{2F520315-DE69-4AF4-90FB-A7128B8DF89B}.Debug|Any CPU.ActiveCfg = Debug|Any CPU
		{2F520315-DE69-4AF4-90FB-A7128B8DF89B}.Debug|Any CPU.Build.0 = Debug|Any CPU
		{2F520315-DE69-4AF4-90FB-A7128B8DF89B}.Debug|x64.ActiveCfg = Debug|Any CPU
		{2F520315-DE69-4AF4-90FB-A7128B8DF89B}.Debug|x64.Build.0 = Debug|Any CPU
		{2F520315-DE69-4AF4-90FB-A7128B8DF89B}.Debug|x86.ActiveCfg = Debug|Any CPU
		{2F520315-DE69-4AF4-90FB-A7128B8DF89B}.Debug|x86.Build.0 = Debug|Any CPU
		{2F520315-DE69-4AF4-90FB-A7128B8DF89B}.Release|Any CPU.ActiveCfg = Release|Any CPU
		{2F520315-DE69-4AF4-90FB-A7128B8DF89B}.Release|Any CPU.Build.0 = Release|Any CPU
		{2F520315-DE69-4AF4-90FB-A7128B8DF89B}.Release|x64.ActiveCfg = Release|Any CPU
		{2F520315-DE69-4AF4-90FB-A7128B8DF89B}.Release|x64.Build.0 = Release|Any CPU
		{2F520315-DE69-4AF4-90FB-A7128B8DF89B}.Release|x86.ActiveCfg = Release|Any CPU
		{2F520315-DE69-4AF4-90FB-A7128B8DF89B}.Release|x86.Build.0 = Release|Any CPU
	EndGlobalSection
	GlobalSection(SolutionProperties) = preSolution
		HideSolutionNode = FALSE
	EndGlobalSection
	GlobalSection(ExtensibilityGlobals) = postSolution
		SolutionGuid = {A743AF29-ABA0-4AF9-8037-6F167346044D}
	EndGlobalSection
EndGlobal
