
Microsoft Visual Studio Solution File, Format Version 12.00
# Visual Studio Version 16
VisualStudioVersion = 16.0.30717.126
MinimumVisualStudioVersion = 15.0.26124.0
Project("{9A19103F-16F7-4668-BE54-9A1E7A4F7556}") = "Day1", "Day1\Day1.csproj", "{06DFE80A-E2FE-4A38-9CE2-5A64A649F618}"
EndProject
Project("{9A19103F-16F7-4668-BE54-9A1E7A4F7556}") = "Day2", "Day2\Day2.csproj", "{30249EEE-BA5E-467F-B454-452AEAC3EB88}"
EndProject
Project("{9A19103F-16F7-4668-BE54-9A1E7A4F7556}") = "Day3", "Day3\Day3.csproj", "{62BFE497-9C78-41CF-92B6-72E269CAC954}"
EndProject
Project("{9A19103F-16F7-4668-BE54-9A1E7A4F7556}") = "Day4", "Day4\Day4.csproj", "{0AFAD0A0-F27D-4EF7-9CD7-8EDA8EB77AD7}"
EndProject
Project("{9A19103F-16F7-4668-BE54-9A1E7A4F7556}") = "Day5", "Day5\Day5.csproj", "{A4756561-0313-4D7E-8DF1-6C18329A5CAB}"
EndProject
Project("{9A19103F-16F7-4668-BE54-9A1E7A4F7556}") = "Day6", "Day6\Day6.csproj", "{F58BFD77-04CA-40CA-9367-ACFD6D607D34}"
EndProject
Project("{9A19103F-16F7-4668-BE54-9A1E7A4F7556}") = "Day7", "Day7\Day7.csproj", "{1A4FCFB9-15DA-45D3-B67F-E3B89071E59B}"
EndProject
Global
	GlobalSection(SolutionConfigurationPlatforms) = preSolution
		Debug|Any CPU = Debug|Any CPU
		Debug|x64 = Debug|x64
		Debug|x86 = Debug|x86
		Release|Any CPU = Release|Any CPU
		Release|x64 = Release|x64
		Release|x86 = Release|x86
	EndGlobalSection
	GlobalSection(ProjectConfigurationPlatforms) = postSolution
		{06DFE80A-E2FE-4A38-9CE2-5A64A649F618}.Debug|Any CPU.ActiveCfg = Debug|Any CPU
		{06DFE80A-E2FE-4A38-9CE2-5A64A649F618}.Debug|Any CPU.Build.0 = Debug|Any CPU
		{06DFE80A-E2FE-4A38-9CE2-5A64A649F618}.Debug|x64.ActiveCfg = Debug|Any CPU
		{06DFE80A-E2FE-4A38-9CE2-5A64A649F618}.Debug|x64.Build.0 = Debug|Any CPU
		{06DFE80A-E2FE-4A38-9CE2-5A64A649F618}.Debug|x86.ActiveCfg = Debug|Any CPU
		{06DFE80A-E2FE-4A38-9CE2-5A64A649F618}.Debug|x86.Build.0 = Debug|Any CPU
		{06DFE80A-E2FE-4A38-9CE2-5A64A649F618}.Release|Any CPU.ActiveCfg = Release|Any CPU
		{06DFE80A-E2FE-4A38-9CE2-5A64A649F618}.Release|Any CPU.Build.0 = Release|Any CPU
		{06DFE80A-E2FE-4A38-9CE2-5A64A649F618}.Release|x64.ActiveCfg = Release|Any CPU
		{06DFE80A-E2FE-4A38-9CE2-5A64A649F618}.Release|x64.Build.0 = Release|Any CPU
		{06DFE80A-E2FE-4A38-9CE2-5A64A649F618}.Release|x86.ActiveCfg = Release|Any CPU
		{06DFE80A-E2FE-4A38-9CE2-5A64A649F618}.Release|x86.Build.0 = Release|Any CPU
		{30249EEE-BA5E-467F-B454-452AEAC3EB88}.Debug|Any CPU.ActiveCfg = Debug|Any CPU
		{30249EEE-BA5E-467F-B454-452AEAC3EB88}.Debug|Any CPU.Build.0 = Debug|Any CPU
		{30249EEE-BA5E-467F-B454-452AEAC3EB88}.Debug|x64.ActiveCfg = Debug|Any CPU
		{30249EEE-BA5E-467F-B454-452AEAC3EB88}.Debug|x64.Build.0 = Debug|Any CPU
		{30249EEE-BA5E-467F-B454-452AEAC3EB88}.Debug|x86.ActiveCfg = Debug|Any CPU
		{30249EEE-BA5E-467F-B454-452AEAC3EB88}.Debug|x86.Build.0 = Debug|Any CPU
		{30249EEE-BA5E-467F-B454-452AEAC3EB88}.Release|Any CPU.ActiveCfg = Release|Any CPU
		{30249EEE-BA5E-467F-B454-452AEAC3EB88}.Release|Any CPU.Build.0 = Release|Any CPU
		{30249EEE-BA5E-467F-B454-452AEAC3EB88}.Release|x64.ActiveCfg = Release|Any CPU
		{30249EEE-BA5E-467F-B454-452AEAC3EB88}.Release|x64.Build.0 = Release|Any CPU
		{30249EEE-BA5E-467F-B454-452AEAC3EB88}.Release|x86.ActiveCfg = Release|Any CPU
		{30249EEE-BA5E-467F-B454-452AEAC3EB88}.Release|x86.Build.0 = Release|Any CPU
		{62BFE497-9C78-41CF-92B6-72E269CAC954}.Debug|Any CPU.ActiveCfg = Debug|Any CPU
		{62BFE497-9C78-41CF-92B6-72E269CAC954}.Debug|Any CPU.Build.0 = Debug|Any CPU
		{62BFE497-9C78-41CF-92B6-72E269CAC954}.Debug|x64.ActiveCfg = Debug|Any CPU
		{62BFE497-9C78-41CF-92B6-72E269CAC954}.Debug|x64.Build.0 = Debug|Any CPU
		{62BFE497-9C78-41CF-92B6-72E269CAC954}.Debug|x86.ActiveCfg = Debug|Any CPU
		{62BFE497-9C78-41CF-92B6-72E269CAC954}.Debug|x86.Build.0 = Debug|Any CPU
		{62BFE497-9C78-41CF-92B6-72E269CAC954}.Release|Any CPU.ActiveCfg = Release|Any CPU
		{62BFE497-9C78-41CF-92B6-72E269CAC954}.Release|Any CPU.Build.0 = Release|Any CPU
		{62BFE497-9C78-41CF-92B6-72E269CAC954}.Release|x64.ActiveCfg = Release|Any CPU
		{62BFE497-9C78-41CF-92B6-72E269CAC954}.Release|x64.Build.0 = Release|Any CPU
		{62BFE497-9C78-41CF-92B6-72E269CAC954}.Release|x86.ActiveCfg = Release|Any CPU
		{62BFE497-9C78-41CF-92B6-72E269CAC954}.Release|x86.Build.0 = Release|Any CPU
		{0AFAD0A0-F27D-4EF7-9CD7-8EDA8EB77AD7}.Debug|Any CPU.ActiveCfg = Debug|Any CPU
		{0AFAD0A0-F27D-4EF7-9CD7-8EDA8EB77AD7}.Debug|Any CPU.Build.0 = Debug|Any CPU
		{0AFAD0A0-F27D-4EF7-9CD7-8EDA8EB77AD7}.Debug|x64.ActiveCfg = Debug|Any CPU
		{0AFAD0A0-F27D-4EF7-9CD7-8EDA8EB77AD7}.Debug|x64.Build.0 = Debug|Any CPU
		{0AFAD0A0-F27D-4EF7-9CD7-8EDA8EB77AD7}.Debug|x86.ActiveCfg = Debug|Any CPU
		{0AFAD0A0-F27D-4EF7-9CD7-8EDA8EB77AD7}.Debug|x86.Build.0 = Debug|Any CPU
		{0AFAD0A0-F27D-4EF7-9CD7-8EDA8EB77AD7}.Release|Any CPU.ActiveCfg = Release|Any CPU
		{0AFAD0A0-F27D-4EF7-9CD7-8EDA8EB77AD7}.Release|Any CPU.Build.0 = Release|Any CPU
		{0AFAD0A0-F27D-4EF7-9CD7-8EDA8EB77AD7}.Release|x64.ActiveCfg = Release|Any CPU
		{0AFAD0A0-F27D-4EF7-9CD7-8EDA8EB77AD7}.Release|x64.Build.0 = Release|Any CPU
		{0AFAD0A0-F27D-4EF7-9CD7-8EDA8EB77AD7}.Release|x86.ActiveCfg = Release|Any CPU
		{0AFAD0A0-F27D-4EF7-9CD7-8EDA8EB77AD7}.Release|x86.Build.0 = Release|Any CPU
		{A4756561-0313-4D7E-8DF1-6C18329A5CAB}.Debug|Any CPU.ActiveCfg = Debug|Any CPU
		{A4756561-0313-4D7E-8DF1-6C18329A5CAB}.Debug|Any CPU.Build.0 = Debug|Any CPU
		{A4756561-0313-4D7E-8DF1-6C18329A5CAB}.Debug|x64.ActiveCfg = Debug|Any CPU
		{A4756561-0313-4D7E-8DF1-6C18329A5CAB}.Debug|x64.Build.0 = Debug|Any CPU
		{A4756561-0313-4D7E-8DF1-6C18329A5CAB}.Debug|x86.ActiveCfg = Debug|Any CPU
		{A4756561-0313-4D7E-8DF1-6C18329A5CAB}.Debug|x86.Build.0 = Debug|Any CPU
		{A4756561-0313-4D7E-8DF1-6C18329A5CAB}.Release|Any CPU.ActiveCfg = Release|Any CPU
		{A4756561-0313-4D7E-8DF1-6C18329A5CAB}.Release|Any CPU.Build.0 = Release|Any CPU
		{A4756561-0313-4D7E-8DF1-6C18329A5CAB}.Release|x64.ActiveCfg = Release|Any CPU
		{A4756561-0313-4D7E-8DF1-6C18329A5CAB}.Release|x64.Build.0 = Release|Any CPU
		{A4756561-0313-4D7E-8DF1-6C18329A5CAB}.Release|x86.ActiveCfg = Release|Any CPU
		{A4756561-0313-4D7E-8DF1-6C18329A5CAB}.Release|x86.Build.0 = Release|Any CPU
		{F58BFD77-04CA-40CA-9367-ACFD6D607D34}.Debug|Any CPU.ActiveCfg = Debug|Any CPU
		{F58BFD77-04CA-40CA-9367-ACFD6D607D34}.Debug|Any CPU.Build.0 = Debug|Any CPU
		{F58BFD77-04CA-40CA-9367-ACFD6D607D34}.Debug|x64.ActiveCfg = Debug|Any CPU
		{F58BFD77-04CA-40CA-9367-ACFD6D607D34}.Debug|x64.Build.0 = Debug|Any CPU
		{F58BFD77-04CA-40CA-9367-ACFD6D607D34}.Debug|x86.ActiveCfg = Debug|Any CPU
		{F58BFD77-04CA-40CA-9367-ACFD6D607D34}.Debug|x86.Build.0 = Debug|Any CPU
		{F58BFD77-04CA-40CA-9367-ACFD6D607D34}.Release|Any CPU.ActiveCfg = Release|Any CPU
		{F58BFD77-04CA-40CA-9367-ACFD6D607D34}.Release|Any CPU.Build.0 = Release|Any CPU
		{F58BFD77-04CA-40CA-9367-ACFD6D607D34}.Release|x64.ActiveCfg = Release|Any CPU
		{F58BFD77-04CA-40CA-9367-ACFD6D607D34}.Release|x64.Build.0 = Release|Any CPU
		{F58BFD77-04CA-40CA-9367-ACFD6D607D34}.Release|x86.ActiveCfg = Release|Any CPU
		{F58BFD77-04CA-40CA-9367-ACFD6D607D34}.Release|x86.Build.0 = Release|Any CPU
		{1A4FCFB9-15DA-45D3-B67F-E3B89071E59B}.Debug|Any CPU.ActiveCfg = Debug|Any CPU
		{1A4FCFB9-15DA-45D3-B67F-E3B89071E59B}.Debug|Any CPU.Build.0 = Debug|Any CPU
		{1A4FCFB9-15DA-45D3-B67F-E3B89071E59B}.Debug|x64.ActiveCfg = Debug|Any CPU
		{1A4FCFB9-15DA-45D3-B67F-E3B89071E59B}.Debug|x64.Build.0 = Debug|Any CPU
		{1A4FCFB9-15DA-45D3-B67F-E3B89071E59B}.Debug|x86.ActiveCfg = Debug|Any CPU
		{1A4FCFB9-15DA-45D3-B67F-E3B89071E59B}.Debug|x86.Build.0 = Debug|Any CPU
		{1A4FCFB9-15DA-45D3-B67F-E3B89071E59B}.Release|Any CPU.ActiveCfg = Release|Any CPU
		{1A4FCFB9-15DA-45D3-B67F-E3B89071E59B}.Release|Any CPU.Build.0 = Release|Any CPU
		{1A4FCFB9-15DA-45D3-B67F-E3B89071E59B}.Release|x64.ActiveCfg = Release|Any CPU
		{1A4FCFB9-15DA-45D3-B67F-E3B89071E59B}.Release|x64.Build.0 = Release|Any CPU
		{1A4FCFB9-15DA-45D3-B67F-E3B89071E59B}.Release|x86.ActiveCfg = Release|Any CPU
		{1A4FCFB9-15DA-45D3-B67F-E3B89071E59B}.Release|x86.Build.0 = Release|Any CPU
	EndGlobalSection
	GlobalSection(SolutionProperties) = preSolution
		HideSolutionNode = FALSE
	EndGlobalSection
	GlobalSection(ExtensibilityGlobals) = postSolution
		SolutionGuid = {A743AF29-ABA0-4AF9-8037-6F167346044D}
	EndGlobalSection
EndGlobal
