
Microsoft Visual Studio Solution File, Format Version 12.00
# Visual Studio Version 17
VisualStudioVersion = 17.1.31911.260
MinimumVisualStudioVersion = 10.0.40219.1
Project("{9A19103F-16F7-4668-BE54-9A1E7A4F7556}") = "AOCApp", "AOCApp\AOCApp.csproj", "{22F03DF2-68DA-46AF-8D6A-7762A0359B09}"
	ProjectSection(ProjectDependencies) = postProject
		{F5AA9295-37EA-4CD1-B769-4929CD7E97DF} = {F5AA9295-37EA-4CD1-B769-4929CD7E97DF}
	EndProjectSection
EndProject
Project("{9A19103F-16F7-4668-BE54-9A1E7A4F7556}") = "AOCCommon", "Common\AOCCommon.csproj", "{99FCF2B9-5F19-4267-A6EE-7C62B774FB0E}"
EndProject
Project("{2150E333-8FDC-42A3-9474-1A3956D46DE8}") = "Solutions", "Solutions", "{743080BB-3327-4673-9CE5-2F08EB894049}"
EndProject
Project("{9A19103F-16F7-4668-BE54-9A1E7A4F7556}") = "Day00", "Solutions\Day00\Day00.csproj", "{F5AA9295-37EA-4CD1-B769-4929CD7E97DF}"
EndProject
Project("{9A19103F-16F7-4668-BE54-9A1E7A4F7556}") = "Day01", "Solutions\Day01\Day01.csproj", "{5AB35CED-0EC1-4E08-92E3-0CBA6831846F}"
EndProject
Project("{9A19103F-16F7-4668-BE54-9A1E7A4F7556}") = "Day02", "Solutions\Day02\Day02.csproj", "{3339C6B8-EEB6-4A6B-98C0-D6B7DEF0D187}"
EndProject
Project("{9A19103F-16F7-4668-BE54-9A1E7A4F7556}") = "Day03", "Solutions\Day03\Day03.csproj", "{C1F2182E-8321-4FC2-A34A-7F6E4FBB6B8E}"
EndProject
Project("{9A19103F-16F7-4668-BE54-9A1E7A4F7556}") = "Day04", "Solutions\Day04\Day04.csproj", "{84AA5982-559F-48EA-89DB-54D5BC5F3571}"
EndProject
Project("{9A19103F-16F7-4668-BE54-9A1E7A4F7556}") = "Day05", "Solutions\Day05\Day05.csproj", "{8650DC9E-C75D-4854-9B59-34E54D87F4D3}"
EndProject
Project("{9A19103F-16F7-4668-BE54-9A1E7A4F7556}") = "Day06", "Solutions\Day06\Day06.csproj", "{73C86904-3086-4517-9076-0D39EFDA7887}"
EndProject
Project("{9A19103F-16F7-4668-BE54-9A1E7A4F7556}") = "Day07", "Solutions\Day07\Day07.csproj", "{140CE4AA-4B4A-4805-9FDB-AD9D8424984F}"
EndProject
Project("{9A19103F-16F7-4668-BE54-9A1E7A4F7556}") = "Day08", "Solutions\Day08\Day08.csproj", "{4470AE7D-3AE9-4070-8141-409D10350191}"
EndProject
Global
	GlobalSection(SolutionConfigurationPlatforms) = preSolution
		Debug|Any CPU = Debug|Any CPU
		Release|Any CPU = Release|Any CPU
	EndGlobalSection
	GlobalSection(ProjectConfigurationPlatforms) = postSolution
		{22F03DF2-68DA-46AF-8D6A-7762A0359B09}.Debug|Any CPU.ActiveCfg = Debug|Any CPU
		{22F03DF2-68DA-46AF-8D6A-7762A0359B09}.Debug|Any CPU.Build.0 = Debug|Any CPU
		{22F03DF2-68DA-46AF-8D6A-7762A0359B09}.Release|Any CPU.ActiveCfg = Release|Any CPU
		{22F03DF2-68DA-46AF-8D6A-7762A0359B09}.Release|Any CPU.Build.0 = Release|Any CPU
		{99FCF2B9-5F19-4267-A6EE-7C62B774FB0E}.Debug|Any CPU.ActiveCfg = Debug|Any CPU
		{99FCF2B9-5F19-4267-A6EE-7C62B774FB0E}.Debug|Any CPU.Build.0 = Debug|Any CPU
		{99FCF2B9-5F19-4267-A6EE-7C62B774FB0E}.Release|Any CPU.ActiveCfg = Release|Any CPU
		{99FCF2B9-5F19-4267-A6EE-7C62B774FB0E}.Release|Any CPU.Build.0 = Release|Any CPU
		{F5AA9295-37EA-4CD1-B769-4929CD7E97DF}.Debug|Any CPU.ActiveCfg = Debug|Any CPU
		{F5AA9295-37EA-4CD1-B769-4929CD7E97DF}.Debug|Any CPU.Build.0 = Debug|Any CPU
		{F5AA9295-37EA-4CD1-B769-4929CD7E97DF}.Release|Any CPU.ActiveCfg = Release|Any CPU
		{F5AA9295-37EA-4CD1-B769-4929CD7E97DF}.Release|Any CPU.Build.0 = Release|Any CPU
		{5AB35CED-0EC1-4E08-92E3-0CBA6831846F}.Debug|Any CPU.ActiveCfg = Debug|Any CPU
		{5AB35CED-0EC1-4E08-92E3-0CBA6831846F}.Debug|Any CPU.Build.0 = Debug|Any CPU
		{5AB35CED-0EC1-4E08-92E3-0CBA6831846F}.Release|Any CPU.ActiveCfg = Release|Any CPU
		{5AB35CED-0EC1-4E08-92E3-0CBA6831846F}.Release|Any CPU.Build.0 = Release|Any CPU
		{3339C6B8-EEB6-4A6B-98C0-D6B7DEF0D187}.Debug|Any CPU.ActiveCfg = Debug|Any CPU
		{3339C6B8-EEB6-4A6B-98C0-D6B7DEF0D187}.Debug|Any CPU.Build.0 = Debug|Any CPU
		{3339C6B8-EEB6-4A6B-98C0-D6B7DEF0D187}.Release|Any CPU.ActiveCfg = Release|Any CPU
		{3339C6B8-EEB6-4A6B-98C0-D6B7DEF0D187}.Release|Any CPU.Build.0 = Release|Any CPU
		{C1F2182E-8321-4FC2-A34A-7F6E4FBB6B8E}.Debug|Any CPU.ActiveCfg = Debug|Any CPU
		{C1F2182E-8321-4FC2-A34A-7F6E4FBB6B8E}.Debug|Any CPU.Build.0 = Debug|Any CPU
		{C1F2182E-8321-4FC2-A34A-7F6E4FBB6B8E}.Release|Any CPU.ActiveCfg = Release|Any CPU
		{C1F2182E-8321-4FC2-A34A-7F6E4FBB6B8E}.Release|Any CPU.Build.0 = Release|Any CPU
		{84AA5982-559F-48EA-89DB-54D5BC5F3571}.Debug|Any CPU.ActiveCfg = Debug|Any CPU
		{84AA5982-559F-48EA-89DB-54D5BC5F3571}.Debug|Any CPU.Build.0 = Debug|Any CPU
		{84AA5982-559F-48EA-89DB-54D5BC5F3571}.Release|Any CPU.ActiveCfg = Release|Any CPU
		{84AA5982-559F-48EA-89DB-54D5BC5F3571}.Release|Any CPU.Build.0 = Release|Any CPU
		{8650DC9E-C75D-4854-9B59-34E54D87F4D3}.Debug|Any CPU.ActiveCfg = Debug|Any CPU
		{8650DC9E-C75D-4854-9B59-34E54D87F4D3}.Debug|Any CPU.Build.0 = Debug|Any CPU
		{8650DC9E-C75D-4854-9B59-34E54D87F4D3}.Release|Any CPU.ActiveCfg = Release|Any CPU
		{8650DC9E-C75D-4854-9B59-34E54D87F4D3}.Release|Any CPU.Build.0 = Release|Any CPU
		{73C86904-3086-4517-9076-0D39EFDA7887}.Debug|Any CPU.ActiveCfg = Debug|Any CPU
		{73C86904-3086-4517-9076-0D39EFDA7887}.Debug|Any CPU.Build.0 = Debug|Any CPU
		{73C86904-3086-4517-9076-0D39EFDA7887}.Release|Any CPU.ActiveCfg = Release|Any CPU
		{73C86904-3086-4517-9076-0D39EFDA7887}.Release|Any CPU.Build.0 = Release|Any CPU
		{140CE4AA-4B4A-4805-9FDB-AD9D8424984F}.Debug|Any CPU.ActiveCfg = Debug|Any CPU
		{140CE4AA-4B4A-4805-9FDB-AD9D8424984F}.Debug|Any CPU.Build.0 = Debug|Any CPU
		{140CE4AA-4B4A-4805-9FDB-AD9D8424984F}.Release|Any CPU.ActiveCfg = Release|Any CPU
		{140CE4AA-4B4A-4805-9FDB-AD9D8424984F}.Release|Any CPU.Build.0 = Release|Any CPU
		{4470AE7D-3AE9-4070-8141-409D10350191}.Debug|Any CPU.ActiveCfg = Debug|Any CPU
		{4470AE7D-3AE9-4070-8141-409D10350191}.Debug|Any CPU.Build.0 = Debug|Any CPU
		{4470AE7D-3AE9-4070-8141-409D10350191}.Release|Any CPU.ActiveCfg = Release|Any CPU
		{4470AE7D-3AE9-4070-8141-409D10350191}.Release|Any CPU.Build.0 = Release|Any CPU
	EndGlobalSection
	GlobalSection(SolutionProperties) = preSolution
		HideSolutionNode = FALSE
	EndGlobalSection
	GlobalSection(NestedProjects) = preSolution
		{F5AA9295-37EA-4CD1-B769-4929CD7E97DF} = {743080BB-3327-4673-9CE5-2F08EB894049}
		{5AB35CED-0EC1-4E08-92E3-0CBA6831846F} = {743080BB-3327-4673-9CE5-2F08EB894049}
		{3339C6B8-EEB6-4A6B-98C0-D6B7DEF0D187} = {743080BB-3327-4673-9CE5-2F08EB894049}
		{C1F2182E-8321-4FC2-A34A-7F6E4FBB6B8E} = {743080BB-3327-4673-9CE5-2F08EB894049}
		{84AA5982-559F-48EA-89DB-54D5BC5F3571} = {743080BB-3327-4673-9CE5-2F08EB894049}
		{8650DC9E-C75D-4854-9B59-34E54D87F4D3} = {743080BB-3327-4673-9CE5-2F08EB894049}
		{73C86904-3086-4517-9076-0D39EFDA7887} = {743080BB-3327-4673-9CE5-2F08EB894049}
		{140CE4AA-4B4A-4805-9FDB-AD9D8424984F} = {743080BB-3327-4673-9CE5-2F08EB894049}
		{4470AE7D-3AE9-4070-8141-409D10350191} = {743080BB-3327-4673-9CE5-2F08EB894049}
	EndGlobalSection
	GlobalSection(ExtensibilityGlobals) = postSolution
		SolutionGuid = {00F2C023-F6C2-44FC-81BB-A4B02282B532}
	EndGlobalSection
EndGlobal
