
Microsoft Visual Studio Solution File, Format Version 12.00
# Visual Studio Version 17
VisualStudioVersion = 17.1.31911.260
MinimumVisualStudioVersion = 10.0.40219.1
Project("{9A19103F-16F7-4668-BE54-9A1E7A4F7556}") = "Day01", "Day01\Day01.csproj", "{67EFE603-08DE-4CF9-B1F2-8508E1BF4D2B}"
EndProject
Project("{9A19103F-16F7-4668-BE54-9A1E7A4F7556}") = "Day02", "Day02\Day02.csproj", "{8EADF79D-9ACB-4CF0-8A3A-263366B88BD2}"
EndProject
Project("{9A19103F-16F7-4668-BE54-9A1E7A4F7556}") = "Day03", "Day03\Day03.csproj", "{012BBED9-A469-4847-A0C7-662324496636}"
EndProject
Project("{9A19103F-16F7-4668-BE54-9A1E7A4F7556}") = "Day04", "Day04\Day04.csproj", "{DB2DEEFB-1269-46A4-925F-29CE70E39BBE}"
EndProject
Project("{9A19103F-16F7-4668-BE54-9A1E7A4F7556}") = "Day05", "Day05\Day05.csproj", "{66572308-2DD2-4070-A2B8-D48FDBCB6130}"
EndProject
Project("{9A19103F-16F7-4668-BE54-9A1E7A4F7556}") = "Day06", "Day06\Day06.csproj", "{B8C0DADE-440E-4DD2-A195-CD5FCDE7ACC9}"
EndProject
Project("{9A19103F-16F7-4668-BE54-9A1E7A4F7556}") = "Day07", "Day07\Day07.csproj", "{D0F09D49-4CCB-4B40-8DE7-FD93A0AA2582}"
EndProject
Project("{9A19103F-16F7-4668-BE54-9A1E7A4F7556}") = "Day08", "Day08\Day08.csproj", "{C61789C3-3756-4E59-8282-43978FE1D2D1}"
EndProject
Project("{9A19103F-16F7-4668-BE54-9A1E7A4F7556}") = "Day09", "Day09\Day09.csproj", "{6DA38E35-CFBC-46A6-AD96-1ABC87685CED}"
EndProject
Project("{9A19103F-16F7-4668-BE54-9A1E7A4F7556}") = "Day10", "Day10\Day10.csproj", "{7F460D54-E7FB-4E30-BE89-8430C81D3AE6}"
EndProject
Project("{9A19103F-16F7-4668-BE54-9A1E7A4F7556}") = "Day11", "Day11\Day11.csproj", "{0406496A-B728-4611-82FE-A63D62EA0279}"
EndProject
Global
	GlobalSection(SolutionConfigurationPlatforms) = preSolution
		Debug|Any CPU = Debug|Any CPU
		Release|Any CPU = Release|Any CPU
	EndGlobalSection
	GlobalSection(ProjectConfigurationPlatforms) = postSolution
		{67EFE603-08DE-4CF9-B1F2-8508E1BF4D2B}.Debug|Any CPU.ActiveCfg = Debug|Any CPU
		{67EFE603-08DE-4CF9-B1F2-8508E1BF4D2B}.Debug|Any CPU.Build.0 = Debug|Any CPU
		{67EFE603-08DE-4CF9-B1F2-8508E1BF4D2B}.Release|Any CPU.ActiveCfg = Release|Any CPU
		{67EFE603-08DE-4CF9-B1F2-8508E1BF4D2B}.Release|Any CPU.Build.0 = Release|Any CPU
		{8EADF79D-9ACB-4CF0-8A3A-263366B88BD2}.Debug|Any CPU.ActiveCfg = Debug|Any CPU
		{8EADF79D-9ACB-4CF0-8A3A-263366B88BD2}.Debug|Any CPU.Build.0 = Debug|Any CPU
		{8EADF79D-9ACB-4CF0-8A3A-263366B88BD2}.Release|Any CPU.ActiveCfg = Release|Any CPU
		{8EADF79D-9ACB-4CF0-8A3A-263366B88BD2}.Release|Any CPU.Build.0 = Release|Any CPU
		{012BBED9-A469-4847-A0C7-662324496636}.Debug|Any CPU.ActiveCfg = Debug|Any CPU
		{012BBED9-A469-4847-A0C7-662324496636}.Debug|Any CPU.Build.0 = Debug|Any CPU
		{012BBED9-A469-4847-A0C7-662324496636}.Release|Any CPU.ActiveCfg = Release|Any CPU
		{012BBED9-A469-4847-A0C7-662324496636}.Release|Any CPU.Build.0 = Release|Any CPU
		{DB2DEEFB-1269-46A4-925F-29CE70E39BBE}.Debug|Any CPU.ActiveCfg = Debug|Any CPU
		{DB2DEEFB-1269-46A4-925F-29CE70E39BBE}.Debug|Any CPU.Build.0 = Debug|Any CPU
		{DB2DEEFB-1269-46A4-925F-29CE70E39BBE}.Release|Any CPU.ActiveCfg = Release|Any CPU
		{DB2DEEFB-1269-46A4-925F-29CE70E39BBE}.Release|Any CPU.Build.0 = Release|Any CPU
		{66572308-2DD2-4070-A2B8-D48FDBCB6130}.Debug|Any CPU.ActiveCfg = Debug|Any CPU
		{66572308-2DD2-4070-A2B8-D48FDBCB6130}.Debug|Any CPU.Build.0 = Debug|Any CPU
		{66572308-2DD2-4070-A2B8-D48FDBCB6130}.Release|Any CPU.ActiveCfg = Release|Any CPU
		{66572308-2DD2-4070-A2B8-D48FDBCB6130}.Release|Any CPU.Build.0 = Release|Any CPU
		{B8C0DADE-440E-4DD2-A195-CD5FCDE7ACC9}.Debug|Any CPU.ActiveCfg = Debug|Any CPU
		{B8C0DADE-440E-4DD2-A195-CD5FCDE7ACC9}.Debug|Any CPU.Build.0 = Debug|Any CPU
		{B8C0DADE-440E-4DD2-A195-CD5FCDE7ACC9}.Release|Any CPU.ActiveCfg = Release|Any CPU
		{B8C0DADE-440E-4DD2-A195-CD5FCDE7ACC9}.Release|Any CPU.Build.0 = Release|Any CPU
		{D0F09D49-4CCB-4B40-8DE7-FD93A0AA2582}.Debug|Any CPU.ActiveCfg = Debug|Any CPU
		{D0F09D49-4CCB-4B40-8DE7-FD93A0AA2582}.Debug|Any CPU.Build.0 = Debug|Any CPU
		{D0F09D49-4CCB-4B40-8DE7-FD93A0AA2582}.Release|Any CPU.ActiveCfg = Release|Any CPU
		{D0F09D49-4CCB-4B40-8DE7-FD93A0AA2582}.Release|Any CPU.Build.0 = Release|Any CPU
		{C61789C3-3756-4E59-8282-43978FE1D2D1}.Debug|Any CPU.ActiveCfg = Debug|Any CPU
		{C61789C3-3756-4E59-8282-43978FE1D2D1}.Debug|Any CPU.Build.0 = Debug|Any CPU
		{C61789C3-3756-4E59-8282-43978FE1D2D1}.Release|Any CPU.ActiveCfg = Release|Any CPU
		{C61789C3-3756-4E59-8282-43978FE1D2D1}.Release|Any CPU.Build.0 = Release|Any CPU
		{6DA38E35-CFBC-46A6-AD96-1ABC87685CED}.Debug|Any CPU.ActiveCfg = Debug|Any CPU
		{6DA38E35-CFBC-46A6-AD96-1ABC87685CED}.Debug|Any CPU.Build.0 = Debug|Any CPU
		{6DA38E35-CFBC-46A6-AD96-1ABC87685CED}.Release|Any CPU.ActiveCfg = Release|Any CPU
		{6DA38E35-CFBC-46A6-AD96-1ABC87685CED}.Release|Any CPU.Build.0 = Release|Any CPU
		{7F460D54-E7FB-4E30-BE89-8430C81D3AE6}.Debug|Any CPU.ActiveCfg = Debug|Any CPU
		{7F460D54-E7FB-4E30-BE89-8430C81D3AE6}.Debug|Any CPU.Build.0 = Debug|Any CPU
		{7F460D54-E7FB-4E30-BE89-8430C81D3AE6}.Release|Any CPU.ActiveCfg = Release|Any CPU
		{7F460D54-E7FB-4E30-BE89-8430C81D3AE6}.Release|Any CPU.Build.0 = Release|Any CPU
		{0406496A-B728-4611-82FE-A63D62EA0279}.Debug|Any CPU.ActiveCfg = Debug|Any CPU
		{0406496A-B728-4611-82FE-A63D62EA0279}.Debug|Any CPU.Build.0 = Debug|Any CPU
		{0406496A-B728-4611-82FE-A63D62EA0279}.Release|Any CPU.ActiveCfg = Release|Any CPU
		{0406496A-B728-4611-82FE-A63D62EA0279}.Release|Any CPU.Build.0 = Release|Any CPU
	EndGlobalSection
	GlobalSection(SolutionProperties) = preSolution
		HideSolutionNode = FALSE
	EndGlobalSection
	GlobalSection(ExtensibilityGlobals) = postSolution
		SolutionGuid = {8B70E42E-C678-4BBF-AA31-BB2A04950667}
	EndGlobalSection
EndGlobal
